// !$*UTF8*$!
{
	archiveVersion = 1;
	classes = {
	};
	objectVersion = 55;
	objects = {

/* Begin PBXBuildFile section */
		2EF6301862E4829A83B62BCB /* TurnConditionFinder.swift in Sources */ = {isa = PBXBuildFile; fileRef = 2EF6367475334DCEDA56EC04 /* TurnConditionFinder.swift */; };
		2EF63040402F834A53FB22C9 /* TowAngleDiffrencial.swift in Sources */ = {isa = PBXBuildFile; fileRef = 2EF63572FDBD6633BF2ABD50 /* TowAngleDiffrencial.swift */; };
		2EF6308666AB6503374D6276 /* ToneOutputUnit.swift in Sources */ = {isa = PBXBuildFile; fileRef = 2EF63E2977EBFB79A098F72C /* ToneOutputUnit.swift */; };
		2EF63089F090CAC8F3320A3B /* AverageAngleFinder.swift in Sources */ = {isa = PBXBuildFile; fileRef = 2EF63FE2A88409DB91599637 /* AverageAngleFinder.swift */; };
		2EF630B4854FD91E4C5B39B3 /* GarlandChecker.swift in Sources */ = {isa = PBXBuildFile; fileRef = 2EF63E76985242B236F88F28 /* GarlandChecker.swift */; };
		2EF630CB25D0A0B1D38568AD /* SimpleMovingAverage.swift in Sources */ = {isa = PBXBuildFile; fileRef = 2EF638B675848A6951C10522 /* SimpleMovingAverage.swift */; };
		2EF630E5E6C98B9812FFBD08 /* AccelerationForTargetAngle.swift in Sources */ = {isa = PBXBuildFile; fileRef = 2EF635822175156661826BB7 /* AccelerationForTargetAngle.swift */; };
		2EF630EA35632406C5F5F891 /* SimpleMovingAverage.swift in Sources */ = {isa = PBXBuildFile; fileRef = 2EF638B675848A6951C10522 /* SimpleMovingAverage.swift */; };
		2EF630F1D0A83744D2EA74FC /* MoveStopDiscriminator.swift in Sources */ = {isa = PBXBuildFile; fileRef = 2EF63F83B6DF65A01909BF6B /* MoveStopDiscriminator.swift */; };
		2EF630FC659F0A28F66A7F3F /* PhysicsConstants.swift in Sources */ = {isa = PBXBuildFile; fileRef = 2EF63E0E844EEB291D80B01E /* PhysicsConstants.swift */; };
		2EF63133EED5EB7E71956460 /* MoveStopDiscriminator.swift in Sources */ = {isa = PBXBuildFile; fileRef = 2EF63F83B6DF65A01909BF6B /* MoveStopDiscriminator.swift */; };
		2EF63149275626EA78BE9986 /* SimpleMovingAverage.swift in Sources */ = {isa = PBXBuildFile; fileRef = 2EF638B675848A6951C10522 /* SimpleMovingAverage.swift */; };
		2EF6317C4379BADACEFFE1CC /* PivotSlipScore.swift in Sources */ = {isa = PBXBuildFile; fileRef = 2EF63D175E7A78CA60A03654 /* PivotSlipScore.swift */; };
		2EF631B11228B943A5143E24 /* AverageAngleFinder.swift in Sources */ = {isa = PBXBuildFile; fileRef = 2EF63FE2A88409DB91599637 /* AverageAngleFinder.swift */; };
		2EF631B15A3B9665292A8B28 /* TowAngleDiffrencial.swift in Sources */ = {isa = PBXBuildFile; fileRef = 2EF63572FDBD6633BF2ABD50 /* TowAngleDiffrencial.swift */; };
		2EF631C863CB620AA3B13CE0 /* GarlandChecker.swift in Sources */ = {isa = PBXBuildFile; fileRef = 2EF63E76985242B236F88F28 /* GarlandChecker.swift */; };
		2EF631E91B06832CC6CB0BF0 /* MaxAngleFinder.swift in Sources */ = {isa = PBXBuildFile; fileRef = 2EF631850C9D315F37A2BCB0 /* MaxAngleFinder.swift */; };
		2EF6321393177FB1396A3CB2 /* TurnError.swift in Sources */ = {isa = PBXBuildFile; fileRef = 2EF6381D55503F773A014667 /* TurnError.swift */; };
		2EF632587D6D76093850E009 /* AngleShifter.swift in Sources */ = {isa = PBXBuildFile; fileRef = 2EF633D8018B0E8B238E3AB2 /* AngleShifter.swift */; };
		2EF6325A71CC475332AB98D4 /* Attitude.swift in Sources */ = {isa = PBXBuildFile; fileRef = 2EF63F02A3D299E8046E1350 /* Attitude.swift */; };
		2EF63260C150FDD688797F80 /* TurnError.swift in Sources */ = {isa = PBXBuildFile; fileRef = 2EF6381D55503F773A014667 /* TurnError.swift */; };
		2EF632755FCA6EC12317BC60 /* MotionAbsoluteTimeCalcuulator.swift in Sources */ = {isa = PBXBuildFile; fileRef = 2EF63474CC5B29D712BFEBC2 /* MotionAbsoluteTimeCalcuulator.swift */; };
		2EF63295A38E43862E5CF3C2 /* TurningChecker.swift in Sources */ = {isa = PBXBuildFile; fileRef = 2EF6367AEA439D9E81178292 /* TurningChecker.swift */; };
		2EF632BC0FACC568DCFC0C73 /* MovingPhase.swift in Sources */ = {isa = PBXBuildFile; fileRef = 2EF63A959EB08D554B42103C /* MovingPhase.swift */; };
		2EF632E457EF1DAE7C4F7714 /* MotionAbsoluteTimeCalcuulator.swift in Sources */ = {isa = PBXBuildFile; fileRef = 2EF63474CC5B29D712BFEBC2 /* MotionAbsoluteTimeCalcuulator.swift */; };
		2EF632ED8EFCA1C01902287C /* TurningChecker.swift in Sources */ = {isa = PBXBuildFile; fileRef = 2EF6367AEA439D9E81178292 /* TurningChecker.swift */; };
		2EF63325186B89E51CD1E3A6 /* PhysicsConstants.swift in Sources */ = {isa = PBXBuildFile; fileRef = 2EF63E0E844EEB291D80B01E /* PhysicsConstants.swift */; };
		2EF63328B5D1008A241E14AC /* TurningChecker.swift in Sources */ = {isa = PBXBuildFile; fileRef = 2EF6367AEA439D9E81178292 /* TurningChecker.swift */; };
		2EF6333A9B34791FBCABED07 /* AverageAngleFinder.swift in Sources */ = {isa = PBXBuildFile; fileRef = 2EF63FE2A88409DB91599637 /* AverageAngleFinder.swift */; };
		2EF633BBA2E55CB77F7E308C /* MovingPhase.swift in Sources */ = {isa = PBXBuildFile; fileRef = 2EF63A959EB08D554B42103C /* MovingPhase.swift */; };
		2EF63401E9F48942C124F30B /* 時計を平にして重心移動方向にX軸を向けたWatchTurnStreamReceiver.swift in Sources */ = {isa = PBXBuildFile; fileRef = 2EF63072E05FFA649793ACAA /* 時計を平にして重心移動方向にX軸を向けたWatchTurnStreamReceiver.swift */; };
		2EF634045B358A6481138436 /* MoveStopDiscriminator.swift in Sources */ = {isa = PBXBuildFile; fileRef = 2EF63F83B6DF65A01909BF6B /* MoveStopDiscriminator.swift */; };
		2EF6346022D4696E33EE0EAC /* ToneOutputUnit.swift in Sources */ = {isa = PBXBuildFile; fileRef = 2EF63E2977EBFB79A098F72C /* ToneOutputUnit.swift */; };
		2EF634708DBE2CD1CD343B1F /* MotionAbsoluteTimeCalcuulator.swift in Sources */ = {isa = PBXBuildFile; fileRef = 2EF63474CC5B29D712BFEBC2 /* MotionAbsoluteTimeCalcuulator.swift */; };
		2EF6347323FFBE625E957D33 /* PhysicsConstants.swift in Sources */ = {isa = PBXBuildFile; fileRef = 2EF63E0E844EEB291D80B01E /* PhysicsConstants.swift */; };
		2EF634843847AC20140E685A /* TurningChecker.swift in Sources */ = {isa = PBXBuildFile; fileRef = 2EF6367AEA439D9E81178292 /* TurningChecker.swift */; };
		2EF634B6892A385E492C6869 /* ToneOutputUnit.swift in Sources */ = {isa = PBXBuildFile; fileRef = 2EF63E2977EBFB79A098F72C /* ToneOutputUnit.swift */; };
		2EF634BD5193C1781F1F80C9 /* MaxAngleFinder.swift in Sources */ = {isa = PBXBuildFile; fileRef = 2EF631850C9D315F37A2BCB0 /* MaxAngleFinder.swift */; };
		2EF634BF428069C49B5461BD /* MotionAbsoluteTimeCalcuulator.swift in Sources */ = {isa = PBXBuildFile; fileRef = 2EF63474CC5B29D712BFEBC2 /* MotionAbsoluteTimeCalcuulator.swift */; };
		2EF634F91E4AD00339C40A50 /* MovingPhase.swift in Sources */ = {isa = PBXBuildFile; fileRef = 2EF63A959EB08D554B42103C /* MovingPhase.swift */; };
		2EF6353978ACCD61F12B932E /* AngleShifter.swift in Sources */ = {isa = PBXBuildFile; fileRef = 2EF633D8018B0E8B238E3AB2 /* AngleShifter.swift */; };
		2EF6356F11415291F2C2FD5A /* CurrentVelocity.swift in Sources */ = {isa = PBXBuildFile; fileRef = 2EF639BDE2EB4488BA9842BB /* CurrentVelocity.swift */; };
		2EF6359824DEBF687FEC2D25 /* TurnPhaseProtocol.swift in Sources */ = {isa = PBXBuildFile; fileRef = 2EF6307350A78B650D54B242 /* TurnPhaseProtocol.swift */; };
		2EF635E6758F3CA634166A57 /* SimpleMovingAverage.swift in Sources */ = {isa = PBXBuildFile; fileRef = 2EF638B675848A6951C10522 /* SimpleMovingAverage.swift */; };
		2EF635EE718FD3D7308ABC93 /* AccelerationForTargetAngle.swift in Sources */ = {isa = PBXBuildFile; fileRef = 2EF635822175156661826BB7 /* AccelerationForTargetAngle.swift */; };
		2EF6360546B9703C240AE316 /* SkiTurnPhaseAnalyzer.swift in Sources */ = {isa = PBXBuildFile; fileRef = 2EF63EA146015E1F14981F9A /* SkiTurnPhaseAnalyzer.swift */; };
		2EF63629DA2953EFE1F434D8 /* ToneOutputUnit.swift in Sources */ = {isa = PBXBuildFile; fileRef = 2EF63E2977EBFB79A098F72C /* ToneOutputUnit.swift */; };
		2EF6363B2D9C05F4F725420D /* MaxAngleFinder.swift in Sources */ = {isa = PBXBuildFile; fileRef = 2EF631850C9D315F37A2BCB0 /* MaxAngleFinder.swift */; };
		2EF6364287A6E3158A46257D /* TurnPhaseProtocol.swift in Sources */ = {isa = PBXBuildFile; fileRef = 2EF6307350A78B650D54B242 /* TurnPhaseProtocol.swift */; };
		2EF63648D35E7ED3EC31CC86 /* TurnPhaseProtocol.swift in Sources */ = {isa = PBXBuildFile; fileRef = 2EF6307350A78B650D54B242 /* TurnPhaseProtocol.swift */; };
		2EF63672289EDDE5A4871A40 /* PhysicsConstants.swift in Sources */ = {isa = PBXBuildFile; fileRef = 2EF63E0E844EEB291D80B01E /* PhysicsConstants.swift */; };
		2EF63688177153659015D292 /* AverageAngleFinder.swift in Sources */ = {isa = PBXBuildFile; fileRef = 2EF63FE2A88409DB91599637 /* AverageAngleFinder.swift */; };
		2EF636AE20AA511BE00413E1 /* MotionAbsoluteTimeCalcuulator.swift in Sources */ = {isa = PBXBuildFile; fileRef = 2EF63474CC5B29D712BFEBC2 /* MotionAbsoluteTimeCalcuulator.swift */; };
		2EF636D355B1C183B91C0610 /* MoveStopDiscriminator.swift in Sources */ = {isa = PBXBuildFile; fileRef = 2EF63F83B6DF65A01909BF6B /* MoveStopDiscriminator.swift */; };
		2EF636DBC90C535E588F8B5C /* TurnError.swift in Sources */ = {isa = PBXBuildFile; fileRef = 2EF6381D55503F773A014667 /* TurnError.swift */; };
		2EF636FF3B616036EC7F67EB /* TowAngleDiffrencial.swift in Sources */ = {isa = PBXBuildFile; fileRef = 2EF63572FDBD6633BF2ABD50 /* TowAngleDiffrencial.swift */; };
		2EF6374E81B34A55455F5545 /* TurnPhaseFinder.swift in Sources */ = {isa = PBXBuildFile; fileRef = 2EF634E904C2E4675682BB72 /* TurnPhaseFinder.swift */; };
		2EF63753FEBE6DF9129A8AE5 /* GarlandChecker.swift in Sources */ = {isa = PBXBuildFile; fileRef = 2EF63E76985242B236F88F28 /* GarlandChecker.swift */; };
		2EF6376087AB0D91785986AC /* TurnError.swift in Sources */ = {isa = PBXBuildFile; fileRef = 2EF6381D55503F773A014667 /* TurnError.swift */; };
		2EF6381E4E88103004F9316E /* Boardに裏返して進行方向にX軸を向けたPhoneTurnReceiver.swift in Sources */ = {isa = PBXBuildFile; fileRef = 2EF63020FE908D8284F40385 /* Boardに裏返して進行方向にX軸を向けたPhoneTurnReceiver.swift */; };
		2EF63848E202C7F048F3BAE3 /* GarlandChecker.swift in Sources */ = {isa = PBXBuildFile; fileRef = 2EF63E76985242B236F88F28 /* GarlandChecker.swift */; };
		2EF6385CE74CBC13ED8A0220 /* AngleShifter.swift in Sources */ = {isa = PBXBuildFile; fileRef = 2EF633D8018B0E8B238E3AB2 /* AngleShifter.swift */; };
		2EF6385F0E2BA80650637355 /* SimpleMovingAverage.swift in Sources */ = {isa = PBXBuildFile; fileRef = 2EF638B675848A6951C10522 /* SimpleMovingAverage.swift */; };
		2EF6386ED99C7899340F1594 /* AverageAngleFinder.swift in Sources */ = {isa = PBXBuildFile; fileRef = 2EF63FE2A88409DB91599637 /* AverageAngleFinder.swift */; };
		2EF638720887BF54D57CC823 /* AngleShifter.swift in Sources */ = {isa = PBXBuildFile; fileRef = 2EF633D8018B0E8B238E3AB2 /* AngleShifter.swift */; };
		2EF63898659EE4E7F256E02B /* AccelerationForTargetAngle.swift in Sources */ = {isa = PBXBuildFile; fileRef = 2EF635822175156661826BB7 /* AccelerationForTargetAngle.swift */; };
		2EF638FCDE68FFDB241484A2 /* MotionAbsoluteTimeCalcuulator.swift in Sources */ = {isa = PBXBuildFile; fileRef = 2EF63474CC5B29D712BFEBC2 /* MotionAbsoluteTimeCalcuulator.swift */; };
		2EF63927B69077B8C991113E /* TurnPhaseProtocol.swift in Sources */ = {isa = PBXBuildFile; fileRef = 2EF6307350A78B650D54B242 /* TurnPhaseProtocol.swift */; };
		2EF6393DA71A973067A186EB /* TurningChecker.swift in Sources */ = {isa = PBXBuildFile; fileRef = 2EF6367AEA439D9E81178292 /* TurningChecker.swift */; };
		2EF6394F0DE71AA60652365C /* TurnPeriodFinder.swift in Sources */ = {isa = PBXBuildFile; fileRef = 2EF637D195E0612C9F6FFD59 /* TurnPeriodFinder.swift */; };
		2EF639741057C48F7854A8CE /* TurnError.swift in Sources */ = {isa = PBXBuildFile; fileRef = 2EF6381D55503F773A014667 /* TurnError.swift */; };
		2EF63999D97DE95FB060616F /* AccelerationForTargetAngle.swift in Sources */ = {isa = PBXBuildFile; fileRef = 2EF635822175156661826BB7 /* AccelerationForTargetAngle.swift */; };
		2EF639B9B93E12CD15933F65 /* MovingPhase.swift in Sources */ = {isa = PBXBuildFile; fileRef = 2EF63A959EB08D554B42103C /* MovingPhase.swift */; };
		2EF639E95009A7F80B30D0AE /* TurnPhaseProtocol.swift in Sources */ = {isa = PBXBuildFile; fileRef = 2EF6307350A78B650D54B242 /* TurnPhaseProtocol.swift */; };
		2EF63A020C662199129CB62F /* MovingPhase.swift in Sources */ = {isa = PBXBuildFile; fileRef = 2EF63A959EB08D554B42103C /* MovingPhase.swift */; };
		2EF63A1596955ACBA7EDF885 /* PhysicsConstants.swift in Sources */ = {isa = PBXBuildFile; fileRef = 2EF63E0E844EEB291D80B01E /* PhysicsConstants.swift */; };
		2EF63A194222D86E5E9C01ED /* GarlandChecker.swift in Sources */ = {isa = PBXBuildFile; fileRef = 2EF63E76985242B236F88F28 /* GarlandChecker.swift */; };
		2EF63A994F9479BF1B8EF61A /* TowAngleDiffrencial.swift in Sources */ = {isa = PBXBuildFile; fileRef = 2EF63572FDBD6633BF2ABD50 /* TowAngleDiffrencial.swift */; };
		2EF63AA52E82BA8B4252DD65 /* AccelerationForTargetAngle.swift in Sources */ = {isa = PBXBuildFile; fileRef = 2EF635822175156661826BB7 /* AccelerationForTargetAngle.swift */; };
		2EF63AC6C54C9E9E11AB975F /* MoveStopDiscriminator.swift in Sources */ = {isa = PBXBuildFile; fileRef = 2EF63F83B6DF65A01909BF6B /* MoveStopDiscriminator.swift */; };
		2EF63AF15292729142597319 /* MaxAngleFinder.swift in Sources */ = {isa = PBXBuildFile; fileRef = 2EF631850C9D315F37A2BCB0 /* MaxAngleFinder.swift */; };
		2EF63AFE1AFAEFDEA035617D /* CanterOfMassTurnPhaseAnalyzer.swift in Sources */ = {isa = PBXBuildFile; fileRef = 2EF630D289289652238104B8 /* CanterOfMassTurnPhaseAnalyzer.swift */; };
		2EF63B0086810A1D356D353E /* MaxAngleFinder.swift in Sources */ = {isa = PBXBuildFile; fileRef = 2EF631850C9D315F37A2BCB0 /* MaxAngleFinder.swift */; };
		2EF63B0CF30A696C7AD13BF1 /* TurnError.swift in Sources */ = {isa = PBXBuildFile; fileRef = 2EF6381D55503F773A014667 /* TurnError.swift */; };
		2EF63B2956375341C7736D07 /* TowAngleDiffrencial.swift in Sources */ = {isa = PBXBuildFile; fileRef = 2EF63572FDBD6633BF2ABD50 /* TowAngleDiffrencial.swift */; };
		2EF63B88D0C9A8774900FFD8 /* AccelerationForTargetAngle.swift in Sources */ = {isa = PBXBuildFile; fileRef = 2EF635822175156661826BB7 /* AccelerationForTargetAngle.swift */; };
		2EF63BAE1EE5A5CF397EA213 /* EvaluationResponder.swift in Sources */ = {isa = PBXBuildFile; fileRef = 2EF63B7CFD918FC311FCA8C4 /* EvaluationResponder.swift */; };
		2EF63BEDD442AD9A7171E892 /* PhysicsConstants.swift in Sources */ = {isa = PBXBuildFile; fileRef = 2EF63E0E844EEB291D80B01E /* PhysicsConstants.swift */; };
		2EF63C13A1CF91E7AA5D9A9A /* TurnPhaseProtocol.swift in Sources */ = {isa = PBXBuildFile; fileRef = 2EF6307350A78B650D54B242 /* TurnPhaseProtocol.swift */; };
		2EF63C24790BD712AA7533E3 /* ToneOutputUnit.swift in Sources */ = {isa = PBXBuildFile; fileRef = 2EF63E2977EBFB79A098F72C /* ToneOutputUnit.swift */; };
		2EF63C90ECC85A6A58D1EC74 /* ScoreOfCenterOfMassMoveToOrthogonalDirectionAgainstFallLineInTurnInitiation.swift in Sources */ = {isa = PBXBuildFile; fileRef = 2EF63A86C43B82AEE67A73CA /* ScoreOfCenterOfMassMoveToOrthogonalDirectionAgainstFallLineInTurnInitiation.swift */; };
		2EF63CBB7E207A9E50FDC4B8 /* ScoreOfCenterOfMassMoveToFallLineDirectionInTurnEnd.swift in Sources */ = {isa = PBXBuildFile; fileRef = 2EF63080A8B5134A63D8CF3A /* ScoreOfCenterOfMassMoveToFallLineDirectionInTurnEnd.swift */; };
		2EF63CE8D0FC8D1AD3D4D754 /* TowAngleDiffrencial.swift in Sources */ = {isa = PBXBuildFile; fileRef = 2EF63572FDBD6633BF2ABD50 /* TowAngleDiffrencial.swift */; };
		2EF63D0ED06638E5D1986704 /* MoveStopDiscriminator.swift in Sources */ = {isa = PBXBuildFile; fileRef = 2EF63F83B6DF65A01909BF6B /* MoveStopDiscriminator.swift */; };
		2EF63D5F1D9E0F8FA1984F7E /* ToneOutputUnit.swift in Sources */ = {isa = PBXBuildFile; fileRef = 2EF63E2977EBFB79A098F72C /* ToneOutputUnit.swift */; };
		2EF63D6881BCD49545436A4F /* IdealTurnConditionDetector.swift in Sources */ = {isa = PBXBuildFile; fileRef = 2EF63CA665B45601F0630F90 /* IdealTurnConditionDetector.swift */; };
		2EF63DC674D110C3DDAF9143 /* AngleShifter.swift in Sources */ = {isa = PBXBuildFile; fileRef = 2EF633D8018B0E8B238E3AB2 /* AngleShifter.swift */; };
		2EF63E004599F2F941B988B5 /* TurningChecker.swift in Sources */ = {isa = PBXBuildFile; fileRef = 2EF6367AEA439D9E81178292 /* TurningChecker.swift */; };
		2EF63E045CA643184048BB82 /* ForwardAfterwardBalanceScore.swift in Sources */ = {isa = PBXBuildFile; fileRef = 2EF63D25F03E4914ADE99630 /* ForwardAfterwardBalanceScore.swift */; };
		2EF63E05ADD0C48AE9C1FDA7 /* SkiTurnPhase.swift in Sources */ = {isa = PBXBuildFile; fileRef = 2EF639F80726069C5CF5EC46 /* SkiTurnPhase.swift */; };
		2EF63E0971FD5F9DAAB9584B /* TimeStampAndTurnSideDirectionSide.swift in Sources */ = {isa = PBXBuildFile; fileRef = 2EF6359400D353651A55B449 /* TimeStampAndTurnSideDirectionSide.swift */; };
		2EF63E6630EDBEF471FD0385 /* MaxAngleFinder.swift in Sources */ = {isa = PBXBuildFile; fileRef = 2EF631850C9D315F37A2BCB0 /* MaxAngleFinder.swift */; };
		2EF63E8D0634E14880264AAE /* MovingPhase.swift in Sources */ = {isa = PBXBuildFile; fileRef = 2EF63A959EB08D554B42103C /* MovingPhase.swift */; };
		2EF63EC9EFE6CD025BEC4605 /* AverageAngleFinder.swift in Sources */ = {isa = PBXBuildFile; fileRef = 2EF63FE2A88409DB91599637 /* AverageAngleFinder.swift */; };
		2EF63ED4F1F7E52F19551984 /* GarlandChecker.swift in Sources */ = {isa = PBXBuildFile; fileRef = 2EF63E76985242B236F88F28 /* GarlandChecker.swift */; };
		2EF63F2D2B9C54B4468B4A0E /* SimpleMovingAverage.swift in Sources */ = {isa = PBXBuildFile; fileRef = 2EF638B675848A6951C10522 /* SimpleMovingAverage.swift */; };
		2EF63FEC9B9772A4296F630C /* AngleShifter.swift in Sources */ = {isa = PBXBuildFile; fileRef = 2EF633D8018B0E8B238E3AB2 /* AngleShifter.swift */; };
		BA3C93F82722636B007D5325 /* skiBodyAttitudeTeacheerApp.swift in Sources */ = {isa = PBXBuildFile; fileRef = BA3C93F72722636B007D5325 /* skiBodyAttitudeTeacheerApp.swift */; };
		BA3C93FA2722636B007D5325 /* ContentView.swift in Sources */ = {isa = PBXBuildFile; fileRef = BA3C93F92722636B007D5325 /* ContentView.swift */; };
		BA3C93FC2722636E007D5325 /* Assets.xcassets in Resources */ = {isa = PBXBuildFile; fileRef = BA3C93FB2722636E007D5325 /* Assets.xcassets */; };
		BA3C93FF2722636E007D5325 /* Preview Assets.xcassets in Resources */ = {isa = PBXBuildFile; fileRef = BA3C93FE2722636E007D5325 /* Preview Assets.xcassets */; };
		BA3C94092722636E007D5325 /* skiBodyAttitudeTeacheerTests.swift in Sources */ = {isa = PBXBuildFile; fileRef = BA3C94082722636E007D5325 /* skiBodyAttitudeTeacheerTests.swift */; };
		BA3C94132722636E007D5325 /* skiBodyAttitudeTeacheerUITests.swift in Sources */ = {isa = PBXBuildFile; fileRef = BA3C94122722636E007D5325 /* skiBodyAttitudeTeacheerUITests.swift */; };
		BA3C94152722636E007D5325 /* skiBodyAttitudeTeacheerUITestsLaunchTests.swift in Sources */ = {isa = PBXBuildFile; fileRef = BA3C94142722636E007D5325 /* skiBodyAttitudeTeacheerUITestsLaunchTests.swift */; };
		BA3C94192722636E007D5325 /* skiBodyAttitudeTeacheer WatchKit App.app in Embed Watch Content */ = {isa = PBXBuildFile; fileRef = BA3C94182722636E007D5325 /* skiBodyAttitudeTeacheer WatchKit App.app */; settings = {ATTRIBUTES = (RemoveHeadersOnCopy, ); }; };
		BA3C941E2722636F007D5325 /* Assets.xcassets in Resources */ = {isa = PBXBuildFile; fileRef = BA3C941D2722636F007D5325 /* Assets.xcassets */; };
		BA3C94242722636F007D5325 /* skiBodyAttitudeTeacheer WatchKit Extension.appex in Embed App Extensions */ = {isa = PBXBuildFile; fileRef = BA3C94232722636F007D5325 /* skiBodyAttitudeTeacheer WatchKit Extension.appex */; settings = {ATTRIBUTES = (RemoveHeadersOnCopy, ); }; };
		BA3C94292722636F007D5325 /* skiBodyAttitudeTeacheerApp.swift in Sources */ = {isa = PBXBuildFile; fileRef = BA3C94282722636F007D5325 /* skiBodyAttitudeTeacheerApp.swift */; };
		BA3C942B2722636F007D5325 /* ContentView.swift in Sources */ = {isa = PBXBuildFile; fileRef = BA3C942A2722636F007D5325 /* ContentView.swift */; };
		BA3C942D2722636F007D5325 /* NotificationController.swift in Sources */ = {isa = PBXBuildFile; fileRef = BA3C942C2722636F007D5325 /* NotificationController.swift */; };
		BA3C942F2722636F007D5325 /* NotificationView.swift in Sources */ = {isa = PBXBuildFile; fileRef = BA3C942E2722636F007D5325 /* NotificationView.swift */; };
		BA3C94312722636F007D5325 /* ComplicationController.swift in Sources */ = {isa = PBXBuildFile; fileRef = BA3C94302722636F007D5325 /* ComplicationController.swift */; };
		BA3C943327226371007D5325 /* Assets.xcassets in Resources */ = {isa = PBXBuildFile; fileRef = BA3C943227226371007D5325 /* Assets.xcassets */; };
		BA3C943627226371007D5325 /* Preview Assets.xcassets in Resources */ = {isa = PBXBuildFile; fileRef = BA3C943527226371007D5325 /* Preview Assets.xcassets */; };
		BA3C944227226371007D5325 /* skiBodyAttitudeTeacheer_WatchKit_AppTests.swift in Sources */ = {isa = PBXBuildFile; fileRef = BA3C944127226371007D5325 /* skiBodyAttitudeTeacheer_WatchKit_AppTests.swift */; };
		BA3C944C27226371007D5325 /* skiBodyAttitudeTeacheer_WatchKit_AppUITests.swift in Sources */ = {isa = PBXBuildFile; fileRef = BA3C944B27226371007D5325 /* skiBodyAttitudeTeacheer_WatchKit_AppUITests.swift */; };
		BA3C944E27226371007D5325 /* skiBodyAttitudeTeacheer_WatchKit_AppUITestsLaunchTests.swift in Sources */ = {isa = PBXBuildFile; fileRef = BA3C944D27226371007D5325 /* skiBodyAttitudeTeacheer_WatchKit_AppUITestsLaunchTests.swift */; };
		BA90EF522724E1A700FC7A66 /* MotionWriter.swift in Sources */ = {isa = PBXBuildFile; fileRef = BA90EF512724E1A700FC7A66 /* MotionWriter.swift */; };
		BAA0A8842728F61600FEDF23 /* PhoneConnector.swift in Sources */ = {isa = PBXBuildFile; fileRef = BAA0A8832728F61600FEDF23 /* PhoneConnector.swift */; };
		BAA0A9D727294D3D00FEDF23 /* WatchMotionWriter.swift in Sources */ = {isa = PBXBuildFile; fileRef = BAA0A9D627294D3D00FEDF23 /* WatchMotionWriter.swift */; };
		BAA0A9D9272AC9C500FEDF23 /* MotionAnalyser.swift in Sources */ = {isa = PBXBuildFile; fileRef = BAA0A9D8272AC9C500FEDF23 /* MotionAnalyser.swift */; };
		BAA0A9E3272C2C3D00FEDF23 /* RecorderController.swift in Sources */ = {isa = PBXBuildFile; fileRef = BAA0A9E2272C2C3D00FEDF23 /* RecorderController.swift */; };
		BAA0A9F6272F688E00FEDF23 /* MotionFeedBackerImpl.swift in Sources */ = {isa = PBXBuildFile; fileRef = BAA0A9F5272F688E00FEDF23 /* MotionFeedBackerImpl.swift */; };
		BAA0A9F8272F75CE00FEDF23 /* AirPodOnHeadMotionReceiver.swift in Sources */ = {isa = PBXBuildFile; fileRef = BAA0A9F7272F75CE00FEDF23 /* AirPodOnHeadMotionReceiver.swift */; };
		BAA0A9FA272F973700FEDF23 /* MotionFeedbackerDelegate.swift in Sources */ = {isa = PBXBuildFile; fileRef = BAA0A9F9272F973700FEDF23 /* MotionFeedbackerDelegate.swift */; };
		BAA0AA152734DE2500FEDF23 /* MovingPhasesProtocol.swift in Sources */ = {isa = PBXBuildFile; fileRef = BAA0AA142734DE2500FEDF23 /* MovingPhasesProtocol.swift */; };
/* End PBXBuildFile section */

/* Begin PBXContainerItemProxy section */
		BA3C94052722636E007D5325 /* PBXContainerItemProxy */ = {
			isa = PBXContainerItemProxy;
			containerPortal = BA3C93EC2722636B007D5325 /* Project object */;
			proxyType = 1;
			remoteGlobalIDString = BA3C93F32722636B007D5325;
			remoteInfo = skiBodyAttitudeTeacheer;
		};
		BA3C940F2722636E007D5325 /* PBXContainerItemProxy */ = {
			isa = PBXContainerItemProxy;
			containerPortal = BA3C93EC2722636B007D5325 /* Project object */;
			proxyType = 1;
			remoteGlobalIDString = BA3C93F32722636B007D5325;
			remoteInfo = skiBodyAttitudeTeacheer;
		};
		BA3C941A2722636E007D5325 /* PBXContainerItemProxy */ = {
			isa = PBXContainerItemProxy;
			containerPortal = BA3C93EC2722636B007D5325 /* Project object */;
			proxyType = 1;
			remoteGlobalIDString = BA3C94172722636E007D5325;
			remoteInfo = "skiBodyAttitudeTeacheer WatchKit App";
		};
		BA3C94252722636F007D5325 /* PBXContainerItemProxy */ = {
			isa = PBXContainerItemProxy;
			containerPortal = BA3C93EC2722636B007D5325 /* Project object */;
			proxyType = 1;
			remoteGlobalIDString = BA3C94222722636F007D5325;
			remoteInfo = "skiBodyAttitudeTeacheer WatchKit Extension";
		};
		BA3C943E27226371007D5325 /* PBXContainerItemProxy */ = {
			isa = PBXContainerItemProxy;
			containerPortal = BA3C93EC2722636B007D5325 /* Project object */;
			proxyType = 1;
			remoteGlobalIDString = BA3C94222722636F007D5325;
			remoteInfo = "skiBodyAttitudeTeacheer WatchKit Extension";
		};
		BA3C944827226371007D5325 /* PBXContainerItemProxy */ = {
			isa = PBXContainerItemProxy;
			containerPortal = BA3C93EC2722636B007D5325 /* Project object */;
			proxyType = 1;
			remoteGlobalIDString = BA3C94172722636E007D5325;
			remoteInfo = "skiBodyAttitudeTeacheer WatchKit App";
		};
/* End PBXContainerItemProxy section */

/* Begin PBXCopyFilesBuildPhase section */
		BA3C945427226371007D5325 /* Embed App Extensions */ = {
			isa = PBXCopyFilesBuildPhase;
			buildActionMask = 2147483647;
			dstPath = "";
			dstSubfolderSpec = 13;
			files = (
				BA3C94242722636F007D5325 /* skiBodyAttitudeTeacheer WatchKit Extension.appex in Embed App Extensions */,
			);
			name = "Embed App Extensions";
			runOnlyForDeploymentPostprocessing = 0;
		};
		BA3C945827226371007D5325 /* Embed Watch Content */ = {
			isa = PBXCopyFilesBuildPhase;
			buildActionMask = 2147483647;
			dstPath = "$(CONTENTS_FOLDER_PATH)/Watch";
			dstSubfolderSpec = 16;
			files = (
				BA3C94192722636E007D5325 /* skiBodyAttitudeTeacheer WatchKit App.app in Embed Watch Content */,
			);
			name = "Embed Watch Content";
			runOnlyForDeploymentPostprocessing = 0;
		};
/* End PBXCopyFilesBuildPhase section */

/* Begin PBXFileReference section */
		2EF63020FE908D8284F40385 /* Boardに裏返して進行方向にX軸を向けたPhoneTurnReceiver.swift */ = {isa = PBXFileReference; fileEncoding = 4; lastKnownFileType = sourcecode.swift; path = "Boardに裏返して進行方向にX軸を向けたPhoneTurnReceiver.swift"; sourceTree = "<group>"; };
		2EF63072E05FFA649793ACAA /* 時計を平にして重心移動方向にX軸を向けたWatchTurnStreamReceiver.swift */ = {isa = PBXFileReference; fileEncoding = 4; lastKnownFileType = sourcecode.swift; path = "時計を平にして重心移動方向にX軸を向けたWatchTurnStreamReceiver.swift"; sourceTree = "<group>"; };
		2EF6307350A78B650D54B242 /* TurnPhaseProtocol.swift */ = {isa = PBXFileReference; fileEncoding = 4; lastKnownFileType = sourcecode.swift; path = TurnPhaseProtocol.swift; sourceTree = "<group>"; };
		2EF63080A8B5134A63D8CF3A /* ScoreOfCenterOfMassMoveToFallLineDirectionInTurnEnd.swift */ = {isa = PBXFileReference; fileEncoding = 4; lastKnownFileType = sourcecode.swift; path = ScoreOfCenterOfMassMoveToFallLineDirectionInTurnEnd.swift; sourceTree = "<group>"; };
		2EF630D289289652238104B8 /* CanterOfMassTurnPhaseAnalyzer.swift */ = {isa = PBXFileReference; fileEncoding = 4; lastKnownFileType = sourcecode.swift; name = CanterOfMassTurnPhaseAnalyzer.swift; path = NotFinishedTurn/CanterOfMassTurnPhaseAnalyzer.swift; sourceTree = "<group>"; };
		2EF631850C9D315F37A2BCB0 /* MaxAngleFinder.swift */ = {isa = PBXFileReference; fileEncoding = 4; lastKnownFileType = sourcecode.swift; path = MaxAngleFinder.swift; sourceTree = "<group>"; };
		2EF633D8018B0E8B238E3AB2 /* AngleShifter.swift */ = {isa = PBXFileReference; fileEncoding = 4; lastKnownFileType = sourcecode.swift; path = AngleShifter.swift; sourceTree = "<group>"; };
		2EF63474CC5B29D712BFEBC2 /* MotionAbsoluteTimeCalcuulator.swift */ = {isa = PBXFileReference; fileEncoding = 4; lastKnownFileType = sourcecode.swift; name = MotionAbsoluteTimeCalcuulator.swift; path = skiBodyAttitudeTeacheer/Library/MotionAbsoluteTimeCalcuulator.swift; sourceTree = SOURCE_ROOT; };
		2EF634E904C2E4675682BB72 /* TurnPhaseFinder.swift */ = {isa = PBXFileReference; fileEncoding = 4; lastKnownFileType = sourcecode.swift; path = TurnPhaseFinder.swift; sourceTree = "<group>"; };
		2EF63572FDBD6633BF2ABD50 /* TowAngleDiffrencial.swift */ = {isa = PBXFileReference; fileEncoding = 4; lastKnownFileType = sourcecode.swift; name = TowAngleDiffrencial.swift; path = skiBodyAttitudeTeacheer/Library/TowAngleDiffrencial.swift; sourceTree = SOURCE_ROOT; };
		2EF635822175156661826BB7 /* AccelerationForTargetAngle.swift */ = {isa = PBXFileReference; fileEncoding = 4; lastKnownFileType = sourcecode.swift; path = AccelerationForTargetAngle.swift; sourceTree = "<group>"; };
		2EF6359400D353651A55B449 /* TimeStampAndTurnSideDirectionSide.swift */ = {isa = PBXFileReference; fileEncoding = 4; lastKnownFileType = sourcecode.swift; name = TimeStampAndTurnSideDirectionSide.swift; path = NotFinishedTurn/TimeStampAndTurnSideDirectionSide.swift; sourceTree = "<group>"; };
		2EF6367475334DCEDA56EC04 /* TurnConditionFinder.swift */ = {isa = PBXFileReference; fileEncoding = 4; lastKnownFileType = sourcecode.swift; path = TurnConditionFinder.swift; sourceTree = "<group>"; };
		2EF6367AEA439D9E81178292 /* TurningChecker.swift */ = {isa = PBXFileReference; fileEncoding = 4; lastKnownFileType = sourcecode.swift; path = TurningChecker.swift; sourceTree = "<group>"; };
		2EF637D195E0612C9F6FFD59 /* TurnPeriodFinder.swift */ = {isa = PBXFileReference; fileEncoding = 4; lastKnownFileType = sourcecode.swift; path = TurnPeriodFinder.swift; sourceTree = "<group>"; };
		2EF6381D55503F773A014667 /* TurnError.swift */ = {isa = PBXFileReference; fileEncoding = 4; lastKnownFileType = sourcecode.swift; path = TurnError.swift; sourceTree = "<group>"; };
		2EF638B675848A6951C10522 /* SimpleMovingAverage.swift */ = {isa = PBXFileReference; fileEncoding = 4; lastKnownFileType = sourcecode.swift; path = SimpleMovingAverage.swift; sourceTree = "<group>"; };
		2EF639BDE2EB4488BA9842BB /* CurrentVelocity.swift */ = {isa = PBXFileReference; fileEncoding = 4; lastKnownFileType = sourcecode.swift; path = CurrentVelocity.swift; sourceTree = "<group>"; };
		2EF639F80726069C5CF5EC46 /* SkiTurnPhase.swift */ = {isa = PBXFileReference; fileEncoding = 4; lastKnownFileType = sourcecode.swift; path = SkiTurnPhase.swift; sourceTree = "<group>"; };
		2EF63A86C43B82AEE67A73CA /* ScoreOfCenterOfMassMoveToOrthogonalDirectionAgainstFallLineInTurnInitiation.swift */ = {isa = PBXFileReference; fileEncoding = 4; lastKnownFileType = sourcecode.swift; path = ScoreOfCenterOfMassMoveToOrthogonalDirectionAgainstFallLineInTurnInitiation.swift; sourceTree = "<group>"; };
		2EF63A959EB08D554B42103C /* MovingPhase.swift */ = {isa = PBXFileReference; fileEncoding = 4; lastKnownFileType = sourcecode.swift; name = MovingPhase.swift; path = skiBodyAttitudeTeacheer/AttitudeAnlyser/MovingPhases/MovingPhase.swift; sourceTree = SOURCE_ROOT; };
		2EF63B7CFD918FC311FCA8C4 /* EvaluationResponder.swift */ = {isa = PBXFileReference; fileEncoding = 4; lastKnownFileType = sourcecode.swift; name = EvaluationResponder.swift; path = skiBodyAttitudeTeacheer/EvaluationResponder.swift; sourceTree = SOURCE_ROOT; };
		2EF63CA665B45601F0630F90 /* IdealTurnConditionDetector.swift */ = {isa = PBXFileReference; fileEncoding = 4; lastKnownFileType = sourcecode.swift; name = IdealTurnConditionDetector.swift; path = skiBodyAttitudeTeacheer/AttitudeAnlyser/MovingPhases/IdealTurnConditionDetector.swift; sourceTree = SOURCE_ROOT; };
		2EF63D175E7A78CA60A03654 /* PivotSlipScore.swift */ = {isa = PBXFileReference; fileEncoding = 4; lastKnownFileType = sourcecode.swift; path = PivotSlipScore.swift; sourceTree = "<group>"; };
		2EF63D25F03E4914ADE99630 /* ForwardAfterwardBalanceScore.swift */ = {isa = PBXFileReference; fileEncoding = 4; lastKnownFileType = sourcecode.swift; path = ForwardAfterwardBalanceScore.swift; sourceTree = "<group>"; };
		2EF63E0E844EEB291D80B01E /* PhysicsConstants.swift */ = {isa = PBXFileReference; fileEncoding = 4; lastKnownFileType = sourcecode.swift; path = PhysicsConstants.swift; sourceTree = "<group>"; };
		2EF63E2977EBFB79A098F72C /* ToneOutputUnit.swift */ = {isa = PBXFileReference; fileEncoding = 4; lastKnownFileType = sourcecode.swift; name = ToneOutputUnit.swift; path = skiBodyAttitudeTeacheer/Library/ToneOutputUnit.swift; sourceTree = SOURCE_ROOT; };
		2EF63E76985242B236F88F28 /* GarlandChecker.swift */ = {isa = PBXFileReference; fileEncoding = 4; lastKnownFileType = sourcecode.swift; path = GarlandChecker.swift; sourceTree = "<group>"; };
		2EF63EA146015E1F14981F9A /* SkiTurnPhaseAnalyzer.swift */ = {isa = PBXFileReference; fileEncoding = 4; lastKnownFileType = sourcecode.swift; name = SkiTurnPhaseAnalyzer.swift; path = NotFinishedTurn/SkiTurnPhaseAnalyzer.swift; sourceTree = "<group>"; };
		2EF63F02A3D299E8046E1350 /* Attitude.swift */ = {isa = PBXFileReference; fileEncoding = 4; lastKnownFileType = sourcecode.swift; path = Attitude.swift; sourceTree = "<group>"; };
		2EF63F83B6DF65A01909BF6B /* MoveStopDiscriminator.swift */ = {isa = PBXFileReference; fileEncoding = 4; lastKnownFileType = sourcecode.swift; path = MoveStopDiscriminator.swift; sourceTree = "<group>"; };
		2EF63FE2A88409DB91599637 /* AverageAngleFinder.swift */ = {isa = PBXFileReference; fileEncoding = 4; lastKnownFileType = sourcecode.swift; name = AverageAngleFinder.swift; path = skiBodyAttitudeTeacheer/Library/AverageAngleFinder.swift; sourceTree = SOURCE_ROOT; };
		BA3C93F42722636B007D5325 /* skiBodyAttitudeTeacheer.app */ = {isa = PBXFileReference; explicitFileType = wrapper.application; includeInIndex = 0; path = skiBodyAttitudeTeacheer.app; sourceTree = BUILT_PRODUCTS_DIR; };
		BA3C93F72722636B007D5325 /* skiBodyAttitudeTeacheerApp.swift */ = {isa = PBXFileReference; lastKnownFileType = sourcecode.swift; path = skiBodyAttitudeTeacheerApp.swift; sourceTree = "<group>"; };
		BA3C93F92722636B007D5325 /* ContentView.swift */ = {isa = PBXFileReference; lastKnownFileType = sourcecode.swift; path = ContentView.swift; sourceTree = "<group>"; };
		BA3C93FB2722636E007D5325 /* Assets.xcassets */ = {isa = PBXFileReference; lastKnownFileType = folder.assetcatalog; path = Assets.xcassets; sourceTree = "<group>"; };
		BA3C93FE2722636E007D5325 /* Preview Assets.xcassets */ = {isa = PBXFileReference; lastKnownFileType = folder.assetcatalog; path = "Preview Assets.xcassets"; sourceTree = "<group>"; };
		BA3C94042722636E007D5325 /* skiBodyAttitudeTeacheerTests.xctest */ = {isa = PBXFileReference; explicitFileType = wrapper.cfbundle; includeInIndex = 0; path = skiBodyAttitudeTeacheerTests.xctest; sourceTree = BUILT_PRODUCTS_DIR; };
		BA3C94082722636E007D5325 /* skiBodyAttitudeTeacheerTests.swift */ = {isa = PBXFileReference; lastKnownFileType = sourcecode.swift; path = skiBodyAttitudeTeacheerTests.swift; sourceTree = "<group>"; };
		BA3C940E2722636E007D5325 /* skiBodyAttitudeTeacheerUITests.xctest */ = {isa = PBXFileReference; explicitFileType = wrapper.cfbundle; includeInIndex = 0; path = skiBodyAttitudeTeacheerUITests.xctest; sourceTree = BUILT_PRODUCTS_DIR; };
		BA3C94122722636E007D5325 /* skiBodyAttitudeTeacheerUITests.swift */ = {isa = PBXFileReference; lastKnownFileType = sourcecode.swift; path = skiBodyAttitudeTeacheerUITests.swift; sourceTree = "<group>"; };
		BA3C94142722636E007D5325 /* skiBodyAttitudeTeacheerUITestsLaunchTests.swift */ = {isa = PBXFileReference; lastKnownFileType = sourcecode.swift; path = skiBodyAttitudeTeacheerUITestsLaunchTests.swift; sourceTree = "<group>"; };
		BA3C94182722636E007D5325 /* skiBodyAttitudeTeacheer WatchKit App.app */ = {isa = PBXFileReference; explicitFileType = wrapper.application; includeInIndex = 0; path = "skiBodyAttitudeTeacheer WatchKit App.app"; sourceTree = BUILT_PRODUCTS_DIR; };
		BA3C941D2722636F007D5325 /* Assets.xcassets */ = {isa = PBXFileReference; lastKnownFileType = folder.assetcatalog; path = Assets.xcassets; sourceTree = "<group>"; };
		BA3C94232722636F007D5325 /* skiBodyAttitudeTeacheer WatchKit Extension.appex */ = {isa = PBXFileReference; explicitFileType = "wrapper.app-extension"; includeInIndex = 0; path = "skiBodyAttitudeTeacheer WatchKit Extension.appex"; sourceTree = BUILT_PRODUCTS_DIR; };
		BA3C94282722636F007D5325 /* skiBodyAttitudeTeacheerApp.swift */ = {isa = PBXFileReference; lastKnownFileType = sourcecode.swift; path = skiBodyAttitudeTeacheerApp.swift; sourceTree = "<group>"; };
		BA3C942A2722636F007D5325 /* ContentView.swift */ = {isa = PBXFileReference; lastKnownFileType = sourcecode.swift; path = ContentView.swift; sourceTree = "<group>"; };
		BA3C942C2722636F007D5325 /* NotificationController.swift */ = {isa = PBXFileReference; lastKnownFileType = sourcecode.swift; path = NotificationController.swift; sourceTree = "<group>"; };
		BA3C942E2722636F007D5325 /* NotificationView.swift */ = {isa = PBXFileReference; lastKnownFileType = sourcecode.swift; path = NotificationView.swift; sourceTree = "<group>"; };
		BA3C94302722636F007D5325 /* ComplicationController.swift */ = {isa = PBXFileReference; lastKnownFileType = sourcecode.swift; path = ComplicationController.swift; sourceTree = "<group>"; };
		BA3C943227226371007D5325 /* Assets.xcassets */ = {isa = PBXFileReference; lastKnownFileType = folder.assetcatalog; path = Assets.xcassets; sourceTree = "<group>"; };
		BA3C943527226371007D5325 /* Preview Assets.xcassets */ = {isa = PBXFileReference; lastKnownFileType = folder.assetcatalog; path = "Preview Assets.xcassets"; sourceTree = "<group>"; };
		BA3C943727226371007D5325 /* Info.plist */ = {isa = PBXFileReference; lastKnownFileType = text.plist.xml; path = Info.plist; sourceTree = "<group>"; };
		BA3C943827226371007D5325 /* PushNotificationPayload.apns */ = {isa = PBXFileReference; lastKnownFileType = text; path = PushNotificationPayload.apns; sourceTree = "<group>"; };
		BA3C943D27226371007D5325 /* skiBodyAttitudeTeacheer WatchKit AppTests.xctest */ = {isa = PBXFileReference; explicitFileType = wrapper.cfbundle; includeInIndex = 0; path = "skiBodyAttitudeTeacheer WatchKit AppTests.xctest"; sourceTree = BUILT_PRODUCTS_DIR; };
		BA3C944127226371007D5325 /* skiBodyAttitudeTeacheer_WatchKit_AppTests.swift */ = {isa = PBXFileReference; lastKnownFileType = sourcecode.swift; path = skiBodyAttitudeTeacheer_WatchKit_AppTests.swift; sourceTree = "<group>"; };
		BA3C944727226371007D5325 /* skiBodyAttitudeTeacheer WatchKit AppUITests.xctest */ = {isa = PBXFileReference; explicitFileType = wrapper.cfbundle; includeInIndex = 0; path = "skiBodyAttitudeTeacheer WatchKit AppUITests.xctest"; sourceTree = BUILT_PRODUCTS_DIR; };
		BA3C944B27226371007D5325 /* skiBodyAttitudeTeacheer_WatchKit_AppUITests.swift */ = {isa = PBXFileReference; lastKnownFileType = sourcecode.swift; path = skiBodyAttitudeTeacheer_WatchKit_AppUITests.swift; sourceTree = "<group>"; };
		BA3C944D27226371007D5325 /* skiBodyAttitudeTeacheer_WatchKit_AppUITestsLaunchTests.swift */ = {isa = PBXFileReference; lastKnownFileType = sourcecode.swift; path = skiBodyAttitudeTeacheer_WatchKit_AppUITestsLaunchTests.swift; sourceTree = "<group>"; };
		BA90EF4F2722925100FC7A66 /* skiBodyAttitudeTeacheer.entitlements */ = {isa = PBXFileReference; lastKnownFileType = text.plist.entitlements; path = skiBodyAttitudeTeacheer.entitlements; sourceTree = "<group>"; };
		BA90EF5027229E6E00FC7A66 /* skiBodyAttitudeTeacheerDebug.entitlements */ = {isa = PBXFileReference; lastKnownFileType = text.plist.entitlements; path = skiBodyAttitudeTeacheerDebug.entitlements; sourceTree = "<group>"; };
		BA90EF512724E1A700FC7A66 /* MotionWriter.swift */ = {isa = PBXFileReference; lastKnownFileType = sourcecode.swift; path = MotionWriter.swift; sourceTree = "<group>"; };
		BAA0A8832728F61600FEDF23 /* PhoneConnector.swift */ = {isa = PBXFileReference; fileEncoding = 4; lastKnownFileType = sourcecode.swift; path = PhoneConnector.swift; sourceTree = "<group>"; };
		BAA0A9D427293C4700FEDF23 /* skiBodyAttitudeTeacheer-WatchKit-App-Info.plist */ = {isa = PBXFileReference; lastKnownFileType = text.plist; path = "skiBodyAttitudeTeacheer-WatchKit-App-Info.plist"; sourceTree = SOURCE_ROOT; };
		BAA0A9D627294D3D00FEDF23 /* WatchMotionWriter.swift */ = {isa = PBXFileReference; lastKnownFileType = sourcecode.swift; path = WatchMotionWriter.swift; sourceTree = "<group>"; };
		BAA0A9D8272AC9C500FEDF23 /* MotionAnalyser.swift */ = {isa = PBXFileReference; lastKnownFileType = sourcecode.swift; path = MotionAnalyser.swift; sourceTree = "<group>"; };
		BAA0A9DF272C10F400FEDF23 /* skiBodyAttitudeTeacheer WatchKit App.entitlements */ = {isa = PBXFileReference; lastKnownFileType = text.plist.entitlements; path = "skiBodyAttitudeTeacheer WatchKit App.entitlements"; sourceTree = "<group>"; };
		BAA0A9E2272C2C3D00FEDF23 /* RecorderController.swift */ = {isa = PBXFileReference; lastKnownFileType = sourcecode.swift; path = RecorderController.swift; sourceTree = "<group>"; };
		BAA0A9F5272F688E00FEDF23 /* MotionFeedBackerImpl.swift */ = {isa = PBXFileReference; lastKnownFileType = sourcecode.swift; path = MotionFeedBackerImpl.swift; sourceTree = "<group>"; };
		BAA0A9F7272F75CE00FEDF23 /* AirPodOnHeadMotionReceiver.swift */ = {isa = PBXFileReference; lastKnownFileType = sourcecode.swift; path = AirPodOnHeadMotionReceiver.swift; sourceTree = "<group>"; };
		BAA0A9F9272F973700FEDF23 /* MotionFeedbackerDelegate.swift */ = {isa = PBXFileReference; lastKnownFileType = sourcecode.swift; path = MotionFeedbackerDelegate.swift; sourceTree = "<group>"; };
		BAA0AA142734DE2500FEDF23 /* MovingPhasesProtocol.swift */ = {isa = PBXFileReference; lastKnownFileType = sourcecode.swift; path = MovingPhasesProtocol.swift; sourceTree = "<group>"; };
/* End PBXFileReference section */

/* Begin PBXFrameworksBuildPhase section */
		BA3C93F12722636B007D5325 /* Frameworks */ = {
			isa = PBXFrameworksBuildPhase;
			buildActionMask = 2147483647;
			files = (
			);
			runOnlyForDeploymentPostprocessing = 0;
		};
		BA3C94012722636E007D5325 /* Frameworks */ = {
			isa = PBXFrameworksBuildPhase;
			buildActionMask = 2147483647;
			files = (
			);
			runOnlyForDeploymentPostprocessing = 0;
		};
		BA3C940B2722636E007D5325 /* Frameworks */ = {
			isa = PBXFrameworksBuildPhase;
			buildActionMask = 2147483647;
			files = (
			);
			runOnlyForDeploymentPostprocessing = 0;
		};
		BA3C94202722636F007D5325 /* Frameworks */ = {
			isa = PBXFrameworksBuildPhase;
			buildActionMask = 2147483647;
			files = (
			);
			runOnlyForDeploymentPostprocessing = 0;
		};
		BA3C943A27226371007D5325 /* Frameworks */ = {
			isa = PBXFrameworksBuildPhase;
			buildActionMask = 2147483647;
			files = (
			);
			runOnlyForDeploymentPostprocessing = 0;
		};
		BA3C944427226371007D5325 /* Frameworks */ = {
			isa = PBXFrameworksBuildPhase;
			buildActionMask = 2147483647;
			files = (
			);
			runOnlyForDeploymentPostprocessing = 0;
		};
/* End PBXFrameworksBuildPhase section */

/* Begin PBXGroup section */
		2EF630D1EA373479B6A3AD3C /* MovingPhase */ = {
			isa = PBXGroup;
			children = (
				2EF63A959EB08D554B42103C /* MovingPhase.swift */,
				2EF6307350A78B650D54B242 /* TurnPhaseProtocol.swift */,
			);
			path = MovingPhase;
			sourceTree = "<group>";
		};
		2EF636C3DC7A799770AC98E5 /* Turn */ = {
			isa = PBXGroup;
			children = (
				2EF639F80726069C5CF5EC46 /* SkiTurnPhase.swift */,
				2EF6381D55503F773A014667 /* TurnError.swift */,
				2EF630D289289652238104B8 /* CanterOfMassTurnPhaseAnalyzer.swift */,
				2EF6359400D353651A55B449 /* TimeStampAndTurnSideDirectionSide.swift */,
				2EF63EA146015E1F14981F9A /* SkiTurnPhaseAnalyzer.swift */,
			);
			path = Turn;
			sourceTree = "<group>";
		};
		2EF63AA970B24EF028800140 /* ScoreCalculator */ = {
			isa = PBXGroup;
			children = (
				2EF63D175E7A78CA60A03654 /* PivotSlipScore.swift */,
				2EF63080A8B5134A63D8CF3A /* ScoreOfCenterOfMassMoveToFallLineDirectionInTurnEnd.swift */,
				2EF63D25F03E4914ADE99630 /* ForwardAfterwardBalanceScore.swift */,
				2EF63A86C43B82AEE67A73CA /* ScoreOfCenterOfMassMoveToOrthogonalDirectionAgainstFallLineInTurnInitiation.swift */,
			);
			path = ScoreCalculator;
			sourceTree = "<group>";
		};
		2EF63BB3D48EAD8A901F4124 /* General */ = {
			isa = PBXGroup;
			children = (
				2EF63FE2A88409DB91599637 /* AverageAngleFinder.swift */,
				2EF63474CC5B29D712BFEBC2 /* MotionAbsoluteTimeCalcuulator.swift */,
				2EF63E2977EBFB79A098F72C /* ToneOutputUnit.swift */,
				2EF63572FDBD6633BF2ABD50 /* TowAngleDiffrencial.swift */,
				2EF631850C9D315F37A2BCB0 /* MaxAngleFinder.swift */,
				2EF63E0E844EEB291D80B01E /* PhysicsConstants.swift */,
				2EF638B675848A6951C10522 /* SimpleMovingAverage.swift */,
				2EF633D8018B0E8B238E3AB2 /* AngleShifter.swift */,
				2EF635822175156661826BB7 /* AccelerationForTargetAngle.swift */,
				2EF63B7CFD918FC311FCA8C4 /* EvaluationResponder.swift */,
			);
			path = General;
			sourceTree = "<group>";
		};
		BA3C93EB2722636B007D5325 = {
			isa = PBXGroup;
			children = (
				BA3C93F62722636B007D5325 /* skiBodyAttitudeTeacheer */,
				BA3C94072722636E007D5325 /* skiBodyAttitudeTeacheerTests */,
				BA3C94112722636E007D5325 /* skiBodyAttitudeTeacheerUITests */,
				BA3C941C2722636E007D5325 /* skiBodyAttitudeTeacheer WatchKit App */,
				BA3C94272722636F007D5325 /* skiBodyAttitudeTeacheer WatchKit Extension */,
				BA3C944027226371007D5325 /* skiBodyAttitudeTeacheer WatchKit AppTests */,
				BA3C944A27226371007D5325 /* skiBodyAttitudeTeacheer WatchKit AppUITests */,
				BA3C93F52722636B007D5325 /* Products */,
			);
			sourceTree = "<group>";
		};
		BA3C93F52722636B007D5325 /* Products */ = {
			isa = PBXGroup;
			children = (
				BA3C93F42722636B007D5325 /* skiBodyAttitudeTeacheer.app */,
				BA3C94042722636E007D5325 /* skiBodyAttitudeTeacheerTests.xctest */,
				BA3C940E2722636E007D5325 /* skiBodyAttitudeTeacheerUITests.xctest */,
				BA3C94182722636E007D5325 /* skiBodyAttitudeTeacheer WatchKit App.app */,
				BA3C94232722636F007D5325 /* skiBodyAttitudeTeacheer WatchKit Extension.appex */,
				BA3C943D27226371007D5325 /* skiBodyAttitudeTeacheer WatchKit AppTests.xctest */,
				BA3C944727226371007D5325 /* skiBodyAttitudeTeacheer WatchKit AppUITests.xctest */,
			);
			name = Products;
			sourceTree = "<group>";
		};
		BA3C93F62722636B007D5325 /* skiBodyAttitudeTeacheer */ = {
			isa = PBXGroup;
			children = (
				BAA0A9FB272F9F3300FEDF23 /* Library */,
				BAA0A9EB272D73EB00FEDF23 /* MotionWriter */,
				BAA0A9E8272D71A800FEDF23 /* TurnStream */,
				BAA0A9DA272BABA300FEDF23 /* AttitudeAnlyser */,
				BA90EF5027229E6E00FC7A66 /* skiBodyAttitudeTeacheerDebug.entitlements */,
				BA90EF4F2722925100FC7A66 /* skiBodyAttitudeTeacheer.entitlements */,
				BA3C93F72722636B007D5325 /* skiBodyAttitudeTeacheerApp.swift */,
				BA3C93F92722636B007D5325 /* ContentView.swift */,
				BA3C93FB2722636E007D5325 /* Assets.xcassets */,
				BA3C93FD2722636E007D5325 /* Preview Content */,
				BAA0A9F5272F688E00FEDF23 /* MotionFeedBackerImpl.swift */,
			);
			path = skiBodyAttitudeTeacheer;
			sourceTree = "<group>";
		};
		BA3C93FD2722636E007D5325 /* Preview Content */ = {
			isa = PBXGroup;
			children = (
				BA3C93FE2722636E007D5325 /* Preview Assets.xcassets */,
			);
			path = "Preview Content";
			sourceTree = "<group>";
		};
		BA3C94072722636E007D5325 /* skiBodyAttitudeTeacheerTests */ = {
			isa = PBXGroup;
			children = (
				BA3C94082722636E007D5325 /* skiBodyAttitudeTeacheerTests.swift */,
			);
			path = skiBodyAttitudeTeacheerTests;
			sourceTree = "<group>";
		};
		BA3C94112722636E007D5325 /* skiBodyAttitudeTeacheerUITests */ = {
			isa = PBXGroup;
			children = (
				BA3C94122722636E007D5325 /* skiBodyAttitudeTeacheerUITests.swift */,
				BA3C94142722636E007D5325 /* skiBodyAttitudeTeacheerUITestsLaunchTests.swift */,
			);
			path = skiBodyAttitudeTeacheerUITests;
			sourceTree = "<group>";
		};
		BA3C941C2722636E007D5325 /* skiBodyAttitudeTeacheer WatchKit App */ = {
			isa = PBXGroup;
			children = (
				BAA0A9DF272C10F400FEDF23 /* skiBodyAttitudeTeacheer WatchKit App.entitlements */,
				BAA0A9D427293C4700FEDF23 /* skiBodyAttitudeTeacheer-WatchKit-App-Info.plist */,
				BA3C941D2722636F007D5325 /* Assets.xcassets */,
			);
			path = "skiBodyAttitudeTeacheer WatchKit App";
			sourceTree = "<group>";
		};
		BA3C94272722636F007D5325 /* skiBodyAttitudeTeacheer WatchKit Extension */ = {
			isa = PBXGroup;
			children = (
				BAA0A8832728F61600FEDF23 /* PhoneConnector.swift */,
				BA3C94282722636F007D5325 /* skiBodyAttitudeTeacheerApp.swift */,
				BA3C942A2722636F007D5325 /* ContentView.swift */,
				BA3C942C2722636F007D5325 /* NotificationController.swift */,
				BA3C942E2722636F007D5325 /* NotificationView.swift */,
				BA3C94302722636F007D5325 /* ComplicationController.swift */,
				BA3C943227226371007D5325 /* Assets.xcassets */,
				BA3C943727226371007D5325 /* Info.plist */,
				BA3C943827226371007D5325 /* PushNotificationPayload.apns */,
				BA3C943427226371007D5325 /* Preview Content */,
				BAA0A9E2272C2C3D00FEDF23 /* RecorderController.swift */,
			);
			path = "skiBodyAttitudeTeacheer WatchKit Extension";
			sourceTree = "<group>";
		};
		BA3C943427226371007D5325 /* Preview Content */ = {
			isa = PBXGroup;
			children = (
				BA3C943527226371007D5325 /* Preview Assets.xcassets */,
			);
			path = "Preview Content";
			sourceTree = "<group>";
		};
		BA3C944027226371007D5325 /* skiBodyAttitudeTeacheer WatchKit AppTests */ = {
			isa = PBXGroup;
			children = (
				BA3C944127226371007D5325 /* skiBodyAttitudeTeacheer_WatchKit_AppTests.swift */,
			);
			path = "skiBodyAttitudeTeacheer WatchKit AppTests";
			sourceTree = "<group>";
		};
		BA3C944A27226371007D5325 /* skiBodyAttitudeTeacheer WatchKit AppUITests */ = {
			isa = PBXGroup;
			children = (
				BA3C944B27226371007D5325 /* skiBodyAttitudeTeacheer_WatchKit_AppUITests.swift */,
				BA3C944D27226371007D5325 /* skiBodyAttitudeTeacheer_WatchKit_AppUITestsLaunchTests.swift */,
			);
			path = "skiBodyAttitudeTeacheer WatchKit AppUITests";
			sourceTree = "<group>";
		};
		BAA0A9DA272BABA300FEDF23 /* AttitudeAnlyser */ = {
			isa = PBXGroup;
			children = (
				BAA0AA132734DDE500FEDF23 /* MovingPhases */,
				BAA0A9D8272AC9C500FEDF23 /* MotionAnalyser.swift */,
				BAA0A9F9272F973700FEDF23 /* MotionFeedbackerDelegate.swift */,
				2EF630D1EA373479B6A3AD3C /* MovingPhase */,
				2EF63F02A3D299E8046E1350 /* Attitude.swift */,
				2EF63F83B6DF65A01909BF6B /* MoveStopDiscriminator.swift */,
				2EF63AA970B24EF028800140 /* ScoreCalculator */,
			);
			path = AttitudeAnlyser;
			sourceTree = "<group>";
		};
		BAA0A9E8272D71A800FEDF23 /* TurnStream */ = {
			isa = PBXGroup;
			children = (
				BAA0A9EE272E0BB800FEDF23 /* 各センサーの受信した動き */,
			);
			path = TurnStream;
			sourceTree = "<group>";
		};
		BAA0A9EB272D73EB00FEDF23 /* MotionWriter */ = {
			isa = PBXGroup;
			children = (
				BA90EF512724E1A700FC7A66 /* MotionWriter.swift */,
				BAA0A9D627294D3D00FEDF23 /* WatchMotionWriter.swift */,
			);
			path = MotionWriter;
			sourceTree = "<group>";
		};
		BAA0A9EE272E0BB800FEDF23 /* 各センサーの受信した動き */ = {
			isa = PBXGroup;
			children = (
				BAA0A9F7272F75CE00FEDF23 /* AirPodOnHeadMotionReceiver.swift */,
				2EF63020FE908D8284F40385 /* Boardに裏返して進行方向にX軸を向けたPhoneTurnReceiver.swift */,
				2EF63072E05FFA649793ACAA /* 時計を平にして重心移動方向にX軸を向けたWatchTurnStreamReceiver.swift */,
			);
			path = "各センサーの受信した動き";
			sourceTree = "<group>";
		};
		BAA0A9FB272F9F3300FEDF23 /* Library */ = {
			isa = PBXGroup;
			children = (
				2EF6367AEA439D9E81178292 /* TurningChecker.swift */,
				2EF63E76985242B236F88F28 /* GarlandChecker.swift */,
				2EF63BB3D48EAD8A901F4124 /* General */,
				2EF639BDE2EB4488BA9842BB /* CurrentVelocity.swift */,
				2EF637D195E0612C9F6FFD59 /* TurnPeriodFinder.swift */,
				2EF634E904C2E4675682BB72 /* TurnPhaseFinder.swift */,
				2EF6367475334DCEDA56EC04 /* TurnConditionFinder.swift */,
				2EF63CA665B45601F0630F90 /* IdealTurnConditionDetector.swift */,
			);
			path = Library;
			sourceTree = "<group>";
		};
		BAA0AA132734DDE500FEDF23 /* MovingPhases */ = {
			isa = PBXGroup;
			children = (
				BAA0AA142734DE2500FEDF23 /* MovingPhasesProtocol.swift */,
				2EF636C3DC7A799770AC98E5 /* Turn */,
			);
			path = MovingPhases;
			sourceTree = "<group>";
		};
/* End PBXGroup section */

/* Begin PBXNativeTarget section */
		BA3C93F32722636B007D5325 /* skiBodyAttitudeTeacheer */ = {
			isa = PBXNativeTarget;
			buildConfigurationList = BA3C945927226371007D5325 /* Build configuration list for PBXNativeTarget "skiBodyAttitudeTeacheer" */;
			buildPhases = (
				BA3C93F02722636B007D5325 /* Sources */,
				BA3C93F12722636B007D5325 /* Frameworks */,
				BA3C93F22722636B007D5325 /* Resources */,
				BA3C945827226371007D5325 /* Embed Watch Content */,
			);
			buildRules = (
			);
			dependencies = (
				BA3C941B2722636E007D5325 /* PBXTargetDependency */,
			);
			name = skiBodyAttitudeTeacheer;
			productName = skiBodyAttitudeTeacheer;
			productReference = BA3C93F42722636B007D5325 /* skiBodyAttitudeTeacheer.app */;
			productType = "com.apple.product-type.application";
		};
		BA3C94032722636E007D5325 /* skiBodyAttitudeTeacheerTests */ = {
			isa = PBXNativeTarget;
			buildConfigurationList = BA3C945C27226371007D5325 /* Build configuration list for PBXNativeTarget "skiBodyAttitudeTeacheerTests" */;
			buildPhases = (
				BA3C94002722636E007D5325 /* Sources */,
				BA3C94012722636E007D5325 /* Frameworks */,
				BA3C94022722636E007D5325 /* Resources */,
			);
			buildRules = (
			);
			dependencies = (
				BA3C94062722636E007D5325 /* PBXTargetDependency */,
			);
			name = skiBodyAttitudeTeacheerTests;
			productName = skiBodyAttitudeTeacheerTests;
			productReference = BA3C94042722636E007D5325 /* skiBodyAttitudeTeacheerTests.xctest */;
			productType = "com.apple.product-type.bundle.unit-test";
		};
		BA3C940D2722636E007D5325 /* skiBodyAttitudeTeacheerUITests */ = {
			isa = PBXNativeTarget;
			buildConfigurationList = BA3C945F27226371007D5325 /* Build configuration list for PBXNativeTarget "skiBodyAttitudeTeacheerUITests" */;
			buildPhases = (
				BA3C940A2722636E007D5325 /* Sources */,
				BA3C940B2722636E007D5325 /* Frameworks */,
				BA3C940C2722636E007D5325 /* Resources */,
			);
			buildRules = (
			);
			dependencies = (
				BA3C94102722636E007D5325 /* PBXTargetDependency */,
			);
			name = skiBodyAttitudeTeacheerUITests;
			productName = skiBodyAttitudeTeacheerUITests;
			productReference = BA3C940E2722636E007D5325 /* skiBodyAttitudeTeacheerUITests.xctest */;
			productType = "com.apple.product-type.bundle.ui-testing";
		};
		BA3C94172722636E007D5325 /* skiBodyAttitudeTeacheer WatchKit App */ = {
			isa = PBXNativeTarget;
			buildConfigurationList = BA3C945527226371007D5325 /* Build configuration list for PBXNativeTarget "skiBodyAttitudeTeacheer WatchKit App" */;
			buildPhases = (
				BA3C94162722636E007D5325 /* Resources */,
				BA3C945427226371007D5325 /* Embed App Extensions */,
			);
			buildRules = (
			);
			dependencies = (
				BA3C94262722636F007D5325 /* PBXTargetDependency */,
			);
			name = "skiBodyAttitudeTeacheer WatchKit App";
			productName = "skiBodyAttitudeTeacheer WatchKit App";
			productReference = BA3C94182722636E007D5325 /* skiBodyAttitudeTeacheer WatchKit App.app */;
			productType = "com.apple.product-type.application.watchapp2";
		};
		BA3C94222722636F007D5325 /* skiBodyAttitudeTeacheer WatchKit Extension */ = {
			isa = PBXNativeTarget;
			buildConfigurationList = BA3C945127226371007D5325 /* Build configuration list for PBXNativeTarget "skiBodyAttitudeTeacheer WatchKit Extension" */;
			buildPhases = (
				BA3C941F2722636F007D5325 /* Sources */,
				BA3C94202722636F007D5325 /* Frameworks */,
				BA3C94212722636F007D5325 /* Resources */,
			);
			buildRules = (
			);
			dependencies = (
			);
			name = "skiBodyAttitudeTeacheer WatchKit Extension";
			productName = "skiBodyAttitudeTeacheer WatchKit Extension";
			productReference = BA3C94232722636F007D5325 /* skiBodyAttitudeTeacheer WatchKit Extension.appex */;
			productType = "com.apple.product-type.watchkit2-extension";
		};
		BA3C943C27226371007D5325 /* skiBodyAttitudeTeacheer WatchKit AppTests */ = {
			isa = PBXNativeTarget;
			buildConfigurationList = BA3C946227226371007D5325 /* Build configuration list for PBXNativeTarget "skiBodyAttitudeTeacheer WatchKit AppTests" */;
			buildPhases = (
				BA3C943927226371007D5325 /* Sources */,
				BA3C943A27226371007D5325 /* Frameworks */,
				BA3C943B27226371007D5325 /* Resources */,
			);
			buildRules = (
			);
			dependencies = (
				BA3C943F27226371007D5325 /* PBXTargetDependency */,
			);
			name = "skiBodyAttitudeTeacheer WatchKit AppTests";
			productName = "skiBodyAttitudeTeacheer WatchKit AppTests";
			productReference = BA3C943D27226371007D5325 /* skiBodyAttitudeTeacheer WatchKit AppTests.xctest */;
			productType = "com.apple.product-type.bundle.unit-test";
		};
		BA3C944627226371007D5325 /* skiBodyAttitudeTeacheer WatchKit AppUITests */ = {
			isa = PBXNativeTarget;
			buildConfigurationList = BA3C946527226371007D5325 /* Build configuration list for PBXNativeTarget "skiBodyAttitudeTeacheer WatchKit AppUITests" */;
			buildPhases = (
				BA3C944327226371007D5325 /* Sources */,
				BA3C944427226371007D5325 /* Frameworks */,
				BA3C944527226371007D5325 /* Resources */,
			);
			buildRules = (
			);
			dependencies = (
				BA3C944927226371007D5325 /* PBXTargetDependency */,
			);
			name = "skiBodyAttitudeTeacheer WatchKit AppUITests";
			productName = "skiBodyAttitudeTeacheer WatchKit AppUITests";
			productReference = BA3C944727226371007D5325 /* skiBodyAttitudeTeacheer WatchKit AppUITests.xctest */;
			productType = "com.apple.product-type.bundle.ui-testing";
		};
/* End PBXNativeTarget section */

/* Begin PBXProject section */
		BA3C93EC2722636B007D5325 /* Project object */ = {
			isa = PBXProject;
			attributes = {
				BuildIndependentTargetsInParallel = 1;
				LastSwiftUpdateCheck = 1300;
				LastUpgradeCheck = 1300;
				TargetAttributes = {
					BA3C93F32722636B007D5325 = {
						CreatedOnToolsVersion = 13.0;
					};
					BA3C94032722636E007D5325 = {
						CreatedOnToolsVersion = 13.0;
						TestTargetID = BA3C93F32722636B007D5325;
					};
					BA3C940D2722636E007D5325 = {
						CreatedOnToolsVersion = 13.0;
						TestTargetID = BA3C93F32722636B007D5325;
					};
					BA3C94172722636E007D5325 = {
						CreatedOnToolsVersion = 13.0;
					};
					BA3C94222722636F007D5325 = {
						CreatedOnToolsVersion = 13.0;
					};
					BA3C943C27226371007D5325 = {
						CreatedOnToolsVersion = 13.0;
						TestTargetID = BA3C94222722636F007D5325;
					};
					BA3C944627226371007D5325 = {
						CreatedOnToolsVersion = 13.0;
						TestTargetID = BA3C94172722636E007D5325;
					};
				};
			};
			buildConfigurationList = BA3C93EF2722636B007D5325 /* Build configuration list for PBXProject "skiBodyAttitudeTeacheer" */;
			compatibilityVersion = "Xcode 13.0";
			developmentRegion = en;
			hasScannedForEncodings = 0;
			knownRegions = (
				en,
				Base,
			);
			mainGroup = BA3C93EB2722636B007D5325;
			productRefGroup = BA3C93F52722636B007D5325 /* Products */;
			projectDirPath = "";
			projectRoot = "";
			targets = (
				BA3C93F32722636B007D5325 /* skiBodyAttitudeTeacheer */,
				BA3C94032722636E007D5325 /* skiBodyAttitudeTeacheerTests */,
				BA3C940D2722636E007D5325 /* skiBodyAttitudeTeacheerUITests */,
				BA3C94172722636E007D5325 /* skiBodyAttitudeTeacheer WatchKit App */,
				BA3C94222722636F007D5325 /* skiBodyAttitudeTeacheer WatchKit Extension */,
				BA3C943C27226371007D5325 /* skiBodyAttitudeTeacheer WatchKit AppTests */,
				BA3C944627226371007D5325 /* skiBodyAttitudeTeacheer WatchKit AppUITests */,
			);
		};
/* End PBXProject section */

/* Begin PBXResourcesBuildPhase section */
		BA3C93F22722636B007D5325 /* Resources */ = {
			isa = PBXResourcesBuildPhase;
			buildActionMask = 2147483647;
			files = (
				BA3C93FF2722636E007D5325 /* Preview Assets.xcassets in Resources */,
				BA3C93FC2722636E007D5325 /* Assets.xcassets in Resources */,
			);
			runOnlyForDeploymentPostprocessing = 0;
		};
		BA3C94022722636E007D5325 /* Resources */ = {
			isa = PBXResourcesBuildPhase;
			buildActionMask = 2147483647;
			files = (
			);
			runOnlyForDeploymentPostprocessing = 0;
		};
		BA3C940C2722636E007D5325 /* Resources */ = {
			isa = PBXResourcesBuildPhase;
			buildActionMask = 2147483647;
			files = (
			);
			runOnlyForDeploymentPostprocessing = 0;
		};
		BA3C94162722636E007D5325 /* Resources */ = {
			isa = PBXResourcesBuildPhase;
			buildActionMask = 2147483647;
			files = (
				BA3C941E2722636F007D5325 /* Assets.xcassets in Resources */,
			);
			runOnlyForDeploymentPostprocessing = 0;
		};
		BA3C94212722636F007D5325 /* Resources */ = {
			isa = PBXResourcesBuildPhase;
			buildActionMask = 2147483647;
			files = (
				BA3C943627226371007D5325 /* Preview Assets.xcassets in Resources */,
				BA3C943327226371007D5325 /* Assets.xcassets in Resources */,
			);
			runOnlyForDeploymentPostprocessing = 0;
		};
		BA3C943B27226371007D5325 /* Resources */ = {
			isa = PBXResourcesBuildPhase;
			buildActionMask = 2147483647;
			files = (
			);
			runOnlyForDeploymentPostprocessing = 0;
		};
		BA3C944527226371007D5325 /* Resources */ = {
			isa = PBXResourcesBuildPhase;
			buildActionMask = 2147483647;
			files = (
			);
			runOnlyForDeploymentPostprocessing = 0;
		};
/* End PBXResourcesBuildPhase section */

/* Begin PBXSourcesBuildPhase section */
		BA3C93F02722636B007D5325 /* Sources */ = {
			isa = PBXSourcesBuildPhase;
			buildActionMask = 2147483647;
			files = (
				BAA0A9D9272AC9C500FEDF23 /* MotionAnalyser.swift in Sources */,
				BA3C93FA2722636B007D5325 /* ContentView.swift in Sources */,
				BAA0A9F6272F688E00FEDF23 /* MotionFeedBackerImpl.swift in Sources */,
				BAA0AA152734DE2500FEDF23 /* MovingPhasesProtocol.swift in Sources */,
				BA3C93F82722636B007D5325 /* skiBodyAttitudeTeacheerApp.swift in Sources */,
				BA90EF522724E1A700FC7A66 /* MotionWriter.swift in Sources */,
				BAA0A9FA272F973700FEDF23 /* MotionFeedbackerDelegate.swift in Sources */,
				BAA0A9D727294D3D00FEDF23 /* WatchMotionWriter.swift in Sources */,
				BAA0A9F8272F75CE00FEDF23 /* AirPodOnHeadMotionReceiver.swift in Sources */,
				2EF63A020C662199129CB62F /* MovingPhase.swift in Sources */,
				2EF63C13A1CF91E7AA5D9A9A /* TurnPhaseProtocol.swift in Sources */,
				2EF6325A71CC475332AB98D4 /* Attitude.swift in Sources */,
				2EF63E05ADD0C48AE9C1FDA7 /* SkiTurnPhase.swift in Sources */,
				2EF632ED8EFCA1C01902287C /* TurningChecker.swift in Sources */,
				2EF63ED4F1F7E52F19551984 /* GarlandChecker.swift in Sources */,
				2EF631B11228B943A5143E24 /* AverageAngleFinder.swift in Sources */,
				2EF634708DBE2CD1CD343B1F /* MotionAbsoluteTimeCalcuulator.swift in Sources */,
				2EF63D5F1D9E0F8FA1984F7E /* ToneOutputUnit.swift in Sources */,
				2EF631B15A3B9665292A8B28 /* TowAngleDiffrencial.swift in Sources */,
				2EF63B0086810A1D356D353E /* MaxAngleFinder.swift in Sources */,
				2EF63260C150FDD688797F80 /* TurnError.swift in Sources */,
				2EF63672289EDDE5A4871A40 /* PhysicsConstants.swift in Sources */,
				2EF6385F0E2BA80650637355 /* SimpleMovingAverage.swift in Sources */,
				2EF6353978ACCD61F12B932E /* AngleShifter.swift in Sources */,
				2EF630E5E6C98B9812FFBD08 /* AccelerationForTargetAngle.swift in Sources */,
				2EF63AC6C54C9E9E11AB975F /* MoveStopDiscriminator.swift in Sources */,
				2EF6381E4E88103004F9316E /* Boardに裏返して進行方向にX軸を向けたPhoneTurnReceiver.swift in Sources */,
				2EF63401E9F48942C124F30B /* 時計を平にして重心移動方向にX軸を向けたWatchTurnStreamReceiver.swift in Sources */,
				2EF63BAE1EE5A5CF397EA213 /* EvaluationResponder.swift in Sources */,
				2EF6317C4379BADACEFFE1CC /* PivotSlipScore.swift in Sources */,
				2EF63CBB7E207A9E50FDC4B8 /* ScoreOfCenterOfMassMoveToFallLineDirectionInTurnEnd.swift in Sources */,
				2EF63E045CA643184048BB82 /* ForwardAfterwardBalanceScore.swift in Sources */,
				2EF63C90ECC85A6A58D1EC74 /* ScoreOfCenterOfMassMoveToOrthogonalDirectionAgainstFallLineInTurnInitiation.swift in Sources */,
				2EF6356F11415291F2C2FD5A /* CurrentVelocity.swift in Sources */,
				2EF6394F0DE71AA60652365C /* TurnPeriodFinder.swift in Sources */,
				2EF6374E81B34A55455F5545 /* TurnPhaseFinder.swift in Sources */,
				2EF6301862E4829A83B62BCB /* TurnConditionFinder.swift in Sources */,
				2EF63AFE1AFAEFDEA035617D /* CanterOfMassTurnPhaseAnalyzer.swift in Sources */,
				2EF63E0971FD5F9DAAB9584B /* TimeStampAndTurnSideDirectionSide.swift in Sources */,
				2EF6360546B9703C240AE316 /* SkiTurnPhaseAnalyzer.swift in Sources */,
				2EF63D6881BCD49545436A4F /* IdealTurnConditionDetector.swift in Sources */,
			);
			runOnlyForDeploymentPostprocessing = 0;
		};
		BA3C94002722636E007D5325 /* Sources */ = {
			isa = PBXSourcesBuildPhase;
			buildActionMask = 2147483647;
			files = (
				BA3C94092722636E007D5325 /* skiBodyAttitudeTeacheerTests.swift in Sources */,
				2EF63927B69077B8C991113E /* TurnPhaseProtocol.swift in Sources */,
				2EF633BBA2E55CB77F7E308C /* MovingPhase.swift in Sources */,
				2EF63E004599F2F941B988B5 /* TurningChecker.swift in Sources */,
				2EF63848E202C7F048F3BAE3 /* GarlandChecker.swift in Sources */,
				2EF63089F090CAC8F3320A3B /* AverageAngleFinder.swift in Sources */,
				2EF634BF428069C49B5461BD /* MotionAbsoluteTimeCalcuulator.swift in Sources */,
				2EF6346022D4696E33EE0EAC /* ToneOutputUnit.swift in Sources */,
				2EF63B2956375341C7736D07 /* TowAngleDiffrencial.swift in Sources */,
				2EF631E91B06832CC6CB0BF0 /* MaxAngleFinder.swift in Sources */,
				2EF636DBC90C535E588F8B5C /* TurnError.swift in Sources */,
				2EF630FC659F0A28F66A7F3F /* PhysicsConstants.swift in Sources */,
				2EF630EA35632406C5F5F891 /* SimpleMovingAverage.swift in Sources */,
				2EF63FEC9B9772A4296F630C /* AngleShifter.swift in Sources */,
				2EF63AA52E82BA8B4252DD65 /* AccelerationForTargetAngle.swift in Sources */,
				2EF630F1D0A83744D2EA74FC /* MoveStopDiscriminator.swift in Sources */,
			);
			runOnlyForDeploymentPostprocessing = 0;
		};
		BA3C940A2722636E007D5325 /* Sources */ = {
			isa = PBXSourcesBuildPhase;
			buildActionMask = 2147483647;
			files = (
				BA3C94132722636E007D5325 /* skiBodyAttitudeTeacheerUITests.swift in Sources */,
				BA3C94152722636E007D5325 /* skiBodyAttitudeTeacheerUITestsLaunchTests.swift in Sources */,
				2EF6359824DEBF687FEC2D25 /* TurnPhaseProtocol.swift in Sources */,
				2EF634F91E4AD00339C40A50 /* MovingPhase.swift in Sources */,
				2EF63295A38E43862E5CF3C2 /* TurningChecker.swift in Sources */,
				2EF631C863CB620AA3B13CE0 /* GarlandChecker.swift in Sources */,
				2EF63EC9EFE6CD025BEC4605 /* AverageAngleFinder.swift in Sources */,
				2EF632E457EF1DAE7C4F7714 /* MotionAbsoluteTimeCalcuulator.swift in Sources */,
				2EF6308666AB6503374D6276 /* ToneOutputUnit.swift in Sources */,
				2EF636FF3B616036EC7F67EB /* TowAngleDiffrencial.swift in Sources */,
				2EF6363B2D9C05F4F725420D /* MaxAngleFinder.swift in Sources */,
				2EF63B0CF30A696C7AD13BF1 /* TurnError.swift in Sources */,
				2EF63BEDD442AD9A7171E892 /* PhysicsConstants.swift in Sources */,
				2EF63F2D2B9C54B4468B4A0E /* SimpleMovingAverage.swift in Sources */,
				2EF6385CE74CBC13ED8A0220 /* AngleShifter.swift in Sources */,
				2EF635EE718FD3D7308ABC93 /* AccelerationForTargetAngle.swift in Sources */,
				2EF63133EED5EB7E71956460 /* MoveStopDiscriminator.swift in Sources */,
			);
			runOnlyForDeploymentPostprocessing = 0;
		};
		BA3C941F2722636F007D5325 /* Sources */ = {
			isa = PBXSourcesBuildPhase;
			buildActionMask = 2147483647;
			files = (
				BA3C942D2722636F007D5325 /* NotificationController.swift in Sources */,
				BA3C942B2722636F007D5325 /* ContentView.swift in Sources */,
				BA3C94312722636F007D5325 /* ComplicationController.swift in Sources */,
				BAA0A8842728F61600FEDF23 /* PhoneConnector.swift in Sources */,
				BAA0A9E3272C2C3D00FEDF23 /* RecorderController.swift in Sources */,
				BA3C94292722636F007D5325 /* skiBodyAttitudeTeacheerApp.swift in Sources */,
				BA3C942F2722636F007D5325 /* NotificationView.swift in Sources */,
				2EF63648D35E7ED3EC31CC86 /* TurnPhaseProtocol.swift in Sources */,
				2EF639B9B93E12CD15933F65 /* MovingPhase.swift in Sources */,
				2EF6393DA71A973067A186EB /* TurningChecker.swift in Sources */,
				2EF63A194222D86E5E9C01ED /* GarlandChecker.swift in Sources */,
				2EF6386ED99C7899340F1594 /* AverageAngleFinder.swift in Sources */,
				2EF632755FCA6EC12317BC60 /* MotionAbsoluteTimeCalcuulator.swift in Sources */,
				2EF63629DA2953EFE1F434D8 /* ToneOutputUnit.swift in Sources */,
				2EF63CE8D0FC8D1AD3D4D754 /* TowAngleDiffrencial.swift in Sources */,
				2EF63E6630EDBEF471FD0385 /* MaxAngleFinder.swift in Sources */,
				2EF6321393177FB1396A3CB2 /* TurnError.swift in Sources */,
				2EF63325186B89E51CD1E3A6 /* PhysicsConstants.swift in Sources */,
				2EF630CB25D0A0B1D38568AD /* SimpleMovingAverage.swift in Sources */,
				2EF632587D6D76093850E009 /* AngleShifter.swift in Sources */,
				2EF63999D97DE95FB060616F /* AccelerationForTargetAngle.swift in Sources */,
				2EF634045B358A6481138436 /* MoveStopDiscriminator.swift in Sources */,
			);
			runOnlyForDeploymentPostprocessing = 0;
		};
		BA3C943927226371007D5325 /* Sources */ = {
			isa = PBXSourcesBuildPhase;
			buildActionMask = 2147483647;
			files = (
				BA3C944227226371007D5325 /* skiBodyAttitudeTeacheer_WatchKit_AppTests.swift in Sources */,
				2EF6364287A6E3158A46257D /* TurnPhaseProtocol.swift in Sources */,
				2EF632BC0FACC568DCFC0C73 /* MovingPhase.swift in Sources */,
				2EF634843847AC20140E685A /* TurningChecker.swift in Sources */,
				2EF63753FEBE6DF9129A8AE5 /* GarlandChecker.swift in Sources */,
				2EF63688177153659015D292 /* AverageAngleFinder.swift in Sources */,
				2EF636AE20AA511BE00413E1 /* MotionAbsoluteTimeCalcuulator.swift in Sources */,
				2EF63C24790BD712AA7533E3 /* ToneOutputUnit.swift in Sources */,
				2EF63040402F834A53FB22C9 /* TowAngleDiffrencial.swift in Sources */,
				2EF63AF15292729142597319 /* MaxAngleFinder.swift in Sources */,
				2EF639741057C48F7854A8CE /* TurnError.swift in Sources */,
				2EF6347323FFBE625E957D33 /* PhysicsConstants.swift in Sources */,
				2EF635E6758F3CA634166A57 /* SimpleMovingAverage.swift in Sources */,
				2EF63DC674D110C3DDAF9143 /* AngleShifter.swift in Sources */,
				2EF63B88D0C9A8774900FFD8 /* AccelerationForTargetAngle.swift in Sources */,
				2EF636D355B1C183B91C0610 /* MoveStopDiscriminator.swift in Sources */,
			);
			runOnlyForDeploymentPostprocessing = 0;
		};
		BA3C944327226371007D5325 /* Sources */ = {
			isa = PBXSourcesBuildPhase;
			buildActionMask = 2147483647;
			files = (
				BA3C944E27226371007D5325 /* skiBodyAttitudeTeacheer_WatchKit_AppUITestsLaunchTests.swift in Sources */,
				BA3C944C27226371007D5325 /* skiBodyAttitudeTeacheer_WatchKit_AppUITests.swift in Sources */,
				2EF639E95009A7F80B30D0AE /* TurnPhaseProtocol.swift in Sources */,
				2EF63E8D0634E14880264AAE /* MovingPhase.swift in Sources */,
				2EF63328B5D1008A241E14AC /* TurningChecker.swift in Sources */,
				2EF630B4854FD91E4C5B39B3 /* GarlandChecker.swift in Sources */,
				2EF6333A9B34791FBCABED07 /* AverageAngleFinder.swift in Sources */,
				2EF638FCDE68FFDB241484A2 /* MotionAbsoluteTimeCalcuulator.swift in Sources */,
				2EF634B6892A385E492C6869 /* ToneOutputUnit.swift in Sources */,
				2EF63A994F9479BF1B8EF61A /* TowAngleDiffrencial.swift in Sources */,
				2EF634BD5193C1781F1F80C9 /* MaxAngleFinder.swift in Sources */,
				2EF6376087AB0D91785986AC /* TurnError.swift in Sources */,
				2EF63A1596955ACBA7EDF885 /* PhysicsConstants.swift in Sources */,
				2EF63149275626EA78BE9986 /* SimpleMovingAverage.swift in Sources */,
				2EF638720887BF54D57CC823 /* AngleShifter.swift in Sources */,
				2EF63898659EE4E7F256E02B /* AccelerationForTargetAngle.swift in Sources */,
				2EF63D0ED06638E5D1986704 /* MoveStopDiscriminator.swift in Sources */,
			);
			runOnlyForDeploymentPostprocessing = 0;
		};
/* End PBXSourcesBuildPhase section */

/* Begin PBXTargetDependency section */
		BA3C94062722636E007D5325 /* PBXTargetDependency */ = {
			isa = PBXTargetDependency;
			target = BA3C93F32722636B007D5325 /* skiBodyAttitudeTeacheer */;
			targetProxy = BA3C94052722636E007D5325 /* PBXContainerItemProxy */;
		};
		BA3C94102722636E007D5325 /* PBXTargetDependency */ = {
			isa = PBXTargetDependency;
			target = BA3C93F32722636B007D5325 /* skiBodyAttitudeTeacheer */;
			targetProxy = BA3C940F2722636E007D5325 /* PBXContainerItemProxy */;
		};
		BA3C941B2722636E007D5325 /* PBXTargetDependency */ = {
			isa = PBXTargetDependency;
			target = BA3C94172722636E007D5325 /* skiBodyAttitudeTeacheer WatchKit App */;
			targetProxy = BA3C941A2722636E007D5325 /* PBXContainerItemProxy */;
		};
		BA3C94262722636F007D5325 /* PBXTargetDependency */ = {
			isa = PBXTargetDependency;
			target = BA3C94222722636F007D5325 /* skiBodyAttitudeTeacheer WatchKit Extension */;
			targetProxy = BA3C94252722636F007D5325 /* PBXContainerItemProxy */;
		};
		BA3C943F27226371007D5325 /* PBXTargetDependency */ = {
			isa = PBXTargetDependency;
			target = BA3C94222722636F007D5325 /* skiBodyAttitudeTeacheer WatchKit Extension */;
			targetProxy = BA3C943E27226371007D5325 /* PBXContainerItemProxy */;
		};
		BA3C944927226371007D5325 /* PBXTargetDependency */ = {
			isa = PBXTargetDependency;
			target = BA3C94172722636E007D5325 /* skiBodyAttitudeTeacheer WatchKit App */;
			targetProxy = BA3C944827226371007D5325 /* PBXContainerItemProxy */;
		};
/* End PBXTargetDependency section */

/* Begin XCBuildConfiguration section */
		BA3C944F27226371007D5325 /* Debug */ = {
			isa = XCBuildConfiguration;
			buildSettings = {
				ALWAYS_SEARCH_USER_PATHS = NO;
				CLANG_ANALYZER_NONNULL = YES;
				CLANG_ANALYZER_NUMBER_OBJECT_CONVERSION = YES_AGGRESSIVE;
				CLANG_CXX_LANGUAGE_STANDARD = "gnu++17";
				CLANG_CXX_LIBRARY = "libc++";
				CLANG_ENABLE_MODULES = YES;
				CLANG_ENABLE_OBJC_ARC = YES;
				CLANG_ENABLE_OBJC_WEAK = YES;
				CLANG_WARN_BLOCK_CAPTURE_AUTORELEASING = YES;
				CLANG_WARN_BOOL_CONVERSION = YES;
				CLANG_WARN_COMMA = YES;
				CLANG_WARN_CONSTANT_CONVERSION = YES;
				CLANG_WARN_DEPRECATED_OBJC_IMPLEMENTATIONS = YES;
				CLANG_WARN_DIRECT_OBJC_ISA_USAGE = YES_ERROR;
				CLANG_WARN_DOCUMENTATION_COMMENTS = YES;
				CLANG_WARN_EMPTY_BODY = YES;
				CLANG_WARN_ENUM_CONVERSION = YES;
				CLANG_WARN_INFINITE_RECURSION = YES;
				CLANG_WARN_INT_CONVERSION = YES;
				CLANG_WARN_NON_LITERAL_NULL_CONVERSION = YES;
				CLANG_WARN_OBJC_IMPLICIT_RETAIN_SELF = YES;
				CLANG_WARN_OBJC_LITERAL_CONVERSION = YES;
				CLANG_WARN_OBJC_ROOT_CLASS = YES_ERROR;
				CLANG_WARN_QUOTED_INCLUDE_IN_FRAMEWORK_HEADER = YES;
				CLANG_WARN_RANGE_LOOP_ANALYSIS = YES;
				CLANG_WARN_STRICT_PROTOTYPES = YES;
				CLANG_WARN_SUSPICIOUS_MOVE = YES;
				CLANG_WARN_UNGUARDED_AVAILABILITY = YES_AGGRESSIVE;
				CLANG_WARN_UNREACHABLE_CODE = YES;
				CLANG_WARN__DUPLICATE_METHOD_MATCH = YES;
				COPY_PHASE_STRIP = NO;
				DEBUG_INFORMATION_FORMAT = dwarf;
				ENABLE_STRICT_OBJC_MSGSEND = YES;
				ENABLE_TESTABILITY = YES;
				GCC_C_LANGUAGE_STANDARD = gnu11;
				GCC_DYNAMIC_NO_PIC = NO;
				GCC_NO_COMMON_BLOCKS = YES;
				GCC_OPTIMIZATION_LEVEL = 0;
				GCC_PREPROCESSOR_DEFINITIONS = (
					"DEBUG=1",
					"$(inherited)",
				);
				GCC_WARN_64_TO_32_BIT_CONVERSION = YES;
				GCC_WARN_ABOUT_RETURN_TYPE = YES_ERROR;
				GCC_WARN_UNDECLARED_SELECTOR = YES;
				GCC_WARN_UNINITIALIZED_AUTOS = YES_AGGRESSIVE;
				GCC_WARN_UNUSED_FUNCTION = YES;
				GCC_WARN_UNUSED_VARIABLE = YES;
				MTL_ENABLE_DEBUG_INFO = INCLUDE_SOURCE;
				MTL_FAST_MATH = YES;
				ONLY_ACTIVE_ARCH = YES;
				SWIFT_ACTIVE_COMPILATION_CONDITIONS = DEBUG;
				SWIFT_OPTIMIZATION_LEVEL = "-Onone";
			};
			name = Debug;
		};
		BA3C945027226371007D5325 /* Release */ = {
			isa = XCBuildConfiguration;
			buildSettings = {
				ALWAYS_SEARCH_USER_PATHS = NO;
				CLANG_ANALYZER_NONNULL = YES;
				CLANG_ANALYZER_NUMBER_OBJECT_CONVERSION = YES_AGGRESSIVE;
				CLANG_CXX_LANGUAGE_STANDARD = "gnu++17";
				CLANG_CXX_LIBRARY = "libc++";
				CLANG_ENABLE_MODULES = YES;
				CLANG_ENABLE_OBJC_ARC = YES;
				CLANG_ENABLE_OBJC_WEAK = YES;
				CLANG_WARN_BLOCK_CAPTURE_AUTORELEASING = YES;
				CLANG_WARN_BOOL_CONVERSION = YES;
				CLANG_WARN_COMMA = YES;
				CLANG_WARN_CONSTANT_CONVERSION = YES;
				CLANG_WARN_DEPRECATED_OBJC_IMPLEMENTATIONS = YES;
				CLANG_WARN_DIRECT_OBJC_ISA_USAGE = YES_ERROR;
				CLANG_WARN_DOCUMENTATION_COMMENTS = YES;
				CLANG_WARN_EMPTY_BODY = YES;
				CLANG_WARN_ENUM_CONVERSION = YES;
				CLANG_WARN_INFINITE_RECURSION = YES;
				CLANG_WARN_INT_CONVERSION = YES;
				CLANG_WARN_NON_LITERAL_NULL_CONVERSION = YES;
				CLANG_WARN_OBJC_IMPLICIT_RETAIN_SELF = YES;
				CLANG_WARN_OBJC_LITERAL_CONVERSION = YES;
				CLANG_WARN_OBJC_ROOT_CLASS = YES_ERROR;
				CLANG_WARN_QUOTED_INCLUDE_IN_FRAMEWORK_HEADER = YES;
				CLANG_WARN_RANGE_LOOP_ANALYSIS = YES;
				CLANG_WARN_STRICT_PROTOTYPES = YES;
				CLANG_WARN_SUSPICIOUS_MOVE = YES;
				CLANG_WARN_UNGUARDED_AVAILABILITY = YES_AGGRESSIVE;
				CLANG_WARN_UNREACHABLE_CODE = YES;
				CLANG_WARN__DUPLICATE_METHOD_MATCH = YES;
				COPY_PHASE_STRIP = NO;
				DEBUG_INFORMATION_FORMAT = "dwarf-with-dsym";
				ENABLE_NS_ASSERTIONS = NO;
				ENABLE_STRICT_OBJC_MSGSEND = YES;
				GCC_C_LANGUAGE_STANDARD = gnu11;
				GCC_NO_COMMON_BLOCKS = YES;
				GCC_WARN_64_TO_32_BIT_CONVERSION = YES;
				GCC_WARN_ABOUT_RETURN_TYPE = YES_ERROR;
				GCC_WARN_UNDECLARED_SELECTOR = YES;
				GCC_WARN_UNINITIALIZED_AUTOS = YES_AGGRESSIVE;
				GCC_WARN_UNUSED_FUNCTION = YES;
				GCC_WARN_UNUSED_VARIABLE = YES;
				MTL_ENABLE_DEBUG_INFO = NO;
				MTL_FAST_MATH = YES;
				SWIFT_COMPILATION_MODE = wholemodule;
				SWIFT_OPTIMIZATION_LEVEL = "-O";
			};
			name = Release;
		};
		BA3C945227226371007D5325 /* Debug */ = {
			isa = XCBuildConfiguration;
			buildSettings = {
				ASSETCATALOG_COMPILER_COMPLICATION_NAME = Complication;
				CODE_SIGN_STYLE = Automatic;
				CURRENT_PROJECT_VERSION = 1;
				DEVELOPMENT_ASSET_PATHS = "\"skiBodyAttitudeTeacheer WatchKit Extension/Preview Content\"";
				DEVELOPMENT_TEAM = X4RPB4Q33M;
				ENABLE_PREVIEWS = YES;
				GENERATE_INFOPLIST_FILE = YES;
				INFOPLIST_FILE = "skiBodyAttitudeTeacheer WatchKit Extension/Info.plist";
				INFOPLIST_KEY_CFBundleDisplayName = "skiBodyAttitudeTeacheer WatchKit Extension";
				INFOPLIST_KEY_CLKComplicationPrincipalClass = skiBodyAttitudeTeacheer_WatchKit_Extension.ComplicationController;
				INFOPLIST_KEY_NSHumanReadableCopyright = "";
				INFOPLIST_KEY_WKRunsIndependentlyOfCompanionApp = YES;
				LD_RUNPATH_SEARCH_PATHS = (
					"$(inherited)",
					"@executable_path/Frameworks",
					"@executable_path/../../Frameworks",
				);
				MARKETING_VERSION = 1.0;
				PRODUCT_BUNDLE_IDENTIFIER = koyakei.skiBodyAttitudeTeacheer.watchkitapp.watchkitextension;
				PRODUCT_NAME = "${TARGET_NAME}";
				SDKROOT = watchos;
				SKIP_INSTALL = YES;
				SWIFT_EMIT_LOC_STRINGS = YES;
				SWIFT_VERSION = 5.0;
				TARGETED_DEVICE_FAMILY = 4;
				WATCHOS_DEPLOYMENT_TARGET = 8.0;
			};
			name = Debug;
		};
		BA3C945327226371007D5325 /* Release */ = {
			isa = XCBuildConfiguration;
			buildSettings = {
				ASSETCATALOG_COMPILER_COMPLICATION_NAME = Complication;
				CODE_SIGN_STYLE = Automatic;
				CURRENT_PROJECT_VERSION = 1;
				DEVELOPMENT_ASSET_PATHS = "\"skiBodyAttitudeTeacheer WatchKit Extension/Preview Content\"";
				DEVELOPMENT_TEAM = X4RPB4Q33M;
				ENABLE_PREVIEWS = YES;
				GENERATE_INFOPLIST_FILE = YES;
				INFOPLIST_FILE = "skiBodyAttitudeTeacheer WatchKit Extension/Info.plist";
				INFOPLIST_KEY_CFBundleDisplayName = "skiBodyAttitudeTeacheer WatchKit Extension";
				INFOPLIST_KEY_CLKComplicationPrincipalClass = skiBodyAttitudeTeacheer_WatchKit_Extension.ComplicationController;
				INFOPLIST_KEY_NSHumanReadableCopyright = "";
				INFOPLIST_KEY_WKRunsIndependentlyOfCompanionApp = YES;
				LD_RUNPATH_SEARCH_PATHS = (
					"$(inherited)",
					"@executable_path/Frameworks",
					"@executable_path/../../Frameworks",
				);
				MARKETING_VERSION = 1.0;
				PRODUCT_BUNDLE_IDENTIFIER = koyakei.skiBodyAttitudeTeacheer.watchkitapp.watchkitextension;
				PRODUCT_NAME = "${TARGET_NAME}";
				SDKROOT = watchos;
				SKIP_INSTALL = YES;
				SWIFT_EMIT_LOC_STRINGS = YES;
				SWIFT_VERSION = 5.0;
				TARGETED_DEVICE_FAMILY = 4;
				VALIDATE_PRODUCT = YES;
				WATCHOS_DEPLOYMENT_TARGET = 8.0;
			};
			name = Release;
		};
		BA3C945627226371007D5325 /* Debug */ = {
			isa = XCBuildConfiguration;
			buildSettings = {
				ALWAYS_EMBED_SWIFT_STANDARD_LIBRARIES = YES;
				ASSETCATALOG_COMPILER_APPICON_NAME = AppIcon;
				ASSETCATALOG_COMPILER_GLOBAL_ACCENT_COLOR_NAME = AccentColor;
				CODE_SIGN_ENTITLEMENTS = "";
				CODE_SIGN_INJECT_BASE_ENTITLEMENTS = NO;
				CODE_SIGN_STYLE = Automatic;
				CURRENT_PROJECT_VERSION = 1;
				DEVELOPMENT_TEAM = X4RPB4Q33M;
				GENERATE_INFOPLIST_FILE = YES;
				IBSC_MODULE = skiBodyAttitudeTeacheer_WatchKit_Extension;
				INFOPLIST_FILE = "skiBodyAttitudeTeacheer-WatchKit-App-Info.plist";
				INFOPLIST_KEY_CFBundleDisplayName = "skiBodyAttitudeTeacheer WatchKit App";
				INFOPLIST_KEY_NSMotionUsageDescription = "";
				INFOPLIST_KEY_UISupportedInterfaceOrientations = "UIInterfaceOrientationPortrait UIInterfaceOrientationPortraitUpsideDown";
				INFOPLIST_KEY_WKCompanionAppBundleIdentifier = koyakei.skiBodyAttitudeTeacheer;
				MARKETING_VERSION = 1.0;
				PRODUCT_BUNDLE_IDENTIFIER = koyakei.skiBodyAttitudeTeacheer.watchkitapp;
				PRODUCT_NAME = "$(TARGET_NAME)";
				SDKROOT = watchos;
				SKIP_INSTALL = YES;
				SWIFT_EMIT_LOC_STRINGS = YES;
				SWIFT_VERSION = 5.0;
				TARGETED_DEVICE_FAMILY = 4;
				WATCHOS_DEPLOYMENT_TARGET = 8.0;
			};
			name = Debug;
		};
		BA3C945727226371007D5325 /* Release */ = {
			isa = XCBuildConfiguration;
			buildSettings = {
				ALWAYS_EMBED_SWIFT_STANDARD_LIBRARIES = YES;
				ASSETCATALOG_COMPILER_APPICON_NAME = AppIcon;
				ASSETCATALOG_COMPILER_GLOBAL_ACCENT_COLOR_NAME = AccentColor;
				CODE_SIGN_ENTITLEMENTS = "";
				CODE_SIGN_INJECT_BASE_ENTITLEMENTS = NO;
				CODE_SIGN_STYLE = Automatic;
				CURRENT_PROJECT_VERSION = 1;
				DEVELOPMENT_TEAM = X4RPB4Q33M;
				GENERATE_INFOPLIST_FILE = YES;
				IBSC_MODULE = skiBodyAttitudeTeacheer_WatchKit_Extension;
				INFOPLIST_FILE = "skiBodyAttitudeTeacheer-WatchKit-App-Info.plist";
				INFOPLIST_KEY_CFBundleDisplayName = "skiBodyAttitudeTeacheer WatchKit App";
				INFOPLIST_KEY_NSMotionUsageDescription = "";
				INFOPLIST_KEY_UISupportedInterfaceOrientations = "UIInterfaceOrientationPortrait UIInterfaceOrientationPortraitUpsideDown";
				INFOPLIST_KEY_WKCompanionAppBundleIdentifier = koyakei.skiBodyAttitudeTeacheer;
				MARKETING_VERSION = 1.0;
				PRODUCT_BUNDLE_IDENTIFIER = koyakei.skiBodyAttitudeTeacheer.watchkitapp;
				PRODUCT_NAME = "$(TARGET_NAME)";
				SDKROOT = watchos;
				SKIP_INSTALL = YES;
				SWIFT_EMIT_LOC_STRINGS = YES;
				SWIFT_VERSION = 5.0;
				TARGETED_DEVICE_FAMILY = 4;
				VALIDATE_PRODUCT = YES;
				WATCHOS_DEPLOYMENT_TARGET = 8.0;
			};
			name = Release;
		};
		BA3C945A27226371007D5325 /* Debug */ = {
			isa = XCBuildConfiguration;
			buildSettings = {
				ASSETCATALOG_COMPILER_APPICON_NAME = AppIcon;
				ASSETCATALOG_COMPILER_GLOBAL_ACCENT_COLOR_NAME = AccentColor;
				CODE_SIGN_ENTITLEMENTS = "";
				CODE_SIGN_IDENTITY = "Apple Development";
				CODE_SIGN_INJECT_BASE_ENTITLEMENTS = NO;
				CODE_SIGN_STYLE = Automatic;
				CURRENT_PROJECT_VERSION = 1;
				DEVELOPMENT_ASSET_PATHS = "\"skiBodyAttitudeTeacheer/Preview Content\"";
				DEVELOPMENT_TEAM = X4RPB4Q33M;
				ENABLE_PREVIEWS = YES;
				GENERATE_INFOPLIST_FILE = YES;
				INFOPLIST_FILE = skiBodyAttitudeTeacheer/Info.plist;
				INFOPLIST_KEY_NSMotionUsageDescription = test;
				INFOPLIST_KEY_NSSensorKitPrivacyPolicyURL = "https://my-site.xyz/privacy-policy/";
				INFOPLIST_KEY_NSSensorKitUsageDescription = "This is my app&apos;s SensorKit usage description.";
				INFOPLIST_KEY_UIApplicationSceneManifest_Generation = YES;
				INFOPLIST_KEY_UIApplicationSupportsIndirectInputEvents = YES;
				INFOPLIST_KEY_UILaunchScreen_Generation = YES;
				INFOPLIST_KEY_UISupportedInterfaceOrientations_iPad = "UIInterfaceOrientationPortrait UIInterfaceOrientationPortraitUpsideDown UIInterfaceOrientationLandscapeLeft UIInterfaceOrientationLandscapeRight";
				INFOPLIST_KEY_UISupportedInterfaceOrientations_iPhone = "UIInterfaceOrientationPortrait UIInterfaceOrientationLandscapeLeft UIInterfaceOrientationLandscapeRight";
				IPHONEOS_DEPLOYMENT_TARGET = 15.0;
				LD_RUNPATH_SEARCH_PATHS = (
					"$(inherited)",
					"@executable_path/Frameworks",
				);
				MARKETING_VERSION = 1.0;
				PRODUCT_BUNDLE_IDENTIFIER = koyakei.skiBodyAttitudeTeacheer;
				PRODUCT_NAME = "$(TARGET_NAME)";
				PROVISIONING_PROFILE_SPECIFIER = "";
				SDKROOT = iphoneos;
				SWIFT_EMIT_LOC_STRINGS = YES;
				SWIFT_VERSION = 5.0;
				TARGETED_DEVICE_FAMILY = 1;
			};
			name = Debug;
		};
		BA3C945B27226371007D5325 /* Release */ = {
			isa = XCBuildConfiguration;
			buildSettings = {
				ASSETCATALOG_COMPILER_APPICON_NAME = AppIcon;
				ASSETCATALOG_COMPILER_GLOBAL_ACCENT_COLOR_NAME = AccentColor;
				CODE_SIGN_ENTITLEMENTS = "";
				CODE_SIGN_IDENTITY = "Apple Development";
				CODE_SIGN_INJECT_BASE_ENTITLEMENTS = NO;
				CODE_SIGN_STYLE = Automatic;
				CURRENT_PROJECT_VERSION = 1;
				DEVELOPMENT_ASSET_PATHS = "\"skiBodyAttitudeTeacheer/Preview Content\"";
				DEVELOPMENT_TEAM = X4RPB4Q33M;
				ENABLE_PREVIEWS = YES;
				GENERATE_INFOPLIST_FILE = YES;
				INFOPLIST_FILE = skiBodyAttitudeTeacheer/Info.plist;
				INFOPLIST_KEY_NSMotionUsageDescription = test;
				INFOPLIST_KEY_NSSensorKitPrivacyPolicyURL = "https://my-site.xyz/privacy-policy/";
				INFOPLIST_KEY_NSSensorKitUsageDescription = "This is my app&apos;s SensorKit usage description.";
				INFOPLIST_KEY_UIApplicationSceneManifest_Generation = YES;
				INFOPLIST_KEY_UIApplicationSupportsIndirectInputEvents = YES;
				INFOPLIST_KEY_UILaunchScreen_Generation = YES;
				INFOPLIST_KEY_UISupportedInterfaceOrientations_iPad = "UIInterfaceOrientationPortrait UIInterfaceOrientationPortraitUpsideDown UIInterfaceOrientationLandscapeLeft UIInterfaceOrientationLandscapeRight";
				INFOPLIST_KEY_UISupportedInterfaceOrientations_iPhone = "UIInterfaceOrientationPortrait UIInterfaceOrientationLandscapeLeft UIInterfaceOrientationLandscapeRight";
				IPHONEOS_DEPLOYMENT_TARGET = 15.0;
				LD_RUNPATH_SEARCH_PATHS = (
					"$(inherited)",
					"@executable_path/Frameworks",
				);
				MARKETING_VERSION = 1.0;
				PRODUCT_BUNDLE_IDENTIFIER = koyakei.skiBodyAttitudeTeacheer;
				PRODUCT_NAME = "$(TARGET_NAME)";
				PROVISIONING_PROFILE_SPECIFIER = "";
				SDKROOT = iphoneos;
				SWIFT_EMIT_LOC_STRINGS = YES;
				SWIFT_VERSION = 5.0;
				TARGETED_DEVICE_FAMILY = 1;
				VALIDATE_PRODUCT = YES;
			};
			name = Release;
		};
		BA3C945D27226371007D5325 /* Debug */ = {
			isa = XCBuildConfiguration;
			buildSettings = {
				ALWAYS_EMBED_SWIFT_STANDARD_LIBRARIES = YES;
				BUNDLE_LOADER = "$(TEST_HOST)";
				CODE_SIGN_STYLE = Automatic;
				CURRENT_PROJECT_VERSION = 1;
				DEVELOPMENT_TEAM = X4RPB4Q33M;
				GENERATE_INFOPLIST_FILE = YES;
				IPHONEOS_DEPLOYMENT_TARGET = 15.0;
				LD_RUNPATH_SEARCH_PATHS = (
					"$(inherited)",
					"@executable_path/Frameworks",
					"@loader_path/Frameworks",
				);
				MARKETING_VERSION = 1.0;
				PRODUCT_BUNDLE_IDENTIFIER = koyakei.skiBodyAttitudeTeacheerTests;
				PRODUCT_NAME = "$(TARGET_NAME)";
				SDKROOT = iphoneos;
				SWIFT_EMIT_LOC_STRINGS = NO;
				SWIFT_VERSION = 5.0;
				TARGETED_DEVICE_FAMILY = "1,2";
				TEST_HOST = "$(BUILT_PRODUCTS_DIR)/skiBodyAttitudeTeacheer.app/skiBodyAttitudeTeacheer";
			};
			name = Debug;
		};
		BA3C945E27226371007D5325 /* Release */ = {
			isa = XCBuildConfiguration;
			buildSettings = {
				ALWAYS_EMBED_SWIFT_STANDARD_LIBRARIES = YES;
				BUNDLE_LOADER = "$(TEST_HOST)";
				CODE_SIGN_STYLE = Automatic;
				CURRENT_PROJECT_VERSION = 1;
				DEVELOPMENT_TEAM = X4RPB4Q33M;
				GENERATE_INFOPLIST_FILE = YES;
				IPHONEOS_DEPLOYMENT_TARGET = 15.0;
				LD_RUNPATH_SEARCH_PATHS = (
					"$(inherited)",
					"@executable_path/Frameworks",
					"@loader_path/Frameworks",
				);
				MARKETING_VERSION = 1.0;
				PRODUCT_BUNDLE_IDENTIFIER = koyakei.skiBodyAttitudeTeacheerTests;
				PRODUCT_NAME = "$(TARGET_NAME)";
				SDKROOT = iphoneos;
				SWIFT_EMIT_LOC_STRINGS = NO;
				SWIFT_VERSION = 5.0;
				TARGETED_DEVICE_FAMILY = "1,2";
				TEST_HOST = "$(BUILT_PRODUCTS_DIR)/skiBodyAttitudeTeacheer.app/skiBodyAttitudeTeacheer";
				VALIDATE_PRODUCT = YES;
			};
			name = Release;
		};
		BA3C946027226371007D5325 /* Debug */ = {
			isa = XCBuildConfiguration;
			buildSettings = {
				ALWAYS_EMBED_SWIFT_STANDARD_LIBRARIES = YES;
				CODE_SIGN_STYLE = Automatic;
				CURRENT_PROJECT_VERSION = 1;
				DEVELOPMENT_TEAM = X4RPB4Q33M;
				GENERATE_INFOPLIST_FILE = YES;
				IPHONEOS_DEPLOYMENT_TARGET = 15.0;
				LD_RUNPATH_SEARCH_PATHS = (
					"$(inherited)",
					"@executable_path/Frameworks",
					"@loader_path/Frameworks",
				);
				MARKETING_VERSION = 1.0;
				PRODUCT_BUNDLE_IDENTIFIER = koyakei.skiBodyAttitudeTeacheerUITests;
				PRODUCT_NAME = "$(TARGET_NAME)";
				SDKROOT = iphoneos;
				SWIFT_EMIT_LOC_STRINGS = NO;
				SWIFT_VERSION = 5.0;
				TARGETED_DEVICE_FAMILY = "1,2";
				TEST_TARGET_NAME = skiBodyAttitudeTeacheer;
			};
			name = Debug;
		};
		BA3C946127226371007D5325 /* Release */ = {
			isa = XCBuildConfiguration;
			buildSettings = {
				ALWAYS_EMBED_SWIFT_STANDARD_LIBRARIES = YES;
				CODE_SIGN_STYLE = Automatic;
				CURRENT_PROJECT_VERSION = 1;
				DEVELOPMENT_TEAM = X4RPB4Q33M;
				GENERATE_INFOPLIST_FILE = YES;
				IPHONEOS_DEPLOYMENT_TARGET = 15.0;
				LD_RUNPATH_SEARCH_PATHS = (
					"$(inherited)",
					"@executable_path/Frameworks",
					"@loader_path/Frameworks",
				);
				MARKETING_VERSION = 1.0;
				PRODUCT_BUNDLE_IDENTIFIER = koyakei.skiBodyAttitudeTeacheerUITests;
				PRODUCT_NAME = "$(TARGET_NAME)";
				SDKROOT = iphoneos;
				SWIFT_EMIT_LOC_STRINGS = NO;
				SWIFT_VERSION = 5.0;
				TARGETED_DEVICE_FAMILY = "1,2";
				TEST_TARGET_NAME = skiBodyAttitudeTeacheer;
				VALIDATE_PRODUCT = YES;
			};
			name = Release;
		};
		BA3C946327226371007D5325 /* Debug */ = {
			isa = XCBuildConfiguration;
			buildSettings = {
				ALWAYS_EMBED_SWIFT_STANDARD_LIBRARIES = YES;
				BUNDLE_LOADER = "$(TEST_HOST)";
				CODE_SIGN_STYLE = Automatic;
				CURRENT_PROJECT_VERSION = 1;
				DEVELOPMENT_TEAM = X4RPB4Q33M;
				GENERATE_INFOPLIST_FILE = YES;
				LD_RUNPATH_SEARCH_PATHS = (
					"$(inherited)",
					"@executable_path/Frameworks",
					"@loader_path/Frameworks",
				);
				MARKETING_VERSION = 1.0;
				PRODUCT_BUNDLE_IDENTIFIER = "koyakei.skiBodyAttitudeTeacheer-WatchKit-AppTests";
				PRODUCT_NAME = "$(TARGET_NAME)";
				SDKROOT = watchos;
				SWIFT_EMIT_LOC_STRINGS = NO;
				SWIFT_VERSION = 5.0;
				TARGETED_DEVICE_FAMILY = 4;
				TEST_HOST = "$(BUILT_PRODUCTS_DIR)/skiBodyAttitudeTeacheer WatchKit Extension.appex/skiBodyAttitudeTeacheer WatchKit Extension";
				WATCHOS_DEPLOYMENT_TARGET = 8.0;
			};
			name = Debug;
		};
		BA3C946427226371007D5325 /* Release */ = {
			isa = XCBuildConfiguration;
			buildSettings = {
				ALWAYS_EMBED_SWIFT_STANDARD_LIBRARIES = YES;
				BUNDLE_LOADER = "$(TEST_HOST)";
				CODE_SIGN_STYLE = Automatic;
				CURRENT_PROJECT_VERSION = 1;
				DEVELOPMENT_TEAM = X4RPB4Q33M;
				GENERATE_INFOPLIST_FILE = YES;
				LD_RUNPATH_SEARCH_PATHS = (
					"$(inherited)",
					"@executable_path/Frameworks",
					"@loader_path/Frameworks",
				);
				MARKETING_VERSION = 1.0;
				PRODUCT_BUNDLE_IDENTIFIER = "koyakei.skiBodyAttitudeTeacheer-WatchKit-AppTests";
				PRODUCT_NAME = "$(TARGET_NAME)";
				SDKROOT = watchos;
				SWIFT_EMIT_LOC_STRINGS = NO;
				SWIFT_VERSION = 5.0;
				TARGETED_DEVICE_FAMILY = 4;
				TEST_HOST = "$(BUILT_PRODUCTS_DIR)/skiBodyAttitudeTeacheer WatchKit Extension.appex/skiBodyAttitudeTeacheer WatchKit Extension";
				VALIDATE_PRODUCT = YES;
				WATCHOS_DEPLOYMENT_TARGET = 8.0;
			};
			name = Release;
		};
		BA3C946627226371007D5325 /* Debug */ = {
			isa = XCBuildConfiguration;
			buildSettings = {
				CODE_SIGN_STYLE = Automatic;
				CURRENT_PROJECT_VERSION = 1;
				DEVELOPMENT_TEAM = X4RPB4Q33M;
				GENERATE_INFOPLIST_FILE = YES;
				LD_RUNPATH_SEARCH_PATHS = (
					"$(inherited)",
					"@executable_path/Frameworks",
					"@loader_path/Frameworks",
				);
				MARKETING_VERSION = 1.0;
				PRODUCT_BUNDLE_IDENTIFIER = "koyakei.skiBodyAttitudeTeacheer-WatchKit-AppUITests";
				PRODUCT_NAME = "$(TARGET_NAME)";
				SDKROOT = watchos;
				SWIFT_EMIT_LOC_STRINGS = NO;
				SWIFT_VERSION = 5.0;
				TARGETED_DEVICE_FAMILY = 4;
				TEST_TARGET_NAME = "skiBodyAttitudeTeacheer WatchKit App";
				WATCHOS_DEPLOYMENT_TARGET = 8.0;
			};
			name = Debug;
		};
		BA3C946727226371007D5325 /* Release */ = {
			isa = XCBuildConfiguration;
			buildSettings = {
				CODE_SIGN_STYLE = Automatic;
				CURRENT_PROJECT_VERSION = 1;
				DEVELOPMENT_TEAM = X4RPB4Q33M;
				GENERATE_INFOPLIST_FILE = YES;
				LD_RUNPATH_SEARCH_PATHS = (
					"$(inherited)",
					"@executable_path/Frameworks",
					"@loader_path/Frameworks",
				);
				MARKETING_VERSION = 1.0;
				PRODUCT_BUNDLE_IDENTIFIER = "koyakei.skiBodyAttitudeTeacheer-WatchKit-AppUITests";
				PRODUCT_NAME = "$(TARGET_NAME)";
				SDKROOT = watchos;
				SWIFT_EMIT_LOC_STRINGS = NO;
				SWIFT_VERSION = 5.0;
				TARGETED_DEVICE_FAMILY = 4;
				TEST_TARGET_NAME = "skiBodyAttitudeTeacheer WatchKit App";
				VALIDATE_PRODUCT = YES;
				WATCHOS_DEPLOYMENT_TARGET = 8.0;
			};
			name = Release;
		};
/* End XCBuildConfiguration section */

/* Begin XCConfigurationList section */
		BA3C93EF2722636B007D5325 /* Build configuration list for PBXProject "skiBodyAttitudeTeacheer" */ = {
			isa = XCConfigurationList;
			buildConfigurations = (
				BA3C944F27226371007D5325 /* Debug */,
				BA3C945027226371007D5325 /* Release */,
			);
			defaultConfigurationIsVisible = 0;
			defaultConfigurationName = Release;
		};
		BA3C945127226371007D5325 /* Build configuration list for PBXNativeTarget "skiBodyAttitudeTeacheer WatchKit Extension" */ = {
			isa = XCConfigurationList;
			buildConfigurations = (
				BA3C945227226371007D5325 /* Debug */,
				BA3C945327226371007D5325 /* Release */,
			);
			defaultConfigurationIsVisible = 0;
			defaultConfigurationName = Release;
		};
		BA3C945527226371007D5325 /* Build configuration list for PBXNativeTarget "skiBodyAttitudeTeacheer WatchKit App" */ = {
			isa = XCConfigurationList;
			buildConfigurations = (
				BA3C945627226371007D5325 /* Debug */,
				BA3C945727226371007D5325 /* Release */,
			);
			defaultConfigurationIsVisible = 0;
			defaultConfigurationName = Release;
		};
		BA3C945927226371007D5325 /* Build configuration list for PBXNativeTarget "skiBodyAttitudeTeacheer" */ = {
			isa = XCConfigurationList;
			buildConfigurations = (
				BA3C945A27226371007D5325 /* Debug */,
				BA3C945B27226371007D5325 /* Release */,
			);
			defaultConfigurationIsVisible = 0;
			defaultConfigurationName = Release;
		};
		BA3C945C27226371007D5325 /* Build configuration list for PBXNativeTarget "skiBodyAttitudeTeacheerTests" */ = {
			isa = XCConfigurationList;
			buildConfigurations = (
				BA3C945D27226371007D5325 /* Debug */,
				BA3C945E27226371007D5325 /* Release */,
			);
			defaultConfigurationIsVisible = 0;
			defaultConfigurationName = Release;
		};
		BA3C945F27226371007D5325 /* Build configuration list for PBXNativeTarget "skiBodyAttitudeTeacheerUITests" */ = {
			isa = XCConfigurationList;
			buildConfigurations = (
				BA3C946027226371007D5325 /* Debug */,
				BA3C946127226371007D5325 /* Release */,
			);
			defaultConfigurationIsVisible = 0;
			defaultConfigurationName = Release;
		};
		BA3C946227226371007D5325 /* Build configuration list for PBXNativeTarget "skiBodyAttitudeTeacheer WatchKit AppTests" */ = {
			isa = XCConfigurationList;
			buildConfigurations = (
				BA3C946327226371007D5325 /* Debug */,
				BA3C946427226371007D5325 /* Release */,
			);
			defaultConfigurationIsVisible = 0;
			defaultConfigurationName = Release;
		};
		BA3C946527226371007D5325 /* Build configuration list for PBXNativeTarget "skiBodyAttitudeTeacheer WatchKit AppUITests" */ = {
			isa = XCConfigurationList;
			buildConfigurations = (
				BA3C946627226371007D5325 /* Debug */,
				BA3C946727226371007D5325 /* Release */,
			);
			defaultConfigurationIsVisible = 0;
			defaultConfigurationName = Release;
		};
/* End XCConfigurationList section */
	};
	rootObject = BA3C93EC2722636B007D5325 /* Project object */;
}
