// !$*UTF8*$!
{
	archiveVersion = 1;
	classes = {
	};
	objectVersion = 55;
	objects = {

/* Begin PBXBuildFile section */
		2EF63040402F834A53FB22C9 /* TowAngleDiffrencial.swift in Sources */ = {isa = PBXBuildFile; fileRef = 2EF63572FDBD6633BF2ABD50 /* TowAngleDiffrencial.swift */; };
		2EF63050B5C66F8BA9A15216 /* EvaluationResponder.swift in Sources */ = {isa = PBXBuildFile; fileRef = 2EF632FFB6882E7920F88177 /* EvaluationResponder.swift */; };
		2EF63066E41541AFD04CF2D8 /* LeftTurn前半Phase.swift in Sources */ = {isa = PBXBuildFile; fileRef = 2EF63E5C4D306FD6168CC163 /* LeftTurn前半Phase.swift */; };
		2EF63073D5AAF9D61036BB1D /* CanterOfMassTurnPhaseAnalyzer.swift in Sources */ = {isa = PBXBuildFile; fileRef = 2EF63EC0588686A51DD25C3D /* CanterOfMassTurnPhaseAnalyzer.swift */; };
		2EF63089F090CAC8F3320A3B /* AverageAngleFinder.swift in Sources */ = {isa = PBXBuildFile; fileRef = 2EF63FE2A88409DB91599637 /* AverageAngleFinder.swift */; };
		2EF6309337E0D2256CFCA07D /* OneTurn.swift in Sources */ = {isa = PBXBuildFile; fileRef = 2EF63EDF50E1FEE61302C58B /* OneTurn.swift */; };
		2EF630AF71D2370FCA457C30 /* GetAbsoluteRotationRate.swift in Sources */ = {isa = PBXBuildFile; fileRef = 2EF6366F5F6BCD9FC33EF541 /* GetAbsoluteRotationRate.swift */; };
		2EF630E5E6C98B9812FFBD08 /* AccelerationForTargetAngle.swift in Sources */ = {isa = PBXBuildFile; fileRef = 2EF635822175156661826BB7 /* AccelerationForTargetAngle.swift */; };
		2EF630FC659F0A28F66A7F3F /* PhysicsConstants.swift in Sources */ = {isa = PBXBuildFile; fileRef = 2EF63E0E844EEB291D80B01E /* PhysicsConstants.swift */; };
		2EF631B11228B943A5143E24 /* AverageAngleFinder.swift in Sources */ = {isa = PBXBuildFile; fileRef = 2EF63FE2A88409DB91599637 /* AverageAngleFinder.swift */; };
		2EF631B15A3B9665292A8B28 /* TowAngleDiffrencial.swift in Sources */ = {isa = PBXBuildFile; fileRef = 2EF63572FDBD6633BF2ABD50 /* TowAngleDiffrencial.swift */; };
		2EF631B49468156B4DAFBDDE /* GarlandChecker.swift in Sources */ = {isa = PBXBuildFile; fileRef = 2EF63009A2ED079095745A06 /* GarlandChecker.swift */; };
		2EF631C538A7A86D965E43DE /* Attitude.swift in Sources */ = {isa = PBXBuildFile; fileRef = 2EF638852BB8EF40346AC354 /* Attitude.swift */; };
		2EF631E91B06832CC6CB0BF0 /* MaxAngleFinder.swift in Sources */ = {isa = PBXBuildFile; fileRef = 2EF631850C9D315F37A2BCB0 /* MaxAngleFinder.swift */; };
		2EF632587D6D76093850E009 /* AngleShifter.swift in Sources */ = {isa = PBXBuildFile; fileRef = 2EF633D8018B0E8B238E3AB2 /* AngleShifter.swift */; };
		2EF6326215D919BD4AED9F7D /* TurnError.swift in Sources */ = {isa = PBXBuildFile; fileRef = 2EF635C99299EF72A7E1CE89 /* TurnError.swift */; };
		2EF632755FCA6EC12317BC60 /* CurrentTimeCalculatorFromSystemUpTimeAndSystemBootedTime.swift in Sources */ = {isa = PBXBuildFile; fileRef = 2EF63474CC5B29D712BFEBC2 /* CurrentTimeCalculatorFromSystemUpTimeAndSystemBootedTime.swift */; };
		2EF63294AAE30149B8261DDA /* CenterOfMassTurnPhase.swift in Sources */ = {isa = PBXBuildFile; fileRef = 2EF63E42BD37BB3228BEB9A2 /* CenterOfMassTurnPhase.swift */; };
		2EF632E2131ACEC2249CA588 /* CenterOfMassUnifiedTurnPhase.swift in Sources */ = {isa = PBXBuildFile; fileRef = 2EF63A84B828BB50B47BF23E /* CenterOfMassUnifiedTurnPhase.swift */; };
		2EF63305D5DF074BAB31E48E /* LeftTurn内にスキーが傾いている.swift in Sources */ = {isa = PBXBuildFile; fileRef = 2EF63600A942019C72FEF59A /* LeftTurn内にスキーが傾いている.swift */; };
		2EF63308CEBB1EC4EF6BBE16 /* ScoreOfCenterOfMassMoveToFallLineDirectionInTurnEnd.swift in Sources */ = {isa = PBXBuildFile; fileRef = 2EF63AF477EEB73E64C3340F /* ScoreOfCenterOfMassMoveToFallLineDirectionInTurnEnd.swift */; };
		2EF63325186B89E51CD1E3A6 /* PhysicsConstants.swift in Sources */ = {isa = PBXBuildFile; fileRef = 2EF63E0E844EEB291D80B01E /* PhysicsConstants.swift */; };
		2EF63341EDCA9F63BE736EC0 /* TurnChronologicalPhaseFinder.swift in Sources */ = {isa = PBXBuildFile; fileRef = 2EF634D918CD8E3B75EFC003 /* TurnChronologicalPhaseFinder.swift */; };
		2EF63391AA1405D93E5F1C02 /* CurrentVelocity.swift in Sources */ = {isa = PBXBuildFile; fileRef = 2EF63BBC4C3B04B024C151A1 /* CurrentVelocity.swift */; };
		2EF633CBAF24C729C8E944CD /* RightTurn内にスキーが傾いている.swift in Sources */ = {isa = PBXBuildFile; fileRef = 2EF631969CBA00532F359724 /* RightTurn内にスキーが傾いている.swift */; };
		2EF634129360B3769285D6A2 /* RightTurn前半スキーが内にロールしていっている.swift in Sources */ = {isa = PBXBuildFile; fileRef = 2EF636579BB557DF8C36F621 /* RightTurn前半スキーが内にロールしていっている.swift */; };
		2EF6341FFB51AA0E753D86AB /* SkiTurnPhase.swift in Sources */ = {isa = PBXBuildFile; fileRef = 2EF63F74A4EC4CD9024AA22B /* SkiTurnPhase.swift */; };
		2EF6344254B370436EFF6AC1 /* ForwardAfterwardBalanceScore.swift in Sources */ = {isa = PBXBuildFile; fileRef = 2EF63E296DCB11BA142480D9 /* ForwardAfterwardBalanceScore.swift */; };
		2EF63455FC5D5E76E185DE45 /* ToneOutputUnit.swift in Sources */ = {isa = PBXBuildFile; fileRef = 2EF631D70C72AD3C7621CDFC /* ToneOutputUnit.swift */; };
		2EF634708DBE2CD1CD343B1F /* CurrentTimeCalculatorFromSystemUpTimeAndSystemBootedTime.swift in Sources */ = {isa = PBXBuildFile; fileRef = 2EF63474CC5B29D712BFEBC2 /* CurrentTimeCalculatorFromSystemUpTimeAndSystemBootedTime.swift */; };
		2EF6347323FFBE625E957D33 /* PhysicsConstants.swift in Sources */ = {isa = PBXBuildFile; fileRef = 2EF63E0E844EEB291D80B01E /* PhysicsConstants.swift */; };
		2EF6347BBAB51066FE1DC5C2 /* MotionAnalyser.swift in Sources */ = {isa = PBXBuildFile; fileRef = 2EF637F6B5201E6DCD55E406 /* MotionAnalyser.swift */; };
		2EF6349DB8388C5CC8570D19 /* TypeAliases.swift in Sources */ = {isa = PBXBuildFile; fileRef = 2EF6342AF3ED28AE323F54DC /* TypeAliases.swift */; };
		2EF634BF428069C49B5461BD /* CurrentTimeCalculatorFromSystemUpTimeAndSystemBootedTime.swift in Sources */ = {isa = PBXBuildFile; fileRef = 2EF63474CC5B29D712BFEBC2 /* CurrentTimeCalculatorFromSystemUpTimeAndSystemBootedTime.swift */; };
		2EF6353978ACCD61F12B932E /* AngleShifter.swift in Sources */ = {isa = PBXBuildFile; fileRef = 2EF633D8018B0E8B238E3AB2 /* AngleShifter.swift */; };
		2EF635587061705849D6DF1A /* TimeStampAndTurnSideDirectionSide.swift in Sources */ = {isa = PBXBuildFile; fileRef = 2EF6313C1C1B2B57F0334AE9 /* TimeStampAndTurnSideDirectionSide.swift */; };
		2EF635E3BC76C0B423AABECA /* MoveStopDiscriminator.swift in Sources */ = {isa = PBXBuildFile; fileRef = 2EF63B291F72B8C9A40D8094 /* MoveStopDiscriminator.swift */; };
		2EF635E61314826BE2202D7F /* ReverceDeviceMotionMaintainXAxis.swift in Sources */ = {isa = PBXBuildFile; fileRef = 2EF6326CAF988A36F5BEB2DD /* ReverceDeviceMotionMaintainXAxis.swift */; };
		2EF63602A240241B57A7F997 /* TurningChecker.swift in Sources */ = {isa = PBXBuildFile; fileRef = 2EF6357FEE78DF0CD64A792C /* TurningChecker.swift */; };
		2EF6363AAD93DEA38BDE2913 /* ScoreOfCenterOfMassMoveToOrthogonalDirectionAgainstFallLineInTurnInitiation.swift in Sources */ = {isa = PBXBuildFile; fileRef = 2EF63F136DF82CBCCB363A4B /* ScoreOfCenterOfMassMoveToOrthogonalDirectionAgainstFallLineInTurnInitiation.swift */; };
		2EF63672289EDDE5A4871A40 /* PhysicsConstants.swift in Sources */ = {isa = PBXBuildFile; fileRef = 2EF63E0E844EEB291D80B01E /* PhysicsConstants.swift */; };
		2EF6367E6F3DCB9B18A304C1 /* MotionFeedBackerImpl.swift in Sources */ = {isa = PBXBuildFile; fileRef = 2EF63BF1686B065E71DC4B08 /* MotionFeedBackerImpl.swift */; };
		2EF63688177153659015D292 /* AverageAngleFinder.swift in Sources */ = {isa = PBXBuildFile; fileRef = 2EF63FE2A88409DB91599637 /* AverageAngleFinder.swift */; };
		2EF636AE20AA511BE00413E1 /* CurrentTimeCalculatorFromSystemUpTimeAndSystemBootedTime.swift in Sources */ = {isa = PBXBuildFile; fileRef = 2EF63474CC5B29D712BFEBC2 /* CurrentTimeCalculatorFromSystemUpTimeAndSystemBootedTime.swift */; };
		2EF636AF54846DC1F651FA09 /* YawRotationRateMovingAverageFinder.swift in Sources */ = {isa = PBXBuildFile; fileRef = 2EF635ED93C5099DEF862FEE /* YawRotationRateMovingAverageFinder.swift */; };
		2EF636D3F85B058C44C5FAC0 /* TimeStampAndTurnSideDirectionChanged.swift in Sources */ = {isa = PBXBuildFile; fileRef = 2EF6377BD3A83603F7D2F226 /* TimeStampAndTurnSideDirectionChanged.swift */; };
		2EF636E174019520949CA45F /* MovingPhasesProtocol.swift in Sources */ = {isa = PBXBuildFile; fileRef = 2EF632804E51191A8B165B39 /* MovingPhasesProtocol.swift */; };
		2EF638067456213912610AE5 /* AbsoluteRotationRecordProtocol.swift in Sources */ = {isa = PBXBuildFile; fileRef = 2EF630386CE31665C1BE8E9F /* AbsoluteRotationRecordProtocol.swift */; };
		2EF6386ED99C7899340F1594 /* AverageAngleFinder.swift in Sources */ = {isa = PBXBuildFile; fileRef = 2EF63FE2A88409DB91599637 /* AverageAngleFinder.swift */; };
		2EF638E910C2202EF0B03D63 /* TurnPhaseProtocol.swift in Sources */ = {isa = PBXBuildFile; fileRef = 2EF63EE4F9DCB1F3D5558C4F /* TurnPhaseProtocol.swift */; };
		2EF6390AF3397C50DAB7491A /* SkiTurnPhaseAnalyzer.swift in Sources */ = {isa = PBXBuildFile; fileRef = 2EF63170E20736515729E144 /* SkiTurnPhaseAnalyzer.swift */; };
		2EF6395BDE442DF4C51019A7 /* AirPodOnHeadMotionReceiver.swift in Sources */ = {isa = PBXBuildFile; fileRef = 2EF630AFEF7873CF71EA5E82 /* AirPodOnHeadMotionReceiver.swift */; };
		2EF6398909F5052BF57E4D3F /* AbsoluteFallLineAttitudeFinder.swift in Sources */ = {isa = PBXBuildFile; fileRef = 2EF634B77308022ECB76158C /* AbsoluteFallLineAttitudeFinder.swift */; };
		2EF63999D97DE95FB060616F /* AccelerationForTargetAngle.swift in Sources */ = {isa = PBXBuildFile; fileRef = 2EF635822175156661826BB7 /* AccelerationForTargetAngle.swift */; };
		2EF639D0CB0F73847AC217F1 /* RightTurn前半Phase.swift in Sources */ = {isa = PBXBuildFile; fileRef = 2EF63E35CFA579DE9212AA38 /* RightTurn前半Phase.swift */; };
		2EF63A1B8DA64B39B7A5A45A /* CenterOfMassTurnPhaseCollection.swift in Sources */ = {isa = PBXBuildFile; fileRef = 2EF6308135883FEA9607CEDE /* CenterOfMassTurnPhaseCollection.swift */; };
		2EF63AEBC7FC656F12ED2429 /* Switch後ずっとKeepか.swift in Sources */ = {isa = PBXBuildFile; fileRef = 2EF639474CB3F2ED8EEA63E7 /* Switch後ずっとKeepか.swift */; };
		2EF63AF15292729142597319 /* MaxAngleFinder.swift in Sources */ = {isa = PBXBuildFile; fileRef = 2EF631850C9D315F37A2BCB0 /* MaxAngleFinder.swift */; };
		2EF63B0086810A1D356D353E /* MaxAngleFinder.swift in Sources */ = {isa = PBXBuildFile; fileRef = 2EF631850C9D315F37A2BCB0 /* MaxAngleFinder.swift */; };
		2EF63B2956375341C7736D07 /* TowAngleDiffrencial.swift in Sources */ = {isa = PBXBuildFile; fileRef = 2EF63572FDBD6633BF2ABD50 /* TowAngleDiffrencial.swift */; };
		2EF63B2A328D2899F8F365D8 /* TurnConditionFinder.swift in Sources */ = {isa = PBXBuildFile; fileRef = 2EF63EED1399E8E4A5853A98 /* TurnConditionFinder.swift */; };
		2EF63B2C71216B0301DCABCD /* LeftTurn前半内にロールしていっている.swift in Sources */ = {isa = PBXBuildFile; fileRef = 2EF63AFEE47E68C6A773D866 /* LeftTurn前半内にロールしていっている.swift */; };
		2EF63B57C6B221362A4C9049 /* SkiTurnPhaseCollection.swift in Sources */ = {isa = PBXBuildFile; fileRef = 2EF63936A0C112C8ABB1928F /* SkiTurnPhaseCollection.swift */; };
		2EF63B65CAE9543F4C2F51A0 /* RightTurn後半スキーのロール角が起き上がってきている.swift in Sources */ = {isa = PBXBuildFile; fileRef = 2EF63C155F564F480D9B4043 /* RightTurn後半スキーのロール角が起き上がってきている.swift */; };
		2EF63B93B3B3F40C00200ED8 /* MotionWriter.swift in Sources */ = {isa = PBXBuildFile; fileRef = 2EF63FD1BB56D985EA70A268 /* MotionWriter.swift */; };
		2EF63BB80B7C0D4FE7BD216D /* LeftTurn後半スキーのロール角が起き上がってきている.swift in Sources */ = {isa = PBXBuildFile; fileRef = 2EF63DCDB4BBA6629D1D7AC8 /* LeftTurn後半スキーのロール角が起き上がってきている.swift */; };
		2EF63BCE98EADED23EF13297 /* MovingPhase.swift in Sources */ = {isa = PBXBuildFile; fileRef = 2EF6304E653C974E55ECC55C /* MovingPhase.swift */; };
		2EF63C2FF02AA06CC85692F8 /* LeftTurn後半Phase.swift in Sources */ = {isa = PBXBuildFile; fileRef = 2EF639DB37674B64D1AB5306 /* LeftTurn後半Phase.swift */; };
		2EF63CE8D0FC8D1AD3D4D754 /* TowAngleDiffrencial.swift in Sources */ = {isa = PBXBuildFile; fileRef = 2EF63572FDBD6633BF2ABD50 /* TowAngleDiffrencial.swift */; };
		2EF63D0B5FA3BB120E5BFC17 /* 時計を平にして重心移動方向にX軸を向けたWatchTurnStreamReceiver.swift in Sources */ = {isa = PBXBuildFile; fileRef = 2EF63F93C10CD50734015EAF /* 時計を平にして重心移動方向にX軸を向けたWatchTurnStreamReceiver.swift */; };
		2EF63D609E2CF62D963B2D6A /* Boardに裏返して進行方向にX軸を向けたPhoneTurnReceiver.swift in Sources */ = {isa = PBXBuildFile; fileRef = 2EF631834BE40471093D77E6 /* Boardに裏返して進行方向にX軸を向けたPhoneTurnReceiver.swift */; };
		2EF63D6A68181FCF71A9D716 /* RightTurn後半Phase.swift in Sources */ = {isa = PBXBuildFile; fileRef = 2EF63D289638024D0CB2DC6E /* RightTurn後半Phase.swift */; };
		2EF63D71467DD652BC3C85D7 /* PivotSlipScore.swift in Sources */ = {isa = PBXBuildFile; fileRef = 2EF6363BA389115ED2B7F776 /* PivotSlipScore.swift */; };
		2EF63D8A7D93A72D2B9A54CF /* SimpleMovingAverage.swift in Sources */ = {isa = PBXBuildFile; fileRef = 2EF6389F251297054388331A /* SimpleMovingAverage.swift */; };
		2EF63DC674D110C3DDAF9143 /* AngleShifter.swift in Sources */ = {isa = PBXBuildFile; fileRef = 2EF633D8018B0E8B238E3AB2 /* AngleShifter.swift */; };
		2EF63E08E31ABA03BEA4C1E2 /* TurnSideChangingPeriodFinder.swift in Sources */ = {isa = PBXBuildFile; fileRef = 2EF63ACF7B51D0C384E340EC /* TurnSideChangingPeriodFinder.swift */; };
		2EF63E6630EDBEF471FD0385 /* MaxAngleFinder.swift in Sources */ = {isa = PBXBuildFile; fileRef = 2EF631850C9D315F37A2BCB0 /* MaxAngleFinder.swift */; };
		2EF63E759458A0FFEB1A82B2 /* WatchMotionWriter.swift in Sources */ = {isa = PBXBuildFile; fileRef = 2EF6323D6F702A9500A98DAE /* WatchMotionWriter.swift */; };
		2EF63E92B71A89D534098689 /* IdealTurnConditionDetector.swift in Sources */ = {isa = PBXBuildFile; fileRef = 2EF6349EBE48A324D8010A7C /* IdealTurnConditionDetector.swift */; };
		2EF63F9BEEF8AE9D352D5A0D /* Attitude.swift in Sources */ = {isa = PBXBuildFile; fileRef = 2EF638852BB8EF40346AC354 /* Attitude.swift */; };
		2EF63FC94CADBB46D2648037 /* YawingSideFinder.swift in Sources */ = {isa = PBXBuildFile; fileRef = 2EF638C4A9237C688099FC70 /* YawingSideFinder.swift */; };
		2EF63FEC9B9772A4296F630C /* AngleShifter.swift in Sources */ = {isa = PBXBuildFile; fileRef = 2EF633D8018B0E8B238E3AB2 /* AngleShifter.swift */; };
		BA3C93F82722636B007D5325 /* skiBodyAttitudeTeacheerApp.swift in Sources */ = {isa = PBXBuildFile; fileRef = BA3C93F72722636B007D5325 /* skiBodyAttitudeTeacheerApp.swift */; };
		BA3C93FA2722636B007D5325 /* ContentView.swift in Sources */ = {isa = PBXBuildFile; fileRef = BA3C93F92722636B007D5325 /* ContentView.swift */; };
		BA3C93FC2722636E007D5325 /* Assets.xcassets in Resources */ = {isa = PBXBuildFile; fileRef = BA3C93FB2722636E007D5325 /* Assets.xcassets */; };
		BA3C93FF2722636E007D5325 /* Preview Assets.xcassets in Resources */ = {isa = PBXBuildFile; fileRef = BA3C93FE2722636E007D5325 /* Preview Assets.xcassets */; };
		BA3C94092722636E007D5325 /* skiBodyAttitudeTeacheerTests.swift in Sources */ = {isa = PBXBuildFile; fileRef = BA3C94082722636E007D5325 /* skiBodyAttitudeTeacheerTests.swift */; };
		BA3C94192722636E007D5325 /* skiBodyAttitudeTeacheer WatchKit App.app in Embed Watch Content */ = {isa = PBXBuildFile; fileRef = BA3C94182722636E007D5325 /* skiBodyAttitudeTeacheer WatchKit App.app */; settings = {ATTRIBUTES = (RemoveHeadersOnCopy, ); }; };
		BA3C941E2722636F007D5325 /* Assets.xcassets in Resources */ = {isa = PBXBuildFile; fileRef = BA3C941D2722636F007D5325 /* Assets.xcassets */; };
		BA3C94242722636F007D5325 /* skiBodyAttitudeTeacheer WatchKit Extension.appex in Embed App Extensions */ = {isa = PBXBuildFile; fileRef = BA3C94232722636F007D5325 /* skiBodyAttitudeTeacheer WatchKit Extension.appex */; settings = {ATTRIBUTES = (RemoveHeadersOnCopy, ); }; };
		BA3C94292722636F007D5325 /* skiBodyAttitudeTeacheerApp.swift in Sources */ = {isa = PBXBuildFile; fileRef = BA3C94282722636F007D5325 /* skiBodyAttitudeTeacheerApp.swift */; };
		BA3C942B2722636F007D5325 /* ContentView.swift in Sources */ = {isa = PBXBuildFile; fileRef = BA3C942A2722636F007D5325 /* ContentView.swift */; };
		BA3C942D2722636F007D5325 /* NotificationController.swift in Sources */ = {isa = PBXBuildFile; fileRef = BA3C942C2722636F007D5325 /* NotificationController.swift */; };
		BA3C942F2722636F007D5325 /* NotificationView.swift in Sources */ = {isa = PBXBuildFile; fileRef = BA3C942E2722636F007D5325 /* NotificationView.swift */; };
		BA3C94312722636F007D5325 /* ComplicationController.swift in Sources */ = {isa = PBXBuildFile; fileRef = BA3C94302722636F007D5325 /* ComplicationController.swift */; };
		BA3C943327226371007D5325 /* Assets.xcassets in Resources */ = {isa = PBXBuildFile; fileRef = BA3C943227226371007D5325 /* Assets.xcassets */; };
		BA3C943627226371007D5325 /* Preview Assets.xcassets in Resources */ = {isa = PBXBuildFile; fileRef = BA3C943527226371007D5325 /* Preview Assets.xcassets */; };
		BA3C944227226371007D5325 /* skiBodyAttitudeTeacheer_WatchKit_AppTests.swift in Sources */ = {isa = PBXBuildFile; fileRef = BA3C944127226371007D5325 /* skiBodyAttitudeTeacheer_WatchKit_AppTests.swift */; };
		BAA0A8842728F61600FEDF23 /* PhoneConnector.swift in Sources */ = {isa = PBXBuildFile; fileRef = BAA0A8832728F61600FEDF23 /* PhoneConnector.swift */; };
		BAA0A9E3272C2C3D00FEDF23 /* RecorderController.swift in Sources */ = {isa = PBXBuildFile; fileRef = BAA0A9E2272C2C3D00FEDF23 /* RecorderController.swift */; };
		BAA0A9FA272F973700FEDF23 /* MotionFeedBackerDelegate.swift in Sources */ = {isa = PBXBuildFile; fileRef = BAA0A9F9272F973700FEDF23 /* MotionFeedBackerDelegate.swift */; };
		BAB2653A274BBBB0001A51BA /* CoreLocation.framework in Frameworks */ = {isa = PBXBuildFile; fileRef = BAB26539274BBBB0001A51BA /* CoreLocation.framework */; };
/* End PBXBuildFile section */

/* Begin PBXContainerItemProxy section */
		BA3C94052722636E007D5325 /* PBXContainerItemProxy */ = {
			isa = PBXContainerItemProxy;
			containerPortal = BA3C93EC2722636B007D5325 /* Project object */;
			proxyType = 1;
			remoteGlobalIDString = BA3C93F32722636B007D5325;
			remoteInfo = skiBodyAttitudeTeacheer;
		};
		BA3C941A2722636E007D5325 /* PBXContainerItemProxy */ = {
			isa = PBXContainerItemProxy;
			containerPortal = BA3C93EC2722636B007D5325 /* Project object */;
			proxyType = 1;
			remoteGlobalIDString = BA3C94172722636E007D5325;
			remoteInfo = "skiBodyAttitudeTeacheer WatchKit App";
		};
		BA3C94252722636F007D5325 /* PBXContainerItemProxy */ = {
			isa = PBXContainerItemProxy;
			containerPortal = BA3C93EC2722636B007D5325 /* Project object */;
			proxyType = 1;
			remoteGlobalIDString = BA3C94222722636F007D5325;
			remoteInfo = "skiBodyAttitudeTeacheer WatchKit Extension";
		};
		BA3C943E27226371007D5325 /* PBXContainerItemProxy */ = {
			isa = PBXContainerItemProxy;
			containerPortal = BA3C93EC2722636B007D5325 /* Project object */;
			proxyType = 1;
			remoteGlobalIDString = BA3C94222722636F007D5325;
			remoteInfo = "skiBodyAttitudeTeacheer WatchKit Extension";
		};
/* End PBXContainerItemProxy section */

/* Begin PBXCopyFilesBuildPhase section */
		BA3C945427226371007D5325 /* Embed App Extensions */ = {
			isa = PBXCopyFilesBuildPhase;
			buildActionMask = 2147483647;
			dstPath = "";
			dstSubfolderSpec = 13;
			files = (
				BA3C94242722636F007D5325 /* skiBodyAttitudeTeacheer WatchKit Extension.appex in Embed App Extensions */,
			);
			name = "Embed App Extensions";
			runOnlyForDeploymentPostprocessing = 0;
		};
		BA3C945827226371007D5325 /* Embed Watch Content */ = {
			isa = PBXCopyFilesBuildPhase;
			buildActionMask = 2147483647;
			dstPath = "$(CONTENTS_FOLDER_PATH)/Watch";
			dstSubfolderSpec = 16;
			files = (
				BA3C94192722636E007D5325 /* skiBodyAttitudeTeacheer WatchKit App.app in Embed Watch Content */,
			);
			name = "Embed Watch Content";
			runOnlyForDeploymentPostprocessing = 0;
		};
/* End PBXCopyFilesBuildPhase section */

/* Begin PBXFileReference section */
		2EF63009A2ED079095745A06 /* GarlandChecker.swift */ = {isa = PBXFileReference; fileEncoding = 4; lastKnownFileType = sourcecode.swift; name = GarlandChecker.swift; path = skiBodyAttitudeTeacheer/Library/GarlandChecker.swift; sourceTree = SOURCE_ROOT; };
		2EF630386CE31665C1BE8E9F /* AbsoluteRotationRecordProtocol.swift */ = {isa = PBXFileReference; fileEncoding = 4; lastKnownFileType = sourcecode.swift; path = AbsoluteRotationRecordProtocol.swift; sourceTree = "<group>"; };
		2EF6304E653C974E55ECC55C /* MovingPhase.swift */ = {isa = PBXFileReference; fileEncoding = 4; lastKnownFileType = sourcecode.swift; name = MovingPhase.swift; path = skiBodyAttitudeTeacheer/DomainModel/Service/MovingPhase.swift; sourceTree = SOURCE_ROOT; };
		2EF6308135883FEA9607CEDE /* CenterOfMassTurnPhaseCollection.swift */ = {isa = PBXFileReference; fileEncoding = 4; lastKnownFileType = sourcecode.swift; path = CenterOfMassTurnPhaseCollection.swift; sourceTree = "<group>"; };
		2EF630AFEF7873CF71EA5E82 /* AirPodOnHeadMotionReceiver.swift */ = {isa = PBXFileReference; fileEncoding = 4; lastKnownFileType = sourcecode.swift; path = AirPodOnHeadMotionReceiver.swift; sourceTree = "<group>"; };
		2EF6313C1C1B2B57F0334AE9 /* TimeStampAndTurnSideDirectionSide.swift */ = {isa = PBXFileReference; fileEncoding = 4; lastKnownFileType = sourcecode.swift; name = TimeStampAndTurnSideDirectionSide.swift; path = skiBodyAttitudeTeacheer/DomainModel/Service/Turn/NotFinishedTurn/TimeStampAndTurnSideDirectionSide.swift; sourceTree = SOURCE_ROOT; };
		2EF63170E20736515729E144 /* SkiTurnPhaseAnalyzer.swift */ = {isa = PBXFileReference; fileEncoding = 4; lastKnownFileType = sourcecode.swift; name = SkiTurnPhaseAnalyzer.swift; path = Turn/NotFinishedTurn/SkiTurnPhaseAnalyzer.swift; sourceTree = "<group>"; };
		2EF631834BE40471093D77E6 /* Boardに裏返して進行方向にX軸を向けたPhoneTurnReceiver.swift */ = {isa = PBXFileReference; fileEncoding = 4; lastKnownFileType = sourcecode.swift; path = "Boardに裏返して進行方向にX軸を向けたPhoneTurnReceiver.swift"; sourceTree = "<group>"; };
		2EF631850C9D315F37A2BCB0 /* MaxAngleFinder.swift */ = {isa = PBXFileReference; fileEncoding = 4; lastKnownFileType = sourcecode.swift; path = MaxAngleFinder.swift; sourceTree = "<group>"; };
		2EF631969CBA00532F359724 /* RightTurn内にスキーが傾いている.swift */ = {isa = PBXFileReference; fileEncoding = 4; lastKnownFileType = sourcecode.swift; name = "RightTurn内にスキーが傾いている.swift"; path = "skiBodyAttitudeTeacheer/DomainModel/Entity/TurnPhase/Definition/RightTurn内にスキーが傾いている.swift"; sourceTree = SOURCE_ROOT; };
		2EF631D70C72AD3C7621CDFC /* ToneOutputUnit.swift */ = {isa = PBXFileReference; fileEncoding = 4; lastKnownFileType = sourcecode.swift; name = ToneOutputUnit.swift; path = skiBodyAttitudeTeacheer/Library/ToneOutputUnit.swift; sourceTree = SOURCE_ROOT; };
		2EF6323D6F702A9500A98DAE /* WatchMotionWriter.swift */ = {isa = PBXFileReference; fileEncoding = 4; lastKnownFileType = sourcecode.swift; path = WatchMotionWriter.swift; sourceTree = "<group>"; };
		2EF6326CAF988A36F5BEB2DD /* ReverceDeviceMotionMaintainXAxis.swift */ = {isa = PBXFileReference; fileEncoding = 4; lastKnownFileType = sourcecode.swift; path = ReverceDeviceMotionMaintainXAxis.swift; sourceTree = "<group>"; };
		2EF632804E51191A8B165B39 /* MovingPhasesProtocol.swift */ = {isa = PBXFileReference; fileEncoding = 4; lastKnownFileType = sourcecode.swift; name = MovingPhasesProtocol.swift; path = skiBodyAttitudeTeacheer/DomainModel/Service/MovingPhasesProtocol.swift; sourceTree = SOURCE_ROOT; };
		2EF632FFB6882E7920F88177 /* EvaluationResponder.swift */ = {isa = PBXFileReference; fileEncoding = 4; lastKnownFileType = sourcecode.swift; name = EvaluationResponder.swift; path = skiBodyAttitudeTeacheer/EvaluationResponder.swift; sourceTree = SOURCE_ROOT; };
		2EF633D8018B0E8B238E3AB2 /* AngleShifter.swift */ = {isa = PBXFileReference; fileEncoding = 4; lastKnownFileType = sourcecode.swift; path = AngleShifter.swift; sourceTree = "<group>"; };
		2EF6342AF3ED28AE323F54DC /* TypeAliases.swift */ = {isa = PBXFileReference; fileEncoding = 4; lastKnownFileType = sourcecode.swift; path = TypeAliases.swift; sourceTree = "<group>"; };
		2EF63474CC5B29D712BFEBC2 /* CurrentTimeCalculatorFromSystemUpTimeAndSystemBootedTime.swift */ = {isa = PBXFileReference; fileEncoding = 4; lastKnownFileType = sourcecode.swift; name = CurrentTimeCalculatorFromSystemUpTimeAndSystemBootedTime.swift; path = skiBodyAttitudeTeacheer/Library/CurrentTimeCalculatorFromSystemUpTimeAndSystemBootedTime.swift; sourceTree = SOURCE_ROOT; };
		2EF6349EBE48A324D8010A7C /* IdealTurnConditionDetector.swift */ = {isa = PBXFileReference; fileEncoding = 4; lastKnownFileType = sourcecode.swift; name = IdealTurnConditionDetector.swift; path = skiBodyAttitudeTeacheer/DomainModel/Service/IdealTurnConditionDetector.swift; sourceTree = SOURCE_ROOT; };
		2EF634B77308022ECB76158C /* AbsoluteFallLineAttitudeFinder.swift */ = {isa = PBXFileReference; fileEncoding = 4; lastKnownFileType = sourcecode.swift; path = AbsoluteFallLineAttitudeFinder.swift; sourceTree = "<group>"; };
		2EF634D918CD8E3B75EFC003 /* TurnChronologicalPhaseFinder.swift */ = {isa = PBXFileReference; fileEncoding = 4; lastKnownFileType = sourcecode.swift; name = TurnChronologicalPhaseFinder.swift; path = skiBodyAttitudeTeacheer/Library/TurnChronologicalPhaseFinder.swift; sourceTree = SOURCE_ROOT; };
		2EF63572FDBD6633BF2ABD50 /* TowAngleDiffrencial.swift */ = {isa = PBXFileReference; fileEncoding = 4; lastKnownFileType = sourcecode.swift; name = TowAngleDiffrencial.swift; path = skiBodyAttitudeTeacheer/Library/TowAngleDiffrencial.swift; sourceTree = SOURCE_ROOT; };
		2EF6357FEE78DF0CD64A792C /* TurningChecker.swift */ = {isa = PBXFileReference; fileEncoding = 4; lastKnownFileType = sourcecode.swift; name = TurningChecker.swift; path = skiBodyAttitudeTeacheer/Library/TurningChecker.swift; sourceTree = SOURCE_ROOT; };
		2EF635822175156661826BB7 /* AccelerationForTargetAngle.swift */ = {isa = PBXFileReference; fileEncoding = 4; lastKnownFileType = sourcecode.swift; path = AccelerationForTargetAngle.swift; sourceTree = "<group>"; };
		2EF635C99299EF72A7E1CE89 /* TurnError.swift */ = {isa = PBXFileReference; fileEncoding = 4; lastKnownFileType = sourcecode.swift; name = TurnError.swift; path = Turn/TurnError.swift; sourceTree = "<group>"; };
		2EF635ED93C5099DEF862FEE /* YawRotationRateMovingAverageFinder.swift */ = {isa = PBXFileReference; fileEncoding = 4; lastKnownFileType = sourcecode.swift; path = YawRotationRateMovingAverageFinder.swift; sourceTree = "<group>"; };
		2EF63600A942019C72FEF59A /* LeftTurn内にスキーが傾いている.swift */ = {isa = PBXFileReference; fileEncoding = 4; lastKnownFileType = sourcecode.swift; name = "LeftTurn内にスキーが傾いている.swift"; path = "skiBodyAttitudeTeacheer/DomainModel/Entity/TurnPhase/Definition/LeftTurn内にスキーが傾いている.swift"; sourceTree = SOURCE_ROOT; };
		2EF6363BA389115ED2B7F776 /* PivotSlipScore.swift */ = {isa = PBXFileReference; fileEncoding = 4; lastKnownFileType = sourcecode.swift; path = PivotSlipScore.swift; sourceTree = "<group>"; };
		2EF636579BB557DF8C36F621 /* RightTurn前半スキーが内にロールしていっている.swift */ = {isa = PBXFileReference; fileEncoding = 4; lastKnownFileType = sourcecode.swift; name = "RightTurn前半スキーが内にロールしていっている.swift"; path = "skiBodyAttitudeTeacheer/DomainModel/Entity/TurnPhase/Definition/RightTurn前半スキーが内にロールしていっている.swift"; sourceTree = SOURCE_ROOT; };
		2EF6366F5F6BCD9FC33EF541 /* GetAbsoluteRotationRate.swift */ = {isa = PBXFileReference; fileEncoding = 4; lastKnownFileType = sourcecode.swift; path = GetAbsoluteRotationRate.swift; sourceTree = "<group>"; };
		2EF6377BD3A83603F7D2F226 /* TimeStampAndTurnSideDirectionChanged.swift */ = {isa = PBXFileReference; fileEncoding = 4; lastKnownFileType = sourcecode.swift; path = TimeStampAndTurnSideDirectionChanged.swift; sourceTree = "<group>"; };
		2EF637F6B5201E6DCD55E406 /* MotionAnalyser.swift */ = {isa = PBXFileReference; fileEncoding = 4; lastKnownFileType = sourcecode.swift; name = MotionAnalyser.swift; path = skiBodyAttitudeTeacheer/DomainModel/MotionAnalyser.swift; sourceTree = SOURCE_ROOT; };
		2EF638852BB8EF40346AC354 /* Attitude.swift */ = {isa = PBXFileReference; fileEncoding = 4; lastKnownFileType = sourcecode.swift; path = Attitude.swift; sourceTree = "<group>"; };
		2EF6389F251297054388331A /* SimpleMovingAverage.swift */ = {isa = PBXFileReference; fileEncoding = 4; lastKnownFileType = sourcecode.swift; path = SimpleMovingAverage.swift; sourceTree = "<group>"; };
		2EF638C4A9237C688099FC70 /* YawingSideFinder.swift */ = {isa = PBXFileReference; fileEncoding = 4; lastKnownFileType = sourcecode.swift; name = YawingSideFinder.swift; path = skiBodyAttitudeTeacheer/DomainModel/Entity/TurnPhase/Definition/YawingSideFinder.swift; sourceTree = SOURCE_ROOT; };
		2EF63936A0C112C8ABB1928F /* SkiTurnPhaseCollection.swift */ = {isa = PBXFileReference; fileEncoding = 4; lastKnownFileType = sourcecode.swift; path = SkiTurnPhaseCollection.swift; sourceTree = "<group>"; };
		2EF639474CB3F2ED8EEA63E7 /* Switch後ずっとKeepか.swift */ = {isa = PBXFileReference; fileEncoding = 4; lastKnownFileType = sourcecode.swift; name = "Switch後ずっとKeepか.swift"; path = "skiBodyAttitudeTeacheer/DomainModel/Entity/TurnPhase/Definition/Switch後ずっとKeepか.swift"; sourceTree = SOURCE_ROOT; };
		2EF639DB37674B64D1AB5306 /* LeftTurn後半Phase.swift */ = {isa = PBXFileReference; fileEncoding = 4; lastKnownFileType = sourcecode.swift; path = "LeftTurn後半Phase.swift"; sourceTree = "<group>"; };
		2EF63A84B828BB50B47BF23E /* CenterOfMassUnifiedTurnPhase.swift */ = {isa = PBXFileReference; fileEncoding = 4; lastKnownFileType = sourcecode.swift; path = CenterOfMassUnifiedTurnPhase.swift; sourceTree = "<group>"; };
		2EF63ACF7B51D0C384E340EC /* TurnSideChangingPeriodFinder.swift */ = {isa = PBXFileReference; fileEncoding = 4; lastKnownFileType = sourcecode.swift; name = TurnSideChangingPeriodFinder.swift; path = skiBodyAttitudeTeacheer/Library/TurnSideChangingPeriodFinder.swift; sourceTree = SOURCE_ROOT; };
		2EF63AF477EEB73E64C3340F /* ScoreOfCenterOfMassMoveToFallLineDirectionInTurnEnd.swift */ = {isa = PBXFileReference; fileEncoding = 4; lastKnownFileType = sourcecode.swift; path = ScoreOfCenterOfMassMoveToFallLineDirectionInTurnEnd.swift; sourceTree = "<group>"; };
		2EF63AFEE47E68C6A773D866 /* LeftTurn前半内にロールしていっている.swift */ = {isa = PBXFileReference; fileEncoding = 4; lastKnownFileType = sourcecode.swift; name = "LeftTurn前半内にロールしていっている.swift"; path = "skiBodyAttitudeTeacheer/DomainModel/Entity/TurnPhase/Definition/LeftTurn前半内にロールしていっている.swift"; sourceTree = SOURCE_ROOT; };
		2EF63B291F72B8C9A40D8094 /* MoveStopDiscriminator.swift */ = {isa = PBXFileReference; fileEncoding = 4; lastKnownFileType = sourcecode.swift; name = MoveStopDiscriminator.swift; path = skiBodyAttitudeTeacheer/DomainModel/MoveStopDiscriminator.swift; sourceTree = SOURCE_ROOT; };
		2EF63BBC4C3B04B024C151A1 /* CurrentVelocity.swift */ = {isa = PBXFileReference; fileEncoding = 4; lastKnownFileType = sourcecode.swift; name = CurrentVelocity.swift; path = skiBodyAttitudeTeacheer/Library/CurrentVelocity.swift; sourceTree = SOURCE_ROOT; };
		2EF63BF1686B065E71DC4B08 /* MotionFeedBackerImpl.swift */ = {isa = PBXFileReference; fileEncoding = 4; lastKnownFileType = sourcecode.swift; name = MotionFeedBackerImpl.swift; path = skiBodyAttitudeTeacheer/MotionFeedBackerImpl.swift; sourceTree = SOURCE_ROOT; };
		2EF63C155F564F480D9B4043 /* RightTurn後半スキーのロール角が起き上がってきている.swift */ = {isa = PBXFileReference; fileEncoding = 4; lastKnownFileType = sourcecode.swift; name = "RightTurn後半スキーのロール角が起き上がってきている.swift"; path = "skiBodyAttitudeTeacheer/DomainModel/Entity/TurnPhase/Definition/RightTurn後半スキーのロール角が起き上がってきている.swift"; sourceTree = SOURCE_ROOT; };
		2EF63D289638024D0CB2DC6E /* RightTurn後半Phase.swift */ = {isa = PBXFileReference; fileEncoding = 4; lastKnownFileType = sourcecode.swift; path = "RightTurn後半Phase.swift"; sourceTree = "<group>"; };
		2EF63DCDB4BBA6629D1D7AC8 /* LeftTurn後半スキーのロール角が起き上がってきている.swift */ = {isa = PBXFileReference; fileEncoding = 4; lastKnownFileType = sourcecode.swift; name = "LeftTurn後半スキーのロール角が起き上がってきている.swift"; path = "skiBodyAttitudeTeacheer/DomainModel/Entity/TurnPhase/Definition/LeftTurn後半スキーのロール角が起き上がってきている.swift"; sourceTree = SOURCE_ROOT; };
		2EF63E0E844EEB291D80B01E /* PhysicsConstants.swift */ = {isa = PBXFileReference; fileEncoding = 4; lastKnownFileType = sourcecode.swift; path = PhysicsConstants.swift; sourceTree = "<group>"; };
		2EF63E296DCB11BA142480D9 /* ForwardAfterwardBalanceScore.swift */ = {isa = PBXFileReference; fileEncoding = 4; lastKnownFileType = sourcecode.swift; path = ForwardAfterwardBalanceScore.swift; sourceTree = "<group>"; };
		2EF63E35CFA579DE9212AA38 /* RightTurn前半Phase.swift */ = {isa = PBXFileReference; fileEncoding = 4; lastKnownFileType = sourcecode.swift; path = "RightTurn前半Phase.swift"; sourceTree = "<group>"; };
		2EF63E42BD37BB3228BEB9A2 /* CenterOfMassTurnPhase.swift */ = {isa = PBXFileReference; fileEncoding = 4; lastKnownFileType = sourcecode.swift; path = CenterOfMassTurnPhase.swift; sourceTree = "<group>"; };
		2EF63E5C4D306FD6168CC163 /* LeftTurn前半Phase.swift */ = {isa = PBXFileReference; fileEncoding = 4; lastKnownFileType = sourcecode.swift; path = "LeftTurn前半Phase.swift"; sourceTree = "<group>"; };
		2EF63EC0588686A51DD25C3D /* CanterOfMassTurnPhaseAnalyzer.swift */ = {isa = PBXFileReference; fileEncoding = 4; lastKnownFileType = sourcecode.swift; name = CanterOfMassTurnPhaseAnalyzer.swift; path = Turn/NotFinishedTurn/CanterOfMassTurnPhaseAnalyzer.swift; sourceTree = "<group>"; };
		2EF63EDF50E1FEE61302C58B /* OneTurn.swift */ = {isa = PBXFileReference; fileEncoding = 4; lastKnownFileType = sourcecode.swift; path = OneTurn.swift; sourceTree = "<group>"; };
		2EF63EE4F9DCB1F3D5558C4F /* TurnPhaseProtocol.swift */ = {isa = PBXFileReference; fileEncoding = 4; lastKnownFileType = sourcecode.swift; name = TurnPhaseProtocol.swift; path = skiBodyAttitudeTeacheer/DomainModel/MovingPhase/TurnPhaseProtocol.swift; sourceTree = SOURCE_ROOT; };
		2EF63EED1399E8E4A5853A98 /* TurnConditionFinder.swift */ = {isa = PBXFileReference; fileEncoding = 4; lastKnownFileType = sourcecode.swift; name = TurnConditionFinder.swift; path = skiBodyAttitudeTeacheer/Library/TurnConditionFinder.swift; sourceTree = SOURCE_ROOT; };
		2EF63F136DF82CBCCB363A4B /* ScoreOfCenterOfMassMoveToOrthogonalDirectionAgainstFallLineInTurnInitiation.swift */ = {isa = PBXFileReference; fileEncoding = 4; lastKnownFileType = sourcecode.swift; path = ScoreOfCenterOfMassMoveToOrthogonalDirectionAgainstFallLineInTurnInitiation.swift; sourceTree = "<group>"; };
		2EF63F74A4EC4CD9024AA22B /* SkiTurnPhase.swift */ = {isa = PBXFileReference; fileEncoding = 4; lastKnownFileType = sourcecode.swift; name = SkiTurnPhase.swift; path = skiBodyAttitudeTeacheer/DomainModel/Service/Turn/SkiTurnPhase.swift; sourceTree = SOURCE_ROOT; };
		2EF63F93C10CD50734015EAF /* 時計を平にして重心移動方向にX軸を向けたWatchTurnStreamReceiver.swift */ = {isa = PBXFileReference; fileEncoding = 4; lastKnownFileType = sourcecode.swift; path = "時計を平にして重心移動方向にX軸を向けたWatchTurnStreamReceiver.swift"; sourceTree = "<group>"; };
		2EF63FD1BB56D985EA70A268 /* MotionWriter.swift */ = {isa = PBXFileReference; fileEncoding = 4; lastKnownFileType = sourcecode.swift; path = MotionWriter.swift; sourceTree = "<group>"; };
		2EF63FE2A88409DB91599637 /* AverageAngleFinder.swift */ = {isa = PBXFileReference; fileEncoding = 4; lastKnownFileType = sourcecode.swift; name = AverageAngleFinder.swift; path = skiBodyAttitudeTeacheer/Library/AverageAngleFinder.swift; sourceTree = SOURCE_ROOT; };
		BA3C93F42722636B007D5325 /* skiBodyAttitudeTeacheer.app */ = {isa = PBXFileReference; explicitFileType = wrapper.application; includeInIndex = 0; path = skiBodyAttitudeTeacheer.app; sourceTree = BUILT_PRODUCTS_DIR; };
		BA3C93F72722636B007D5325 /* skiBodyAttitudeTeacheerApp.swift */ = {isa = PBXFileReference; lastKnownFileType = sourcecode.swift; path = skiBodyAttitudeTeacheerApp.swift; sourceTree = "<group>"; };
		BA3C93F92722636B007D5325 /* ContentView.swift */ = {isa = PBXFileReference; lastKnownFileType = sourcecode.swift; path = ContentView.swift; sourceTree = "<group>"; };
		BA3C93FB2722636E007D5325 /* Assets.xcassets */ = {isa = PBXFileReference; lastKnownFileType = folder.assetcatalog; path = Assets.xcassets; sourceTree = "<group>"; };
		BA3C93FE2722636E007D5325 /* Preview Assets.xcassets */ = {isa = PBXFileReference; lastKnownFileType = folder.assetcatalog; path = "Preview Assets.xcassets"; sourceTree = "<group>"; };
		BA3C94042722636E007D5325 /* skiBodyAttitudeTeacheerTests.xctest */ = {isa = PBXFileReference; explicitFileType = wrapper.cfbundle; includeInIndex = 0; path = skiBodyAttitudeTeacheerTests.xctest; sourceTree = BUILT_PRODUCTS_DIR; };
		BA3C94082722636E007D5325 /* skiBodyAttitudeTeacheerTests.swift */ = {isa = PBXFileReference; lastKnownFileType = sourcecode.swift; path = skiBodyAttitudeTeacheerTests.swift; sourceTree = "<group>"; };
		BA3C94122722636E007D5325 /* skiBodyAttitudeTeacheerUITests.swift */ = {isa = PBXFileReference; lastKnownFileType = sourcecode.swift; path = skiBodyAttitudeTeacheerUITests.swift; sourceTree = "<group>"; };
		BA3C94142722636E007D5325 /* skiBodyAttitudeTeacheerUITestsLaunchTests.swift */ = {isa = PBXFileReference; lastKnownFileType = sourcecode.swift; path = skiBodyAttitudeTeacheerUITestsLaunchTests.swift; sourceTree = "<group>"; };
		BA3C94182722636E007D5325 /* skiBodyAttitudeTeacheer WatchKit App.app */ = {isa = PBXFileReference; explicitFileType = wrapper.application; includeInIndex = 0; path = "skiBodyAttitudeTeacheer WatchKit App.app"; sourceTree = BUILT_PRODUCTS_DIR; };
		BA3C941D2722636F007D5325 /* Assets.xcassets */ = {isa = PBXFileReference; lastKnownFileType = folder.assetcatalog; path = Assets.xcassets; sourceTree = "<group>"; };
		BA3C94232722636F007D5325 /* skiBodyAttitudeTeacheer WatchKit Extension.appex */ = {isa = PBXFileReference; explicitFileType = "wrapper.app-extension"; includeInIndex = 0; path = "skiBodyAttitudeTeacheer WatchKit Extension.appex"; sourceTree = BUILT_PRODUCTS_DIR; };
		BA3C94282722636F007D5325 /* skiBodyAttitudeTeacheerApp.swift */ = {isa = PBXFileReference; lastKnownFileType = sourcecode.swift; path = skiBodyAttitudeTeacheerApp.swift; sourceTree = "<group>"; };
		BA3C942A2722636F007D5325 /* ContentView.swift */ = {isa = PBXFileReference; lastKnownFileType = sourcecode.swift; path = ContentView.swift; sourceTree = "<group>"; };
		BA3C942C2722636F007D5325 /* NotificationController.swift */ = {isa = PBXFileReference; lastKnownFileType = sourcecode.swift; path = NotificationController.swift; sourceTree = "<group>"; };
		BA3C942E2722636F007D5325 /* NotificationView.swift */ = {isa = PBXFileReference; lastKnownFileType = sourcecode.swift; path = NotificationView.swift; sourceTree = "<group>"; };
		BA3C94302722636F007D5325 /* ComplicationController.swift */ = {isa = PBXFileReference; lastKnownFileType = sourcecode.swift; path = ComplicationController.swift; sourceTree = "<group>"; };
		BA3C943227226371007D5325 /* Assets.xcassets */ = {isa = PBXFileReference; lastKnownFileType = folder.assetcatalog; path = Assets.xcassets; sourceTree = "<group>"; };
		BA3C943527226371007D5325 /* Preview Assets.xcassets */ = {isa = PBXFileReference; lastKnownFileType = folder.assetcatalog; path = "Preview Assets.xcassets"; sourceTree = "<group>"; };
		BA3C943727226371007D5325 /* Info.plist */ = {isa = PBXFileReference; lastKnownFileType = text.plist.xml; path = Info.plist; sourceTree = "<group>"; };
		BA3C943827226371007D5325 /* PushNotificationPayload.apns */ = {isa = PBXFileReference; lastKnownFileType = text; path = PushNotificationPayload.apns; sourceTree = "<group>"; };
		BA3C943D27226371007D5325 /* skiBodyAttitudeTeacheer WatchKit AppTests.xctest */ = {isa = PBXFileReference; explicitFileType = wrapper.cfbundle; includeInIndex = 0; path = "skiBodyAttitudeTeacheer WatchKit AppTests.xctest"; sourceTree = BUILT_PRODUCTS_DIR; };
		BA3C944127226371007D5325 /* skiBodyAttitudeTeacheer_WatchKit_AppTests.swift */ = {isa = PBXFileReference; lastKnownFileType = sourcecode.swift; path = skiBodyAttitudeTeacheer_WatchKit_AppTests.swift; sourceTree = "<group>"; };
		BA3C944B27226371007D5325 /* skiBodyAttitudeTeacheer_WatchKit_AppUITests.swift */ = {isa = PBXFileReference; lastKnownFileType = sourcecode.swift; path = skiBodyAttitudeTeacheer_WatchKit_AppUITests.swift; sourceTree = "<group>"; };
		BA3C944D27226371007D5325 /* skiBodyAttitudeTeacheer_WatchKit_AppUITestsLaunchTests.swift */ = {isa = PBXFileReference; lastKnownFileType = sourcecode.swift; path = skiBodyAttitudeTeacheer_WatchKit_AppUITestsLaunchTests.swift; sourceTree = "<group>"; };
		BA90EF4F2722925100FC7A66 /* skiBodyAttitudeTeacheer.entitlements */ = {isa = PBXFileReference; lastKnownFileType = text.plist.entitlements; path = skiBodyAttitudeTeacheer.entitlements; sourceTree = "<group>"; };
		BA90EF5027229E6E00FC7A66 /* skiBodyAttitudeTeacheerDebug.entitlements */ = {isa = PBXFileReference; lastKnownFileType = text.plist.entitlements; path = skiBodyAttitudeTeacheerDebug.entitlements; sourceTree = "<group>"; };
		BAA0A8832728F61600FEDF23 /* PhoneConnector.swift */ = {isa = PBXFileReference; fileEncoding = 4; lastKnownFileType = sourcecode.swift; path = PhoneConnector.swift; sourceTree = "<group>"; };
		BAA0A9D427293C4700FEDF23 /* skiBodyAttitudeTeacheer-WatchKit-App-Info.plist */ = {isa = PBXFileReference; lastKnownFileType = text.plist; path = "skiBodyAttitudeTeacheer-WatchKit-App-Info.plist"; sourceTree = SOURCE_ROOT; };
		BAA0A9DF272C10F400FEDF23 /* skiBodyAttitudeTeacheer WatchKit App.entitlements */ = {isa = PBXFileReference; lastKnownFileType = text.plist.entitlements; path = "skiBodyAttitudeTeacheer WatchKit App.entitlements"; sourceTree = "<group>"; };
		BAA0A9E2272C2C3D00FEDF23 /* RecorderController.swift */ = {isa = PBXFileReference; lastKnownFileType = sourcecode.swift; path = RecorderController.swift; sourceTree = "<group>"; };
		BAA0A9F9272F973700FEDF23 /* MotionFeedBackerDelegate.swift */ = {isa = PBXFileReference; lastKnownFileType = sourcecode.swift; path = MotionFeedBackerDelegate.swift; sourceTree = "<group>"; };
		BAB26539274BBBB0001A51BA /* CoreLocation.framework */ = {isa = PBXFileReference; lastKnownFileType = wrapper.framework; name = CoreLocation.framework; path = Platforms/iPhoneOS.platform/Developer/SDKs/iPhoneOS15.0.sdk/System/Library/Frameworks/CoreLocation.framework; sourceTree = DEVELOPER_DIR; };
		BAF25FF2274BC83F009992C9 /* Info.plist */ = {isa = PBXFileReference; lastKnownFileType = text.plist; path = Info.plist; sourceTree = "<group>"; };
/* End PBXFileReference section */

/* Begin PBXFrameworksBuildPhase section */
		BA3C93F12722636B007D5325 /* Frameworks */ = {
			isa = PBXFrameworksBuildPhase;
			buildActionMask = 2147483647;
			files = (
				BAB2653A274BBBB0001A51BA /* CoreLocation.framework in Frameworks */,
			);
			runOnlyForDeploymentPostprocessing = 0;
		};
		BA3C94012722636E007D5325 /* Frameworks */ = {
			isa = PBXFrameworksBuildPhase;
			buildActionMask = 2147483647;
			files = (
			);
			runOnlyForDeploymentPostprocessing = 0;
		};
		BA3C94202722636F007D5325 /* Frameworks */ = {
			isa = PBXFrameworksBuildPhase;
			buildActionMask = 2147483647;
			files = (
			);
			runOnlyForDeploymentPostprocessing = 0;
		};
		BA3C943A27226371007D5325 /* Frameworks */ = {
			isa = PBXFrameworksBuildPhase;
			buildActionMask = 2147483647;
			files = (
			);
			runOnlyForDeploymentPostprocessing = 0;
		};
/* End PBXFrameworksBuildPhase section */

/* Begin PBXGroup section */
		2EF6311DB1B933771B9CFAA4 /* 各センサーでの受信 */ = {
			isa = PBXGroup;
			children = (
				2EF630AFEF7873CF71EA5E82 /* AirPodOnHeadMotionReceiver.swift */,
				2EF631834BE40471093D77E6 /* Boardに裏返して進行方向にX軸を向けたPhoneTurnReceiver.swift */,
				2EF63F93C10CD50734015EAF /* 時計を平にして重心移動方向にX軸を向けたWatchTurnStreamReceiver.swift */,
			);
			path = "各センサーでの受信";
			sourceTree = "<group>";
		};
		2EF633AEFBD7DDFC856E999F /* Interface */ = {
			isa = PBXGroup;
			children = (
				2EF6311DB1B933771B9CFAA4 /* 各センサーでの受信 */,
				2EF634E913EAD164A936424F /* MotionWriter */,
				2EF63BF1686B065E71DC4B08 /* MotionFeedBackerImpl.swift */,
			);
			path = Interface;
			sourceTree = "<group>";
		};
		2EF634061AA2AE9C93A8196E /* Entity */ = {
			isa = PBXGroup;
			children = (
				2EF6304E653C974E55ECC55C /* MovingPhase.swift */,
				2EF63B3351CD8F71C349DC7E /* TurnPhase */,
				2EF632804E51191A8B165B39 /* MovingPhasesProtocol.swift */,
				2EF63EDF50E1FEE61302C58B /* OneTurn.swift */,
				2EF639B88AD402218F0E04E8 /* TypeAlias */,
			);
			path = Entity;
			sourceTree = "<group>";
		};
		2EF634E913EAD164A936424F /* MotionWriter */ = {
			isa = PBXGroup;
			children = (
				2EF63FD1BB56D985EA70A268 /* MotionWriter.swift */,
				2EF6323D6F702A9500A98DAE /* WatchMotionWriter.swift */,
			);
			path = MotionWriter;
			sourceTree = "<group>";
		};
		2EF635F7FC6B8FA10BED8322 /* TurnPeriodFinder */ = {
			isa = PBXGroup;
			children = (
				2EF63ACF7B51D0C384E340EC /* TurnSideChangingPeriodFinder.swift */,
				2EF6377BD3A83603F7D2F226 /* TimeStampAndTurnSideDirectionChanged.swift */,
				2EF6313C1C1B2B57F0334AE9 /* TimeStampAndTurnSideDirectionSide.swift */,
			);
			path = TurnPeriodFinder;
			sourceTree = "<group>";
		};
		2EF6385520327E050DDA9D54 /* 反応の速い十分条件 */ = {
			isa = PBXGroup;
			children = (
				2EF639474CB3F2ED8EEA63E7 /* Switch後ずっとKeepか.swift */,
				2EF638C4A9237C688099FC70 /* YawingSideFinder.swift */,
			);
			path = "反応の速い十分条件";
			sourceTree = "<group>";
		};
		2EF639B88AD402218F0E04E8 /* TypeAlias */ = {
			isa = PBXGroup;
			children = (
				2EF6342AF3ED28AE323F54DC /* TypeAliases.swift */,
			);
			path = TypeAlias;
			sourceTree = "<group>";
		};
		2EF639D12BA09C4567A77266 /* ScoreCalculator */ = {
			isa = PBXGroup;
			children = (
				2EF6363BA389115ED2B7F776 /* PivotSlipScore.swift */,
				2EF63AF477EEB73E64C3340F /* ScoreOfCenterOfMassMoveToFallLineDirectionInTurnEnd.swift */,
				2EF63E296DCB11BA142480D9 /* ForwardAfterwardBalanceScore.swift */,
				2EF63F136DF82CBCCB363A4B /* ScoreOfCenterOfMassMoveToOrthogonalDirectionAgainstFallLineInTurnInitiation.swift */,
			);
			path = ScoreCalculator;
			sourceTree = "<group>";
		};
		2EF63A3298102CE8398B9962 /* 一度は成就する条件4Phase */ = {
			isa = PBXGroup;
			children = (
				2EF63E35CFA579DE9212AA38 /* RightTurn前半Phase.swift */,
				2EF63D289638024D0CB2DC6E /* RightTurn後半Phase.swift */,
				2EF639DB37674B64D1AB5306 /* LeftTurn後半Phase.swift */,
				2EF63E5C4D306FD6168CC163 /* LeftTurn前半Phase.swift */,
			);
			path = "一度は成就する条件4Phase";
			sourceTree = "<group>";
		};
		2EF63B3351CD8F71C349DC7E /* TurnPhase */ = {
			isa = PBXGroup;
			children = (
				2EF63F74A4EC4CD9024AA22B /* SkiTurnPhase.swift */,
				2EF63EE4F9DCB1F3D5558C4F /* TurnPhaseProtocol.swift */,
				2EF63E42BD37BB3228BEB9A2 /* CenterOfMassTurnPhase.swift */,
				2EF63A84B828BB50B47BF23E /* CenterOfMassUnifiedTurnPhase.swift */,
				2EF6308135883FEA9607CEDE /* CenterOfMassTurnPhaseCollection.swift */,
				2EF63936A0C112C8ABB1928F /* SkiTurnPhaseCollection.swift */,
				2EF63EA73E9F75D6BD6DD7B2 /* Definition */,
				2EF630386CE31665C1BE8E9F /* AbsoluteRotationRecordProtocol.swift */,
			);
			path = TurnPhase;
			sourceTree = "<group>";
		};
		2EF63BB3D48EAD8A901F4124 /* General */ = {
			isa = PBXGroup;
			children = (
				2EF63FE2A88409DB91599637 /* AverageAngleFinder.swift */,
				2EF63474CC5B29D712BFEBC2 /* CurrentTimeCalculatorFromSystemUpTimeAndSystemBootedTime.swift */,
				2EF63572FDBD6633BF2ABD50 /* TowAngleDiffrencial.swift */,
				2EF631850C9D315F37A2BCB0 /* MaxAngleFinder.swift */,
				2EF63E0E844EEB291D80B01E /* PhysicsConstants.swift */,
				2EF633D8018B0E8B238E3AB2 /* AngleShifter.swift */,
				2EF635822175156661826BB7 /* AccelerationForTargetAngle.swift */,
				2EF631D70C72AD3C7621CDFC /* ToneOutputUnit.swift */,
				2EF6326CAF988A36F5BEB2DD /* ReverceDeviceMotionMaintainXAxis.swift */,
				2EF6366F5F6BCD9FC33EF541 /* GetAbsoluteRotationRate.swift */,
				2EF6389F251297054388331A /* SimpleMovingAverage.swift */,
			);
			path = General;
			sourceTree = "<group>";
		};
		2EF63BFF00991DB2943AAA94 /* フェイズ中一度は成就する条件 */ = {
			isa = PBXGroup;
			children = (
				2EF63AFEE47E68C6A773D866 /* LeftTurn前半内にロールしていっている.swift */,
				2EF63DCDB4BBA6629D1D7AC8 /* LeftTurn後半スキーのロール角が起き上がってきている.swift */,
				2EF636579BB557DF8C36F621 /* RightTurn前半スキーが内にロールしていっている.swift */,
				2EF63C155F564F480D9B4043 /* RightTurn後半スキーのロール角が起き上がってきている.swift */,
				2EF63600A942019C72FEF59A /* LeftTurn内にスキーが傾いている.swift */,
				2EF631969CBA00532F359724 /* RightTurn内にスキーが傾いている.swift */,
			);
			path = "フェイズ中一度は成就する条件";
			sourceTree = "<group>";
		};
		2EF63C1DBF006617208DBE5F /* SnowSports */ = {
			isa = PBXGroup;
			children = (
				2EF63EED1399E8E4A5853A98 /* TurnConditionFinder.swift */,
				2EF6357FEE78DF0CD64A792C /* TurningChecker.swift */,
				2EF6349EBE48A324D8010A7C /* IdealTurnConditionDetector.swift */,
				2EF63009A2ED079095745A06 /* GarlandChecker.swift */,
				2EF63BBC4C3B04B024C151A1 /* CurrentVelocity.swift */,
				2EF635F7FC6B8FA10BED8322 /* TurnPeriodFinder */,
			);
			path = SnowSports;
			sourceTree = "<group>";
		};
		2EF63EA73E9F75D6BD6DD7B2 /* Definition */ = {
			isa = PBXGroup;
			children = (
				2EF63A3298102CE8398B9962 /* 一度は成就する条件4Phase */,
				2EF6385520327E050DDA9D54 /* 反応の速い十分条件 */,
				2EF63BFF00991DB2943AAA94 /* フェイズ中一度は成就する条件 */,
			);
			path = Definition;
			sourceTree = "<group>";
		};
		BA3C93EB2722636B007D5325 = {
			isa = PBXGroup;
			children = (
				BA3C93F62722636B007D5325 /* skiBodyAttitudeTeacheer */,
				BA3C94072722636E007D5325 /* skiBodyAttitudeTeacheerTests */,
				BA3C94112722636E007D5325 /* skiBodyAttitudeTeacheerUITests */,
				BA3C941C2722636E007D5325 /* skiBodyAttitudeTeacheer WatchKit App */,
				BA3C94272722636F007D5325 /* skiBodyAttitudeTeacheer WatchKit Extension */,
				BA3C944027226371007D5325 /* skiBodyAttitudeTeacheer WatchKit AppTests */,
				BA3C944A27226371007D5325 /* skiBodyAttitudeTeacheer WatchKit AppUITests */,
				BA3C93F52722636B007D5325 /* Products */,
				BAB26538274BBBB0001A51BA /* Frameworks */,
			);
			sourceTree = "<group>";
		};
		BA3C93F52722636B007D5325 /* Products */ = {
			isa = PBXGroup;
			children = (
				BA3C93F42722636B007D5325 /* skiBodyAttitudeTeacheer.app */,
				BA3C94042722636E007D5325 /* skiBodyAttitudeTeacheerTests.xctest */,
				BA3C94182722636E007D5325 /* skiBodyAttitudeTeacheer WatchKit App.app */,
				BA3C94232722636F007D5325 /* skiBodyAttitudeTeacheer WatchKit Extension.appex */,
				BA3C943D27226371007D5325 /* skiBodyAttitudeTeacheer WatchKit AppTests.xctest */,
			);
			name = Products;
			sourceTree = "<group>";
		};
		BA3C93F62722636B007D5325 /* skiBodyAttitudeTeacheer */ = {
			isa = PBXGroup;
			children = (
				BAF25FF2274BC83F009992C9 /* Info.plist */,
				BAA0A9FB272F9F3300FEDF23 /* Library */,
				BAA0A9DA272BABA300FEDF23 /* DomainModel */,
				BA90EF5027229E6E00FC7A66 /* skiBodyAttitudeTeacheerDebug.entitlements */,
				BA90EF4F2722925100FC7A66 /* skiBodyAttitudeTeacheer.entitlements */,
				BA3C93F72722636B007D5325 /* skiBodyAttitudeTeacheerApp.swift */,
				BA3C93F92722636B007D5325 /* ContentView.swift */,
				BA3C93FB2722636E007D5325 /* Assets.xcassets */,
				BA3C93FD2722636E007D5325 /* Preview Content */,
				2EF633AEFBD7DDFC856E999F /* Interface */,
			);
			path = skiBodyAttitudeTeacheer;
			sourceTree = "<group>";
		};
		BA3C93FD2722636E007D5325 /* Preview Content */ = {
			isa = PBXGroup;
			children = (
				BA3C93FE2722636E007D5325 /* Preview Assets.xcassets */,
			);
			path = "Preview Content";
			sourceTree = "<group>";
		};
		BA3C94072722636E007D5325 /* skiBodyAttitudeTeacheerTests */ = {
			isa = PBXGroup;
			children = (
				BA3C94082722636E007D5325 /* skiBodyAttitudeTeacheerTests.swift */,
			);
			path = skiBodyAttitudeTeacheerTests;
			sourceTree = "<group>";
		};
		BA3C94112722636E007D5325 /* skiBodyAttitudeTeacheerUITests */ = {
			isa = PBXGroup;
			children = (
				BA3C94122722636E007D5325 /* skiBodyAttitudeTeacheerUITests.swift */,
				BA3C94142722636E007D5325 /* skiBodyAttitudeTeacheerUITestsLaunchTests.swift */,
			);
			path = skiBodyAttitudeTeacheerUITests;
			sourceTree = "<group>";
		};
		BA3C941C2722636E007D5325 /* skiBodyAttitudeTeacheer WatchKit App */ = {
			isa = PBXGroup;
			children = (
				BAA0A9DF272C10F400FEDF23 /* skiBodyAttitudeTeacheer WatchKit App.entitlements */,
				BAA0A9D427293C4700FEDF23 /* skiBodyAttitudeTeacheer-WatchKit-App-Info.plist */,
				BA3C941D2722636F007D5325 /* Assets.xcassets */,
			);
			path = "skiBodyAttitudeTeacheer WatchKit App";
			sourceTree = "<group>";
		};
		BA3C94272722636F007D5325 /* skiBodyAttitudeTeacheer WatchKit Extension */ = {
			isa = PBXGroup;
			children = (
				BAA0A8832728F61600FEDF23 /* PhoneConnector.swift */,
				BA3C94282722636F007D5325 /* skiBodyAttitudeTeacheerApp.swift */,
				BA3C942A2722636F007D5325 /* ContentView.swift */,
				BA3C942C2722636F007D5325 /* NotificationController.swift */,
				BA3C942E2722636F007D5325 /* NotificationView.swift */,
				BA3C94302722636F007D5325 /* ComplicationController.swift */,
				BA3C943227226371007D5325 /* Assets.xcassets */,
				BA3C943727226371007D5325 /* Info.plist */,
				BA3C943827226371007D5325 /* PushNotificationPayload.apns */,
				BA3C943427226371007D5325 /* Preview Content */,
				BAA0A9E2272C2C3D00FEDF23 /* RecorderController.swift */,
			);
			path = "skiBodyAttitudeTeacheer WatchKit Extension";
			sourceTree = "<group>";
		};
		BA3C943427226371007D5325 /* Preview Content */ = {
			isa = PBXGroup;
			children = (
				BA3C943527226371007D5325 /* Preview Assets.xcassets */,
			);
			path = "Preview Content";
			sourceTree = "<group>";
		};
		BA3C944027226371007D5325 /* skiBodyAttitudeTeacheer WatchKit AppTests */ = {
			isa = PBXGroup;
			children = (
				BA3C944127226371007D5325 /* skiBodyAttitudeTeacheer_WatchKit_AppTests.swift */,
			);
			path = "skiBodyAttitudeTeacheer WatchKit AppTests";
			sourceTree = "<group>";
		};
		BA3C944A27226371007D5325 /* skiBodyAttitudeTeacheer WatchKit AppUITests */ = {
			isa = PBXGroup;
			children = (
				BA3C944B27226371007D5325 /* skiBodyAttitudeTeacheer_WatchKit_AppUITests.swift */,
				BA3C944D27226371007D5325 /* skiBodyAttitudeTeacheer_WatchKit_AppUITestsLaunchTests.swift */,
			);
			path = "skiBodyAttitudeTeacheer WatchKit AppUITests";
			sourceTree = "<group>";
		};
		BAA0A9DA272BABA300FEDF23 /* DomainModel */ = {
			isa = PBXGroup;
			children = (
				BAA0AA132734DDE500FEDF23 /* Service */,
				BAA0A9F9272F973700FEDF23 /* MotionFeedBackerDelegate.swift */,
				2EF634061AA2AE9C93A8196E /* Entity */,
				2EF638852BB8EF40346AC354 /* Attitude.swift */,
			);
			path = DomainModel;
			sourceTree = "<group>";
		};
		BAA0A9FB272F9F3300FEDF23 /* Library */ = {
			isa = PBXGroup;
			children = (
				2EF63BB3D48EAD8A901F4124 /* General */,
				2EF63C1DBF006617208DBE5F /* SnowSports */,
				2EF632FFB6882E7920F88177 /* EvaluationResponder.swift */,
			);
			path = Library;
			sourceTree = "<group>";
		};
		BAA0AA132734DDE500FEDF23 /* Service */ = {
			isa = PBXGroup;
			children = (
				2EF635C99299EF72A7E1CE89 /* TurnError.swift */,
				2EF63170E20736515729E144 /* SkiTurnPhaseAnalyzer.swift */,
				2EF637F6B5201E6DCD55E406 /* MotionAnalyser.swift */,
				2EF639D12BA09C4567A77266 /* ScoreCalculator */,
				2EF63B291F72B8C9A40D8094 /* MoveStopDiscriminator.swift */,
				2EF63EC0588686A51DD25C3D /* CanterOfMassTurnPhaseAnalyzer.swift */,
				2EF634D918CD8E3B75EFC003 /* TurnChronologicalPhaseFinder.swift */,
				2EF635ED93C5099DEF862FEE /* YawRotationRateMovingAverageFinder.swift */,
				2EF634B77308022ECB76158C /* AbsoluteFallLineAttitudeFinder.swift */,
			);
			path = Service;
			sourceTree = "<group>";
		};
		BAB26538274BBBB0001A51BA /* Frameworks */ = {
			isa = PBXGroup;
			children = (
				BAB26539274BBBB0001A51BA /* CoreLocation.framework */,
			);
			name = Frameworks;
			sourceTree = "<group>";
		};
/* End PBXGroup section */

/* Begin PBXNativeTarget section */
		BA3C93F32722636B007D5325 /* skiBodyAttitudeTeacheer */ = {
			isa = PBXNativeTarget;
			buildConfigurationList = BA3C945927226371007D5325 /* Build configuration list for PBXNativeTarget "skiBodyAttitudeTeacheer" */;
			buildPhases = (
				BA3C93F02722636B007D5325 /* Sources */,
				BA3C93F12722636B007D5325 /* Frameworks */,
				BA3C93F22722636B007D5325 /* Resources */,
				BA3C945827226371007D5325 /* Embed Watch Content */,
			);
			buildRules = (
			);
			dependencies = (
				BA3C941B2722636E007D5325 /* PBXTargetDependency */,
			);
			name = skiBodyAttitudeTeacheer;
			productName = skiBodyAttitudeTeacheer;
			productReference = BA3C93F42722636B007D5325 /* skiBodyAttitudeTeacheer.app */;
			productType = "com.apple.product-type.application";
		};
		BA3C94032722636E007D5325 /* skiBodyAttitudeTeacheerTests */ = {
			isa = PBXNativeTarget;
			buildConfigurationList = BA3C945C27226371007D5325 /* Build configuration list for PBXNativeTarget "skiBodyAttitudeTeacheerTests" */;
			buildPhases = (
				BA3C94002722636E007D5325 /* Sources */,
				BA3C94012722636E007D5325 /* Frameworks */,
				BA3C94022722636E007D5325 /* Resources */,
			);
			buildRules = (
			);
			dependencies = (
				BA3C94062722636E007D5325 /* PBXTargetDependency */,
			);
			name = skiBodyAttitudeTeacheerTests;
			productName = skiBodyAttitudeTeacheerTests;
			productReference = BA3C94042722636E007D5325 /* skiBodyAttitudeTeacheerTests.xctest */;
			productType = "com.apple.product-type.bundle.unit-test";
		};
		BA3C94172722636E007D5325 /* skiBodyAttitudeTeacheer WatchKit App */ = {
			isa = PBXNativeTarget;
			buildConfigurationList = BA3C945527226371007D5325 /* Build configuration list for PBXNativeTarget "skiBodyAttitudeTeacheer WatchKit App" */;
			buildPhases = (
				BA3C94162722636E007D5325 /* Resources */,
				BA3C945427226371007D5325 /* Embed App Extensions */,
			);
			buildRules = (
			);
			dependencies = (
				BA3C94262722636F007D5325 /* PBXTargetDependency */,
			);
			name = "skiBodyAttitudeTeacheer WatchKit App";
			productName = "skiBodyAttitudeTeacheer WatchKit App";
			productReference = BA3C94182722636E007D5325 /* skiBodyAttitudeTeacheer WatchKit App.app */;
			productType = "com.apple.product-type.application.watchapp2";
		};
		BA3C94222722636F007D5325 /* skiBodyAttitudeTeacheer WatchKit Extension */ = {
			isa = PBXNativeTarget;
			buildConfigurationList = BA3C945127226371007D5325 /* Build configuration list for PBXNativeTarget "skiBodyAttitudeTeacheer WatchKit Extension" */;
			buildPhases = (
				BA3C941F2722636F007D5325 /* Sources */,
				BA3C94202722636F007D5325 /* Frameworks */,
				BA3C94212722636F007D5325 /* Resources */,
			);
			buildRules = (
			);
			dependencies = (
			);
			name = "skiBodyAttitudeTeacheer WatchKit Extension";
			productName = "skiBodyAttitudeTeacheer WatchKit Extension";
			productReference = BA3C94232722636F007D5325 /* skiBodyAttitudeTeacheer WatchKit Extension.appex */;
			productType = "com.apple.product-type.watchkit2-extension";
		};
		BA3C943C27226371007D5325 /* skiBodyAttitudeTeacheer WatchKit AppTests */ = {
			isa = PBXNativeTarget;
			buildConfigurationList = BA3C946227226371007D5325 /* Build configuration list for PBXNativeTarget "skiBodyAttitudeTeacheer WatchKit AppTests" */;
			buildPhases = (
				BA3C943927226371007D5325 /* Sources */,
				BA3C943A27226371007D5325 /* Frameworks */,
				BA3C943B27226371007D5325 /* Resources */,
			);
			buildRules = (
			);
			dependencies = (
				BA3C943F27226371007D5325 /* PBXTargetDependency */,
			);
			name = "skiBodyAttitudeTeacheer WatchKit AppTests";
			productName = "skiBodyAttitudeTeacheer WatchKit AppTests";
			productReference = BA3C943D27226371007D5325 /* skiBodyAttitudeTeacheer WatchKit AppTests.xctest */;
			productType = "com.apple.product-type.bundle.unit-test";
		};
/* End PBXNativeTarget section */

/* Begin PBXProject section */
		BA3C93EC2722636B007D5325 /* Project object */ = {
			isa = PBXProject;
			attributes = {
				BuildIndependentTargetsInParallel = 1;
				LastSwiftUpdateCheck = 1300;
				LastUpgradeCheck = 1300;
				TargetAttributes = {
					BA3C93F32722636B007D5325 = {
						CreatedOnToolsVersion = 13.0;
					};
					BA3C94032722636E007D5325 = {
						CreatedOnToolsVersion = 13.0;
						TestTargetID = BA3C93F32722636B007D5325;
					};
					BA3C94172722636E007D5325 = {
						CreatedOnToolsVersion = 13.0;
					};
					BA3C94222722636F007D5325 = {
						CreatedOnToolsVersion = 13.0;
					};
					BA3C943C27226371007D5325 = {
						CreatedOnToolsVersion = 13.0;
						TestTargetID = BA3C94222722636F007D5325;
					};
				};
			};
			buildConfigurationList = BA3C93EF2722636B007D5325 /* Build configuration list for PBXProject "skiBodyAttitudeTeacheer" */;
			compatibilityVersion = "Xcode 13.0";
			developmentRegion = en;
			hasScannedForEncodings = 0;
			knownRegions = (
				en,
				Base,
			);
			mainGroup = BA3C93EB2722636B007D5325;
			productRefGroup = BA3C93F52722636B007D5325 /* Products */;
			projectDirPath = "";
			projectRoot = "";
			targets = (
				BA3C93F32722636B007D5325 /* skiBodyAttitudeTeacheer */,
				BA3C94032722636E007D5325 /* skiBodyAttitudeTeacheerTests */,
				BA3C94172722636E007D5325 /* skiBodyAttitudeTeacheer WatchKit App */,
				BA3C94222722636F007D5325 /* skiBodyAttitudeTeacheer WatchKit Extension */,
				BA3C943C27226371007D5325 /* skiBodyAttitudeTeacheer WatchKit AppTests */,
			);
		};
/* End PBXProject section */

/* Begin PBXResourcesBuildPhase section */
		BA3C93F22722636B007D5325 /* Resources */ = {
			isa = PBXResourcesBuildPhase;
			buildActionMask = 2147483647;
			files = (
				BA3C93FF2722636E007D5325 /* Preview Assets.xcassets in Resources */,
				BA3C93FC2722636E007D5325 /* Assets.xcassets in Resources */,
			);
			runOnlyForDeploymentPostprocessing = 0;
		};
		BA3C94022722636E007D5325 /* Resources */ = {
			isa = PBXResourcesBuildPhase;
			buildActionMask = 2147483647;
			files = (
			);
			runOnlyForDeploymentPostprocessing = 0;
		};
		BA3C94162722636E007D5325 /* Resources */ = {
			isa = PBXResourcesBuildPhase;
			buildActionMask = 2147483647;
			files = (
				BA3C941E2722636F007D5325 /* Assets.xcassets in Resources */,
			);
			runOnlyForDeploymentPostprocessing = 0;
		};
		BA3C94212722636F007D5325 /* Resources */ = {
			isa = PBXResourcesBuildPhase;
			buildActionMask = 2147483647;
			files = (
				BA3C943627226371007D5325 /* Preview Assets.xcassets in Resources */,
				BA3C943327226371007D5325 /* Assets.xcassets in Resources */,
			);
			runOnlyForDeploymentPostprocessing = 0;
		};
		BA3C943B27226371007D5325 /* Resources */ = {
			isa = PBXResourcesBuildPhase;
			buildActionMask = 2147483647;
			files = (
			);
			runOnlyForDeploymentPostprocessing = 0;
		};
/* End PBXResourcesBuildPhase section */

/* Begin PBXSourcesBuildPhase section */
		BA3C93F02722636B007D5325 /* Sources */ = {
			isa = PBXSourcesBuildPhase;
			buildActionMask = 2147483647;
			files = (
				BA3C93FA2722636B007D5325 /* ContentView.swift in Sources */,
				BA3C93F82722636B007D5325 /* skiBodyAttitudeTeacheerApp.swift in Sources */,
				BAA0A9FA272F973700FEDF23 /* MotionFeedBackerDelegate.swift in Sources */,
				2EF631B11228B943A5143E24 /* AverageAngleFinder.swift in Sources */,
				2EF634708DBE2CD1CD343B1F /* CurrentTimeCalculatorFromSystemUpTimeAndSystemBootedTime.swift in Sources */,
				2EF631B15A3B9665292A8B28 /* TowAngleDiffrencial.swift in Sources */,
				2EF63B0086810A1D356D353E /* MaxAngleFinder.swift in Sources */,
				2EF63672289EDDE5A4871A40 /* PhysicsConstants.swift in Sources */,
				2EF6353978ACCD61F12B932E /* AngleShifter.swift in Sources */,
				2EF630E5E6C98B9812FFBD08 /* AccelerationForTargetAngle.swift in Sources */,
				2EF6395BDE442DF4C51019A7 /* AirPodOnHeadMotionReceiver.swift in Sources */,
				2EF63D609E2CF62D963B2D6A /* Boardに裏返して進行方向にX軸を向けたPhoneTurnReceiver.swift in Sources */,
				2EF63D0B5FA3BB120E5BFC17 /* 時計を平にして重心移動方向にX軸を向けたWatchTurnStreamReceiver.swift in Sources */,
				2EF63B93B3B3F40C00200ED8 /* MotionWriter.swift in Sources */,
				2EF63E759458A0FFEB1A82B2 /* WatchMotionWriter.swift in Sources */,
				2EF63B2A328D2899F8F365D8 /* TurnConditionFinder.swift in Sources */,
				2EF63602A240241B57A7F997 /* TurningChecker.swift in Sources */,
				2EF63E92B71A89D534098689 /* IdealTurnConditionDetector.swift in Sources */,
				2EF631B49468156B4DAFBDDE /* GarlandChecker.swift in Sources */,
				2EF63391AA1405D93E5F1C02 /* CurrentVelocity.swift in Sources */,
				2EF63E08E31ABA03BEA4C1E2 /* TurnSideChangingPeriodFinder.swift in Sources */,
				2EF636D3F85B058C44C5FAC0 /* TimeStampAndTurnSideDirectionChanged.swift in Sources */,
				2EF635587061705849D6DF1A /* TimeStampAndTurnSideDirectionSide.swift in Sources */,
				2EF63050B5C66F8BA9A15216 /* EvaluationResponder.swift in Sources */,
				2EF63BCE98EADED23EF13297 /* MovingPhase.swift in Sources */,
				2EF6341FFB51AA0E753D86AB /* SkiTurnPhase.swift in Sources */,
				2EF638E910C2202EF0B03D63 /* TurnPhaseProtocol.swift in Sources */,
				2EF636E174019520949CA45F /* MovingPhasesProtocol.swift in Sources */,
				2EF6326215D919BD4AED9F7D /* TurnError.swift in Sources */,
				2EF6390AF3397C50DAB7491A /* SkiTurnPhaseAnalyzer.swift in Sources */,
				2EF6347BBAB51066FE1DC5C2 /* MotionAnalyser.swift in Sources */,
				2EF63D71467DD652BC3C85D7 /* PivotSlipScore.swift in Sources */,
				2EF63308CEBB1EC4EF6BBE16 /* ScoreOfCenterOfMassMoveToFallLineDirectionInTurnEnd.swift in Sources */,
				2EF6344254B370436EFF6AC1 /* ForwardAfterwardBalanceScore.swift in Sources */,
				2EF6363AAD93DEA38BDE2913 /* ScoreOfCenterOfMassMoveToOrthogonalDirectionAgainstFallLineInTurnInitiation.swift in Sources */,
				2EF635E3BC76C0B423AABECA /* MoveStopDiscriminator.swift in Sources */,
				2EF63455FC5D5E76E185DE45 /* ToneOutputUnit.swift in Sources */,
				2EF6367E6F3DCB9B18A304C1 /* MotionFeedBackerImpl.swift in Sources */,
				2EF6309337E0D2256CFCA07D /* OneTurn.swift in Sources */,
				2EF63294AAE30149B8261DDA /* CenterOfMassTurnPhase.swift in Sources */,
				2EF632E2131ACEC2249CA588 /* CenterOfMassUnifiedTurnPhase.swift in Sources */,
				2EF635E61314826BE2202D7F /* ReverceDeviceMotionMaintainXAxis.swift in Sources */,
				2EF630AF71D2370FCA457C30 /* GetAbsoluteRotationRate.swift in Sources */,
				2EF6349DB8388C5CC8570D19 /* TypeAliases.swift in Sources */,
				2EF63D8A7D93A72D2B9A54CF /* SimpleMovingAverage.swift in Sources */,
				2EF63A1B8DA64B39B7A5A45A /* CenterOfMassTurnPhaseCollection.swift in Sources */,
				2EF63B57C6B221362A4C9049 /* SkiTurnPhaseCollection.swift in Sources */,
				2EF639D0CB0F73847AC217F1 /* RightTurn前半Phase.swift in Sources */,
				2EF63D6A68181FCF71A9D716 /* RightTurn後半Phase.swift in Sources */,
				2EF63C2FF02AA06CC85692F8 /* LeftTurn後半Phase.swift in Sources */,
				2EF63066E41541AFD04CF2D8 /* LeftTurn前半Phase.swift in Sources */,
				2EF63AEBC7FC656F12ED2429 /* Switch後ずっとKeepか.swift in Sources */,
				2EF63FC94CADBB46D2648037 /* YawingSideFinder.swift in Sources */,
				2EF63B2C71216B0301DCABCD /* LeftTurn前半内にロールしていっている.swift in Sources */,
				2EF63BB80B7C0D4FE7BD216D /* LeftTurn後半スキーのロール角が起き上がってきている.swift in Sources */,
				2EF634129360B3769285D6A2 /* RightTurn前半スキーが内にロールしていっている.swift in Sources */,
				2EF63B65CAE9543F4C2F51A0 /* RightTurn後半スキーのロール角が起き上がってきている.swift in Sources */,
				2EF63305D5DF074BAB31E48E /* LeftTurn内にスキーが傾いている.swift in Sources */,
				2EF633CBAF24C729C8E944CD /* RightTurn内にスキーが傾いている.swift in Sources */,
				2EF63073D5AAF9D61036BB1D /* CanterOfMassTurnPhaseAnalyzer.swift in Sources */,
				2EF63341EDCA9F63BE736EC0 /* TurnChronologicalPhaseFinder.swift in Sources */,
				2EF636AF54846DC1F651FA09 /* YawRotationRateMovingAverageFinder.swift in Sources */,
				2EF638067456213912610AE5 /* AbsoluteRotationRecordProtocol.swift in Sources */,
				2EF6398909F5052BF57E4D3F /* AbsoluteFallLineAttitudeFinder.swift in Sources */,
				2EF631C538A7A86D965E43DE /* Attitude.swift in Sources */,
			);
			runOnlyForDeploymentPostprocessing = 0;
		};
		BA3C94002722636E007D5325 /* Sources */ = {
			isa = PBXSourcesBuildPhase;
			buildActionMask = 2147483647;
			files = (
				BA3C94092722636E007D5325 /* skiBodyAttitudeTeacheerTests.swift in Sources */,
				2EF63089F090CAC8F3320A3B /* AverageAngleFinder.swift in Sources */,
				2EF634BF428069C49B5461BD /* CurrentTimeCalculatorFromSystemUpTimeAndSystemBootedTime.swift in Sources */,
				2EF63B2956375341C7736D07 /* TowAngleDiffrencial.swift in Sources */,
				2EF631E91B06832CC6CB0BF0 /* MaxAngleFinder.swift in Sources */,
				2EF630FC659F0A28F66A7F3F /* PhysicsConstants.swift in Sources */,
				2EF63FEC9B9772A4296F630C /* AngleShifter.swift in Sources */,
			);
			runOnlyForDeploymentPostprocessing = 0;
		};
		BA3C941F2722636F007D5325 /* Sources */ = {
			isa = PBXSourcesBuildPhase;
			buildActionMask = 2147483647;
			files = (
				BA3C942D2722636F007D5325 /* NotificationController.swift in Sources */,
				BA3C942B2722636F007D5325 /* ContentView.swift in Sources */,
				BA3C94312722636F007D5325 /* ComplicationController.swift in Sources */,
				BAA0A8842728F61600FEDF23 /* PhoneConnector.swift in Sources */,
				BAA0A9E3272C2C3D00FEDF23 /* RecorderController.swift in Sources */,
				BA3C94292722636F007D5325 /* skiBodyAttitudeTeacheerApp.swift in Sources */,
				BA3C942F2722636F007D5325 /* NotificationView.swift in Sources */,
				2EF6386ED99C7899340F1594 /* AverageAngleFinder.swift in Sources */,
				2EF632755FCA6EC12317BC60 /* CurrentTimeCalculatorFromSystemUpTimeAndSystemBootedTime.swift in Sources */,
				2EF63CE8D0FC8D1AD3D4D754 /* TowAngleDiffrencial.swift in Sources */,
				2EF63E6630EDBEF471FD0385 /* MaxAngleFinder.swift in Sources */,
				2EF63325186B89E51CD1E3A6 /* PhysicsConstants.swift in Sources */,
				2EF632587D6D76093850E009 /* AngleShifter.swift in Sources */,
				2EF63999D97DE95FB060616F /* AccelerationForTargetAngle.swift in Sources */,
				2EF63F9BEEF8AE9D352D5A0D /* Attitude.swift in Sources */,
			);
			runOnlyForDeploymentPostprocessing = 0;
		};
		BA3C943927226371007D5325 /* Sources */ = {
			isa = PBXSourcesBuildPhase;
			buildActionMask = 2147483647;
			files = (
				BA3C944227226371007D5325 /* skiBodyAttitudeTeacheer_WatchKit_AppTests.swift in Sources */,
				2EF63688177153659015D292 /* AverageAngleFinder.swift in Sources */,
				2EF636AE20AA511BE00413E1 /* CurrentTimeCalculatorFromSystemUpTimeAndSystemBootedTime.swift in Sources */,
				2EF63040402F834A53FB22C9 /* TowAngleDiffrencial.swift in Sources */,
				2EF63AF15292729142597319 /* MaxAngleFinder.swift in Sources */,
				2EF6347323FFBE625E957D33 /* PhysicsConstants.swift in Sources */,
				2EF63DC674D110C3DDAF9143 /* AngleShifter.swift in Sources */,
			);
			runOnlyForDeploymentPostprocessing = 0;
		};
/* End PBXSourcesBuildPhase section */

/* Begin PBXTargetDependency section */
		BA3C94062722636E007D5325 /* PBXTargetDependency */ = {
			isa = PBXTargetDependency;
			target = BA3C93F32722636B007D5325 /* skiBodyAttitudeTeacheer */;
			targetProxy = BA3C94052722636E007D5325 /* PBXContainerItemProxy */;
		};
		BA3C941B2722636E007D5325 /* PBXTargetDependency */ = {
			isa = PBXTargetDependency;
			target = BA3C94172722636E007D5325 /* skiBodyAttitudeTeacheer WatchKit App */;
			targetProxy = BA3C941A2722636E007D5325 /* PBXContainerItemProxy */;
		};
		BA3C94262722636F007D5325 /* PBXTargetDependency */ = {
			isa = PBXTargetDependency;
			target = BA3C94222722636F007D5325 /* skiBodyAttitudeTeacheer WatchKit Extension */;
			targetProxy = BA3C94252722636F007D5325 /* PBXContainerItemProxy */;
		};
		BA3C943F27226371007D5325 /* PBXTargetDependency */ = {
			isa = PBXTargetDependency;
			target = BA3C94222722636F007D5325 /* skiBodyAttitudeTeacheer WatchKit Extension */;
			targetProxy = BA3C943E27226371007D5325 /* PBXContainerItemProxy */;
		};
/* End PBXTargetDependency section */

/* Begin XCBuildConfiguration section */
		BA3C944F27226371007D5325 /* Debug */ = {
			isa = XCBuildConfiguration;
			buildSettings = {
				ALWAYS_SEARCH_USER_PATHS = NO;
				CLANG_ANALYZER_NONNULL = YES;
				CLANG_ANALYZER_NUMBER_OBJECT_CONVERSION = YES_AGGRESSIVE;
				CLANG_CXX_LANGUAGE_STANDARD = "gnu++17";
				CLANG_CXX_LIBRARY = "libc++";
				CLANG_ENABLE_MODULES = YES;
				CLANG_ENABLE_OBJC_ARC = YES;
				CLANG_ENABLE_OBJC_WEAK = YES;
				CLANG_WARN_BLOCK_CAPTURE_AUTORELEASING = YES;
				CLANG_WARN_BOOL_CONVERSION = YES;
				CLANG_WARN_COMMA = YES;
				CLANG_WARN_CONSTANT_CONVERSION = YES;
				CLANG_WARN_DEPRECATED_OBJC_IMPLEMENTATIONS = YES;
				CLANG_WARN_DIRECT_OBJC_ISA_USAGE = YES_ERROR;
				CLANG_WARN_DOCUMENTATION_COMMENTS = YES;
				CLANG_WARN_EMPTY_BODY = YES;
				CLANG_WARN_ENUM_CONVERSION = YES;
				CLANG_WARN_INFINITE_RECURSION = YES;
				CLANG_WARN_INT_CONVERSION = YES;
				CLANG_WARN_NON_LITERAL_NULL_CONVERSION = YES;
				CLANG_WARN_OBJC_IMPLICIT_RETAIN_SELF = YES;
				CLANG_WARN_OBJC_LITERAL_CONVERSION = YES;
				CLANG_WARN_OBJC_ROOT_CLASS = YES_ERROR;
				CLANG_WARN_QUOTED_INCLUDE_IN_FRAMEWORK_HEADER = YES;
				CLANG_WARN_RANGE_LOOP_ANALYSIS = YES;
				CLANG_WARN_STRICT_PROTOTYPES = YES;
				CLANG_WARN_SUSPICIOUS_MOVE = YES;
				CLANG_WARN_UNGUARDED_AVAILABILITY = YES_AGGRESSIVE;
				CLANG_WARN_UNREACHABLE_CODE = YES;
				CLANG_WARN__DUPLICATE_METHOD_MATCH = YES;
				COPY_PHASE_STRIP = NO;
				DEBUG_INFORMATION_FORMAT = dwarf;
				ENABLE_STRICT_OBJC_MSGSEND = YES;
				ENABLE_TESTABILITY = YES;
				GCC_C_LANGUAGE_STANDARD = gnu11;
				GCC_DYNAMIC_NO_PIC = NO;
				GCC_NO_COMMON_BLOCKS = YES;
				GCC_OPTIMIZATION_LEVEL = 0;
				GCC_PREPROCESSOR_DEFINITIONS = (
					"DEBUG=1",
					"$(inherited)",
				);
				GCC_WARN_64_TO_32_BIT_CONVERSION = YES;
				GCC_WARN_ABOUT_RETURN_TYPE = YES_ERROR;
				GCC_WARN_UNDECLARED_SELECTOR = YES;
				GCC_WARN_UNINITIALIZED_AUTOS = YES_AGGRESSIVE;
				GCC_WARN_UNUSED_FUNCTION = YES;
				GCC_WARN_UNUSED_VARIABLE = YES;
				MTL_ENABLE_DEBUG_INFO = INCLUDE_SOURCE;
				MTL_FAST_MATH = YES;
				ONLY_ACTIVE_ARCH = YES;
				SWIFT_ACTIVE_COMPILATION_CONDITIONS = DEBUG;
				SWIFT_OPTIMIZATION_LEVEL = "-Onone";
			};
			name = Debug;
		};
		BA3C945027226371007D5325 /* Release */ = {
			isa = XCBuildConfiguration;
			buildSettings = {
				ALWAYS_SEARCH_USER_PATHS = NO;
				CLANG_ANALYZER_NONNULL = YES;
				CLANG_ANALYZER_NUMBER_OBJECT_CONVERSION = YES_AGGRESSIVE;
				CLANG_CXX_LANGUAGE_STANDARD = "gnu++17";
				CLANG_CXX_LIBRARY = "libc++";
				CLANG_ENABLE_MODULES = YES;
				CLANG_ENABLE_OBJC_ARC = YES;
				CLANG_ENABLE_OBJC_WEAK = YES;
				CLANG_WARN_BLOCK_CAPTURE_AUTORELEASING = YES;
				CLANG_WARN_BOOL_CONVERSION = YES;
				CLANG_WARN_COMMA = YES;
				CLANG_WARN_CONSTANT_CONVERSION = YES;
				CLANG_WARN_DEPRECATED_OBJC_IMPLEMENTATIONS = YES;
				CLANG_WARN_DIRECT_OBJC_ISA_USAGE = YES_ERROR;
				CLANG_WARN_DOCUMENTATION_COMMENTS = YES;
				CLANG_WARN_EMPTY_BODY = YES;
				CLANG_WARN_ENUM_CONVERSION = YES;
				CLANG_WARN_INFINITE_RECURSION = YES;
				CLANG_WARN_INT_CONVERSION = YES;
				CLANG_WARN_NON_LITERAL_NULL_CONVERSION = YES;
				CLANG_WARN_OBJC_IMPLICIT_RETAIN_SELF = YES;
				CLANG_WARN_OBJC_LITERAL_CONVERSION = YES;
				CLANG_WARN_OBJC_ROOT_CLASS = YES_ERROR;
				CLANG_WARN_QUOTED_INCLUDE_IN_FRAMEWORK_HEADER = YES;
				CLANG_WARN_RANGE_LOOP_ANALYSIS = YES;
				CLANG_WARN_STRICT_PROTOTYPES = YES;
				CLANG_WARN_SUSPICIOUS_MOVE = YES;
				CLANG_WARN_UNGUARDED_AVAILABILITY = YES_AGGRESSIVE;
				CLANG_WARN_UNREACHABLE_CODE = YES;
				CLANG_WARN__DUPLICATE_METHOD_MATCH = YES;
				COPY_PHASE_STRIP = NO;
				DEBUG_INFORMATION_FORMAT = "dwarf-with-dsym";
				ENABLE_NS_ASSERTIONS = NO;
				ENABLE_STRICT_OBJC_MSGSEND = YES;
				GCC_C_LANGUAGE_STANDARD = gnu11;
				GCC_NO_COMMON_BLOCKS = YES;
				GCC_WARN_64_TO_32_BIT_CONVERSION = YES;
				GCC_WARN_ABOUT_RETURN_TYPE = YES_ERROR;
				GCC_WARN_UNDECLARED_SELECTOR = YES;
				GCC_WARN_UNINITIALIZED_AUTOS = YES_AGGRESSIVE;
				GCC_WARN_UNUSED_FUNCTION = YES;
				GCC_WARN_UNUSED_VARIABLE = YES;
				MTL_ENABLE_DEBUG_INFO = NO;
				MTL_FAST_MATH = YES;
				SWIFT_COMPILATION_MODE = wholemodule;
				SWIFT_OPTIMIZATION_LEVEL = "-O";
			};
			name = Release;
		};
		BA3C945227226371007D5325 /* Debug */ = {
			isa = XCBuildConfiguration;
			buildSettings = {
				ASSETCATALOG_COMPILER_COMPLICATION_NAME = Complication;
				CODE_SIGN_STYLE = Automatic;
				CURRENT_PROJECT_VERSION = 1;
				DEVELOPMENT_ASSET_PATHS = "\"skiBodyAttitudeTeacheer WatchKit Extension/Preview Content\"";
				DEVELOPMENT_TEAM = YG69W9J287;
				ENABLE_PREVIEWS = YES;
				GENERATE_INFOPLIST_FILE = YES;
				INFOPLIST_FILE = "skiBodyAttitudeTeacheer WatchKit Extension/Info.plist";
				INFOPLIST_KEY_CFBundleDisplayName = "skiBodyAttitudeTeacheer WatchKit Extension";
				INFOPLIST_KEY_CLKComplicationPrincipalClass = skiBodyAttitudeTeacheer_WatchKit_Extension.ComplicationController;
				INFOPLIST_KEY_NSHumanReadableCopyright = "";
				INFOPLIST_KEY_WKRunsIndependentlyOfCompanionApp = YES;
				LD_RUNPATH_SEARCH_PATHS = (
					"$(inherited)",
					"@executable_path/Frameworks",
					"@executable_path/../../Frameworks",
				);
				MARKETING_VERSION = 1.0;
				PRODUCT_BUNDLE_IDENTIFIER = koyakei.skiBodyAttitudeTeacheer2.watchkitapp.watchkitextension;
				PRODUCT_NAME = "${TARGET_NAME}";
				SDKROOT = watchos;
				SKIP_INSTALL = YES;
				SWIFT_EMIT_LOC_STRINGS = YES;
				SWIFT_VERSION = 5.0;
				TARGETED_DEVICE_FAMILY = 4;
				WATCHOS_DEPLOYMENT_TARGET = 8.0;
			};
			name = Debug;
		};
		BA3C945327226371007D5325 /* Release */ = {
			isa = XCBuildConfiguration;
			buildSettings = {
				ASSETCATALOG_COMPILER_COMPLICATION_NAME = Complication;
				CODE_SIGN_STYLE = Automatic;
				CURRENT_PROJECT_VERSION = 1;
				DEVELOPMENT_ASSET_PATHS = "\"skiBodyAttitudeTeacheer WatchKit Extension/Preview Content\"";
				DEVELOPMENT_TEAM = YG69W9J287;
				ENABLE_PREVIEWS = YES;
				GENERATE_INFOPLIST_FILE = YES;
				INFOPLIST_FILE = "skiBodyAttitudeTeacheer WatchKit Extension/Info.plist";
				INFOPLIST_KEY_CFBundleDisplayName = "skiBodyAttitudeTeacheer WatchKit Extension";
				INFOPLIST_KEY_CLKComplicationPrincipalClass = skiBodyAttitudeTeacheer_WatchKit_Extension.ComplicationController;
				INFOPLIST_KEY_NSHumanReadableCopyright = "";
				INFOPLIST_KEY_WKRunsIndependentlyOfCompanionApp = YES;
				LD_RUNPATH_SEARCH_PATHS = (
					"$(inherited)",
					"@executable_path/Frameworks",
					"@executable_path/../../Frameworks",
				);
				MARKETING_VERSION = 1.0;
				PRODUCT_BUNDLE_IDENTIFIER = koyakei.skiBodyAttitudeTeacheer2.watchkitapp.watchkitextension;
				PRODUCT_NAME = "${TARGET_NAME}";
				SDKROOT = watchos;
				SKIP_INSTALL = YES;
				SWIFT_EMIT_LOC_STRINGS = YES;
				SWIFT_VERSION = 5.0;
				TARGETED_DEVICE_FAMILY = 4;
				VALIDATE_PRODUCT = YES;
				WATCHOS_DEPLOYMENT_TARGET = 8.0;
			};
			name = Release;
		};
		BA3C945627226371007D5325 /* Debug */ = {
			isa = XCBuildConfiguration;
			buildSettings = {
				ALWAYS_EMBED_SWIFT_STANDARD_LIBRARIES = YES;
				ASSETCATALOG_COMPILER_APPICON_NAME = AppIcon;
				ASSETCATALOG_COMPILER_GLOBAL_ACCENT_COLOR_NAME = AccentColor;
				CODE_SIGN_ENTITLEMENTS = "";
				CODE_SIGN_INJECT_BASE_ENTITLEMENTS = NO;
				CODE_SIGN_STYLE = Automatic;
				CURRENT_PROJECT_VERSION = 1;
				DEVELOPMENT_TEAM = YG69W9J287;
				GENERATE_INFOPLIST_FILE = YES;
				IBSC_MODULE = skiBodyAttitudeTeacheer_WatchKit_Extension;
				INFOPLIST_KEY_CFBundleDisplayName = "skiBodyAttitudeTeacheer WatchKit App";
				INFOPLIST_KEY_NSMotionUsageDescription = "";
				INFOPLIST_KEY_UISupportedInterfaceOrientations = "UIInterfaceOrientationPortrait UIInterfaceOrientationPortraitUpsideDown";
				INFOPLIST_KEY_WKCompanionAppBundleIdentifier = koyakei.skiBodyAttitudeTeacheer2;
				MARKETING_VERSION = 1.0;
				PRODUCT_BUNDLE_IDENTIFIER = koyakei.skiBodyAttitudeTeacheer2.watchkitapp;
				PRODUCT_NAME = "$(TARGET_NAME)";
				SDKROOT = watchos;
				SKIP_INSTALL = YES;
				SWIFT_EMIT_LOC_STRINGS = YES;
				SWIFT_VERSION = 5.0;
				TARGETED_DEVICE_FAMILY = 4;
				WATCHOS_DEPLOYMENT_TARGET = 8.0;
			};
			name = Debug;
		};
		BA3C945727226371007D5325 /* Release */ = {
			isa = XCBuildConfiguration;
			buildSettings = {
				ALWAYS_EMBED_SWIFT_STANDARD_LIBRARIES = YES;
				ASSETCATALOG_COMPILER_APPICON_NAME = AppIcon;
				ASSETCATALOG_COMPILER_GLOBAL_ACCENT_COLOR_NAME = AccentColor;
				CODE_SIGN_ENTITLEMENTS = "";
				CODE_SIGN_INJECT_BASE_ENTITLEMENTS = NO;
				CODE_SIGN_STYLE = Automatic;
				CURRENT_PROJECT_VERSION = 1;
				DEVELOPMENT_TEAM = YG69W9J287;
				GENERATE_INFOPLIST_FILE = YES;
				IBSC_MODULE = skiBodyAttitudeTeacheer_WatchKit_Extension;
				INFOPLIST_KEY_CFBundleDisplayName = "skiBodyAttitudeTeacheer WatchKit App";
				INFOPLIST_KEY_NSMotionUsageDescription = "";
				INFOPLIST_KEY_UISupportedInterfaceOrientations = "UIInterfaceOrientationPortrait UIInterfaceOrientationPortraitUpsideDown";
				INFOPLIST_KEY_WKCompanionAppBundleIdentifier = koyakei.skiBodyAttitudeTeacheer2;
				MARKETING_VERSION = 1.0;
				PRODUCT_BUNDLE_IDENTIFIER = koyakei.skiBodyAttitudeTeacheer2.watchkitapp;
				PRODUCT_NAME = "$(TARGET_NAME)";
				SDKROOT = watchos;
				SKIP_INSTALL = YES;
				SWIFT_EMIT_LOC_STRINGS = YES;
				SWIFT_VERSION = 5.0;
				TARGETED_DEVICE_FAMILY = 4;
				VALIDATE_PRODUCT = YES;
				WATCHOS_DEPLOYMENT_TARGET = 8.0;
			};
			name = Release;
		};
		BA3C945A27226371007D5325 /* Debug */ = {
			isa = XCBuildConfiguration;
			buildSettings = {
				ASSETCATALOG_COMPILER_APPICON_NAME = AppIcon;
				ASSETCATALOG_COMPILER_GLOBAL_ACCENT_COLOR_NAME = AccentColor;
				CODE_SIGN_ENTITLEMENTS = "";
				CODE_SIGN_IDENTITY = "Apple Development";
				CODE_SIGN_INJECT_BASE_ENTITLEMENTS = NO;
				CODE_SIGN_STYLE = Automatic;
				CURRENT_PROJECT_VERSION = 1;
				DEVELOPMENT_ASSET_PATHS = "\"skiBodyAttitudeTeacheer/Preview Content\"";
				DEVELOPMENT_TEAM = YG69W9J287;
				ENABLE_PREVIEWS = YES;
				GENERATE_INFOPLIST_FILE = YES;
				INFOPLIST_FILE = skiBodyAttitudeTeacheer/Info.plist;
				INFOPLIST_KEY_NSLocationAlwaysAndWhenInUseUsageDescription = test;
				INFOPLIST_KEY_NSMotionUsageDescription = test;
				INFOPLIST_KEY_NSSensorKitPrivacyPolicyURL = "https://my-site.xyz/privacy-policy/";
				INFOPLIST_KEY_NSSensorKitUsageDescription = "This is my app&apos;s SensorKit usage description.";
				INFOPLIST_KEY_UIApplicationSceneManifest_Generation = YES;
				INFOPLIST_KEY_UIApplicationSupportsIndirectInputEvents = YES;
				INFOPLIST_KEY_UILaunchScreen_Generation = YES;
				INFOPLIST_KEY_UISupportedInterfaceOrientations_iPad = "UIInterfaceOrientationPortrait UIInterfaceOrientationPortraitUpsideDown UIInterfaceOrientationLandscapeLeft UIInterfaceOrientationLandscapeRight";
				INFOPLIST_KEY_UISupportedInterfaceOrientations_iPhone = "UIInterfaceOrientationPortrait UIInterfaceOrientationLandscapeLeft UIInterfaceOrientationLandscapeRight";
				IPHONEOS_DEPLOYMENT_TARGET = 15.0;
				LD_RUNPATH_SEARCH_PATHS = (
					"$(inherited)",
					"@executable_path/Frameworks",
				);
				MARKETING_VERSION = 1.0;
				PRODUCT_BUNDLE_IDENTIFIER = koyakei.skiBodyAttitudeTeacheer2;
				PRODUCT_NAME = "$(TARGET_NAME)";
				PROVISIONING_PROFILE_SPECIFIER = "";
				SDKROOT = iphoneos;
				SWIFT_EMIT_LOC_STRINGS = YES;
				SWIFT_VERSION = 5.0;
				TARGETED_DEVICE_FAMILY = 1;
			};
			name = Debug;
		};
		BA3C945B27226371007D5325 /* Release */ = {
			isa = XCBuildConfiguration;
			buildSettings = {
				ASSETCATALOG_COMPILER_APPICON_NAME = AppIcon;
				ASSETCATALOG_COMPILER_GLOBAL_ACCENT_COLOR_NAME = AccentColor;
				CODE_SIGN_ENTITLEMENTS = "";
				CODE_SIGN_IDENTITY = "Apple Development";
				CODE_SIGN_INJECT_BASE_ENTITLEMENTS = NO;
				CODE_SIGN_STYLE = Automatic;
				CURRENT_PROJECT_VERSION = 1;
				DEVELOPMENT_ASSET_PATHS = "\"skiBodyAttitudeTeacheer/Preview Content\"";
				DEVELOPMENT_TEAM = YG69W9J287;
				ENABLE_PREVIEWS = YES;
				GENERATE_INFOPLIST_FILE = YES;
				INFOPLIST_FILE = skiBodyAttitudeTeacheer/Info.plist;
				INFOPLIST_KEY_NSLocationAlwaysAndWhenInUseUsageDescription = test;
				INFOPLIST_KEY_NSMotionUsageDescription = test;
				INFOPLIST_KEY_NSSensorKitPrivacyPolicyURL = "https://my-site.xyz/privacy-policy/";
				INFOPLIST_KEY_NSSensorKitUsageDescription = "This is my app&apos;s SensorKit usage description.";
				INFOPLIST_KEY_UIApplicationSceneManifest_Generation = YES;
				INFOPLIST_KEY_UIApplicationSupportsIndirectInputEvents = YES;
				INFOPLIST_KEY_UILaunchScreen_Generation = YES;
				INFOPLIST_KEY_UISupportedInterfaceOrientations_iPad = "UIInterfaceOrientationPortrait UIInterfaceOrientationPortraitUpsideDown UIInterfaceOrientationLandscapeLeft UIInterfaceOrientationLandscapeRight";
				INFOPLIST_KEY_UISupportedInterfaceOrientations_iPhone = "UIInterfaceOrientationPortrait UIInterfaceOrientationLandscapeLeft UIInterfaceOrientationLandscapeRight";
				IPHONEOS_DEPLOYMENT_TARGET = 15.0;
				LD_RUNPATH_SEARCH_PATHS = (
					"$(inherited)",
					"@executable_path/Frameworks",
				);
				MARKETING_VERSION = 1.0;
				PRODUCT_BUNDLE_IDENTIFIER = koyakei.skiBodyAttitudeTeacheer2;
				PRODUCT_NAME = "$(TARGET_NAME)";
				PROVISIONING_PROFILE_SPECIFIER = "";
				SDKROOT = iphoneos;
				SWIFT_EMIT_LOC_STRINGS = YES;
				SWIFT_VERSION = 5.0;
				TARGETED_DEVICE_FAMILY = 1;
				VALIDATE_PRODUCT = YES;
			};
			name = Release;
		};
		BA3C945D27226371007D5325 /* Debug */ = {
			isa = XCBuildConfiguration;
			buildSettings = {
				ALWAYS_EMBED_SWIFT_STANDARD_LIBRARIES = YES;
				BUNDLE_LOADER = "$(TEST_HOST)";
				CODE_SIGN_STYLE = Automatic;
				CURRENT_PROJECT_VERSION = 1;
				DEVELOPMENT_TEAM = YG69W9J287;
				GENERATE_INFOPLIST_FILE = YES;
				IPHONEOS_DEPLOYMENT_TARGET = 15.0;
				LD_RUNPATH_SEARCH_PATHS = (
					"$(inherited)",
					"@executable_path/Frameworks",
					"@loader_path/Frameworks",
				);
				MARKETING_VERSION = 1.0;
				PRODUCT_BUNDLE_IDENTIFIER = koyakei.skiBodyAttitudeTeacheerTests;
				PRODUCT_NAME = "$(TARGET_NAME)";
				SDKROOT = iphoneos;
				SWIFT_EMIT_LOC_STRINGS = NO;
				SWIFT_VERSION = 5.0;
				TARGETED_DEVICE_FAMILY = "1,2";
				TEST_HOST = "$(BUILT_PRODUCTS_DIR)/skiBodyAttitudeTeacheer.app/skiBodyAttitudeTeacheer";
			};
			name = Debug;
		};
		BA3C945E27226371007D5325 /* Release */ = {
			isa = XCBuildConfiguration;
			buildSettings = {
				ALWAYS_EMBED_SWIFT_STANDARD_LIBRARIES = YES;
				BUNDLE_LOADER = "$(TEST_HOST)";
				CODE_SIGN_STYLE = Automatic;
				CURRENT_PROJECT_VERSION = 1;
				DEVELOPMENT_TEAM = YG69W9J287;
				GENERATE_INFOPLIST_FILE = YES;
				IPHONEOS_DEPLOYMENT_TARGET = 15.0;
				LD_RUNPATH_SEARCH_PATHS = (
					"$(inherited)",
					"@executable_path/Frameworks",
					"@loader_path/Frameworks",
				);
				MARKETING_VERSION = 1.0;
				PRODUCT_BUNDLE_IDENTIFIER = koyakei.skiBodyAttitudeTeacheerTests;
				PRODUCT_NAME = "$(TARGET_NAME)";
				SDKROOT = iphoneos;
				SWIFT_EMIT_LOC_STRINGS = NO;
				SWIFT_VERSION = 5.0;
				TARGETED_DEVICE_FAMILY = "1,2";
				TEST_HOST = "$(BUILT_PRODUCTS_DIR)/skiBodyAttitudeTeacheer.app/skiBodyAttitudeTeacheer";
				VALIDATE_PRODUCT = YES;
			};
			name = Release;
		};
		BA3C946327226371007D5325 /* Debug */ = {
			isa = XCBuildConfiguration;
			buildSettings = {
				ALWAYS_EMBED_SWIFT_STANDARD_LIBRARIES = YES;
				BUNDLE_LOADER = "$(TEST_HOST)";
				CODE_SIGN_STYLE = Automatic;
				CURRENT_PROJECT_VERSION = 1;
				DEVELOPMENT_TEAM = YG69W9J287;
				GENERATE_INFOPLIST_FILE = YES;
				LD_RUNPATH_SEARCH_PATHS = (
					"$(inherited)",
					"@executable_path/Frameworks",
					"@loader_path/Frameworks",
				);
				MARKETING_VERSION = 1.0;
				PRODUCT_BUNDLE_IDENTIFIER = "koyakei.skiBodyAttitudeTeacheer-WatchKit-AppTests";
				PRODUCT_NAME = "$(TARGET_NAME)";
				SDKROOT = watchos;
				SWIFT_EMIT_LOC_STRINGS = NO;
				SWIFT_VERSION = 5.0;
				TARGETED_DEVICE_FAMILY = 4;
				TEST_HOST = "$(BUILT_PRODUCTS_DIR)/skiBodyAttitudeTeacheer WatchKit Extension.appex/skiBodyAttitudeTeacheer WatchKit Extension";
				WATCHOS_DEPLOYMENT_TARGET = 8.0;
			};
			name = Debug;
		};
		BA3C946427226371007D5325 /* Release */ = {
			isa = XCBuildConfiguration;
			buildSettings = {
				ALWAYS_EMBED_SWIFT_STANDARD_LIBRARIES = YES;
				BUNDLE_LOADER = "$(TEST_HOST)";
				CODE_SIGN_STYLE = Automatic;
				CURRENT_PROJECT_VERSION = 1;
				DEVELOPMENT_TEAM = YG69W9J287;
				GENERATE_INFOPLIST_FILE = YES;
				LD_RUNPATH_SEARCH_PATHS = (
					"$(inherited)",
					"@executable_path/Frameworks",
					"@loader_path/Frameworks",
				);
				MARKETING_VERSION = 1.0;
				PRODUCT_BUNDLE_IDENTIFIER = "koyakei.skiBodyAttitudeTeacheer-WatchKit-AppTests";
				PRODUCT_NAME = "$(TARGET_NAME)";
				SDKROOT = watchos;
				SWIFT_EMIT_LOC_STRINGS = NO;
				SWIFT_VERSION = 5.0;
				TARGETED_DEVICE_FAMILY = 4;
				TEST_HOST = "$(BUILT_PRODUCTS_DIR)/skiBodyAttitudeTeacheer WatchKit Extension.appex/skiBodyAttitudeTeacheer WatchKit Extension";
				VALIDATE_PRODUCT = YES;
				WATCHOS_DEPLOYMENT_TARGET = 8.0;
			};
			name = Release;
		};
/* End XCBuildConfiguration section */

/* Begin XCConfigurationList section */
		BA3C93EF2722636B007D5325 /* Build configuration list for PBXProject "skiBodyAttitudeTeacheer" */ = {
			isa = XCConfigurationList;
			buildConfigurations = (
				BA3C944F27226371007D5325 /* Debug */,
				BA3C945027226371007D5325 /* Release */,
			);
			defaultConfigurationIsVisible = 0;
			defaultConfigurationName = Release;
		};
		BA3C945127226371007D5325 /* Build configuration list for PBXNativeTarget "skiBodyAttitudeTeacheer WatchKit Extension" */ = {
			isa = XCConfigurationList;
			buildConfigurations = (
				BA3C945227226371007D5325 /* Debug */,
				BA3C945327226371007D5325 /* Release */,
			);
			defaultConfigurationIsVisible = 0;
			defaultConfigurationName = Release;
		};
		BA3C945527226371007D5325 /* Build configuration list for PBXNativeTarget "skiBodyAttitudeTeacheer WatchKit App" */ = {
			isa = XCConfigurationList;
			buildConfigurations = (
				BA3C945627226371007D5325 /* Debug */,
				BA3C945727226371007D5325 /* Release */,
			);
			defaultConfigurationIsVisible = 0;
			defaultConfigurationName = Release;
		};
		BA3C945927226371007D5325 /* Build configuration list for PBXNativeTarget "skiBodyAttitudeTeacheer" */ = {
			isa = XCConfigurationList;
			buildConfigurations = (
				BA3C945A27226371007D5325 /* Debug */,
				BA3C945B27226371007D5325 /* Release */,
			);
			defaultConfigurationIsVisible = 0;
			defaultConfigurationName = Release;
		};
		BA3C945C27226371007D5325 /* Build configuration list for PBXNativeTarget "skiBodyAttitudeTeacheerTests" */ = {
			isa = XCConfigurationList;
			buildConfigurations = (
				BA3C945D27226371007D5325 /* Debug */,
				BA3C945E27226371007D5325 /* Release */,
			);
			defaultConfigurationIsVisible = 0;
			defaultConfigurationName = Release;
		};
		BA3C946227226371007D5325 /* Build configuration list for PBXNativeTarget "skiBodyAttitudeTeacheer WatchKit AppTests" */ = {
			isa = XCConfigurationList;
			buildConfigurations = (
				BA3C946327226371007D5325 /* Debug */,
				BA3C946427226371007D5325 /* Release */,
			);
			defaultConfigurationIsVisible = 0;
			defaultConfigurationName = Release;
		};
/* End XCConfigurationList section */
	};
	rootObject = BA3C93EC2722636B007D5325 /* Project object */;
}
